PODS:
  - lottie-ios (2.5.3)
  - Masonry (1.1.0)
  - MBProgressHUD (1.2.0)
  - ReactiveObjC (3.1.1)
  - SDWebImage (5.21.0):
    - SDWebImage/Core (= 5.21.0)
  - SDWebImage/Core (5.21.0)
  - TopStepComKit-Git/ComKit (1.0.0):
    - TopStepComKit-Git/Foundation
  - TopStepComKit-Git/Foundation (1.0.0)
  - TSFoundation (1.0.0):
    - lottie-ios (~> 2.5.3)
    - Masonry
    - MBProgressHUD
    - ReactiveObjC
    - SDWebImage

DEPENDENCIES:
  - TopStepComKit-Git/ComKit
  - TopStepComKit-Git/Foundation
  - TSFoundation (from `/Users/panshi/Desktop/Project/CommonPods/TSFoundation`)

SPEC REPOS:
  https://gitee.com/topstep/podspecs.git:
    - TopStepComKit-Git
  https://github.com/CocoaPods/Specs.git:
    - lottie-ios
    - Masonry
    - MBProgressHUD
    - ReactiveObjC
    - SDWebImage

EXTERNAL SOURCES:
  TSFoundation:
    :path: "/Users/panshi/Desktop/Project/CommonPods/TSFoundation"

SPEC CHECKSUMS:
  lottie-ios: a50d5c0160425cd4b01b852bb9578963e6d92d31
  Masonry: 678fab65091a9290e40e2832a55e7ab731aad201
  MBProgressHUD: 3ee5efcc380f6a79a7cc9b363dd669c5e1ae7406
  ReactiveObjC: 011caa393aa0383245f2dcf9bf02e86b80b36040
  SDWebImage: f84b0feeb08d2d11e6a9b843cb06d75ebf5b8868
  TopStepComKit-Git: 536715e3b1172a215a02d462424b0cdfe098e6f4
  TSFoundation: afd7dad859297fd3f88c27cd3c1d09345912c071

PODFILE CHECKSUM: fe148cb89c5209c587b19619362f388af1ecb3d0

COCOAPODS: 1.16.2
