// !$*UTF8*$!
{
	archiveVersion = 1;
	classes = {
	};
	objectVersion = 46;
	objects = {

/* Begin PBXBuildFile section */
		525478C72DCC544100625119 /* TSSettingVC.m in Sources */ = {isa = PBXBuildFile; fileRef = 525478B42DCC544100625119 /* TSSettingVC.m */; };
		525478C82DCC544100625119 /* TSTemperatureVC.m in Sources */ = {isa = PBXBuildFile; fileRef = 525478A82DCC544100625119 /* TSTemperatureVC.m */; };
		525478C92DCC544100625119 /* TSRemoteControlVC.m in Sources */ = {isa = PBXBuildFile; fileRef = 5254789C2DCC544100625119 /* TSRemoteControlVC.m */; };
		525478CA2DCC544100625119 /* TSBatteryVC.m in Sources */ = {isa = PBXBuildFile; fileRef = 525478AE2DCC544100625119 /* TSBatteryVC.m */; };
		525478CB2DCC544100625119 /* TSFileOTAVC.m in Sources */ = {isa = PBXBuildFile; fileRef = 5254788A2DCC544100625119 /* TSFileOTAVC.m */; };
		525478CC2DCC544100625119 /* TSBloodPressureVC.m in Sources */ = {isa = PBXBuildFile; fileRef = 525478752DCC544100625119 /* TSBloodPressureVC.m */; };
		525478CD2DCC544100625119 /* TSSleepVC.m in Sources */ = {isa = PBXBuildFile; fileRef = 5254789F2DCC544100625119 /* TSSleepVC.m */; };
		525478CE2DCC544100625119 /* TSPeripheralDialVC.m in Sources */ = {isa = PBXBuildFile; fileRef = 525478962DCC544100625119 /* TSPeripheralDialVC.m */; };
		525478CF2DCC544100625119 /* TSUnitVC.m in Sources */ = {isa = PBXBuildFile; fileRef = 525478BA2DCC544100625119 /* TSUnitVC.m */; };
		525478D02DCC544100625119 /* TSDataSyncVC.m in Sources */ = {isa = PBXBuildFile; fileRef = 525478842DCC544100625119 /* TSDataSyncVC.m */; };
		525478D12DCC544100625119 /* TSMessageVC.m in Sources */ = {isa = PBXBuildFile; fileRef = 525478932DCC544100625119 /* TSMessageVC.m */; };
		525478D22DCC544100625119 /* TSBleConnectVC.m in Sources */ = {isa = PBXBuildFile; fileRef = 5254786F2DCC544100625119 /* TSBleConnectVC.m */; };
		525478D32DCC544100625119 /* TSElectrocardioVC.m in Sources */ = {isa = PBXBuildFile; fileRef = 525478872DCC544100625119 /* TSElectrocardioVC.m */; };
		525478D42DCC544100625119 /* TSAppDelegate.m in Sources */ = {isa = PBXBuildFile; fileRef = 5254785C2DCC544100625119 /* TSAppDelegate.m */; };
		525478D52DCC544100625119 /* TSWeatherVC.m in Sources */ = {isa = PBXBuildFile; fileRef = 525478C02DCC544100625119 /* TSWeatherVC.m */; };
		525478D62DCC544100625119 /* TSPeripheralFindVC.m in Sources */ = {isa = PBXBuildFile; fileRef = 525478992DCC544100625119 /* TSPeripheralFindVC.m */; };
		525478D72DCC544100625119 /* TSTakePhotoVC.m in Sources */ = {isa = PBXBuildFile; fileRef = 525478782DCC544100625119 /* TSTakePhotoVC.m */; };
		525478D82DCC544100625119 /* TSActivityMeasureVC.m in Sources */ = {isa = PBXBuildFile; fileRef = 525478692DCC544100625119 /* TSActivityMeasureVC.m */; };
		525478D92DCC544100625119 /* TSSportVC.m in Sources */ = {isa = PBXBuildFile; fileRef = 525478A22DCC544100625119 /* TSSportVC.m */; };
		525478DA2DCC544100625119 /* TSAlarmClockVC.m in Sources */ = {isa = PBXBuildFile; fileRef = 5254786C2DCC544100625119 /* TSAlarmClockVC.m */; };
		525478DB2DCC544100625119 /* TSDailyExerciseGoalVC.m in Sources */ = {isa = PBXBuildFile; fileRef = 525478812DCC544100625119 /* TSDailyExerciseGoalVC.m */; };
		525478DC2DCC544100625119 /* TSViewController.m in Sources */ = {isa = PBXBuildFile; fileRef = 525478C42DCC544100625119 /* TSViewController.m */; };
		525478DD2DCC544100625119 /* TSTableViewCell.m in Sources */ = {isa = PBXBuildFile; fileRef = 525478652DCC544100625119 /* TSTableViewCell.m */; };
		525478DE2DCC544100625119 /* TSValueModel.m in Sources */ = {isa = PBXBuildFile; fileRef = 5254785F2DCC544100625119 /* TSValueModel.m */; };
		525478DF2DCC544100625119 /* TSLanguagesVC.m in Sources */ = {isa = PBXBuildFile; fileRef = 525478902DCC544100625119 /* TSLanguagesVC.m */; };
		525478E02DCC544100625119 /* TSAutoMonitorSettingVC.m in Sources */ = {isa = PBXBuildFile; fileRef = 525478AB2DCC544100625119 /* TSAutoMonitorSettingVC.m */; };
		525478E12DCC544100625119 /* TSReminderVC.m in Sources */ = {isa = PBXBuildFile; fileRef = 525478B12DCC544100625119 /* TSReminderVC.m */; };
		525478E22DCC544100625119 /* TSHearRateVC.m in Sources */ = {isa = PBXBuildFile; fileRef = 5254788D2DCC544100625119 /* TSHearRateVC.m */; };
		525478E32DCC544100625119 /* TSBaseVC.m in Sources */ = {isa = PBXBuildFile; fileRef = 525478622DCC544100625119 /* TSBaseVC.m */; };
		525478E42DCC544100625119 /* TSTimeVC.m in Sources */ = {isa = PBXBuildFile; fileRef = 525478B72DCC544100625119 /* TSTimeVC.m */; };
		525478E52DCC544100625119 /* TSUserInfoVC.m in Sources */ = {isa = PBXBuildFile; fileRef = 525478BD2DCC544100625119 /* TSUserInfoVC.m */; };
		525478E62DCC544100625119 /* TSDailyActivityVC.m in Sources */ = {isa = PBXBuildFile; fileRef = 5254787E2DCC544100625119 /* TSDailyActivityVC.m */; };
		525478E72DCC544100625119 /* TSContactVC.m in Sources */ = {isa = PBXBuildFile; fileRef = 5254787B2DCC544100625119 /* TSContactVC.m */; };
		525478E82DCC544100625119 /* TSBloodOxygenVC.m in Sources */ = {isa = PBXBuildFile; fileRef = 525478722DCC544100625119 /* TSBloodOxygenVC.m */; };
		525478E92DCC544100625119 /* TSStressVC.m in Sources */ = {isa = PBXBuildFile; fileRef = 525478A52DCC544100625119 /* TSStressVC.m */; };
		6003F58E195388D20070C39A /* Foundation.framework in Frameworks */ = {isa = PBXBuildFile; fileRef = 6003F58D195388D20070C39A /* Foundation.framework */; };
		6003F590195388D20070C39A /* CoreGraphics.framework in Frameworks */ = {isa = PBXBuildFile; fileRef = 6003F58F195388D20070C39A /* CoreGraphics.framework */; };
		6003F592195388D20070C39A /* UIKit.framework in Frameworks */ = {isa = PBXBuildFile; fileRef = 6003F591195388D20070C39A /* UIKit.framework */; };
		6003F598195388D20070C39A /* InfoPlist.strings in Resources */ = {isa = PBXBuildFile; fileRef = 6003F596195388D20070C39A /* InfoPlist.strings */; };
		6003F59A195388D20070C39A /* main.m in Sources */ = {isa = PBXBuildFile; fileRef = 6003F599195388D20070C39A /* main.m */; };
		6003F5A9195388D20070C39A /* Images.xcassets in Resources */ = {isa = PBXBuildFile; fileRef = 6003F5A8195388D20070C39A /* Images.xcassets */; };
		6003F5B0195388D20070C39A /* XCTest.framework in Frameworks */ = {isa = PBXBuildFile; fileRef = 6003F5AF195388D20070C39A /* XCTest.framework */; };
		6003F5B1195388D20070C39A /* Foundation.framework in Frameworks */ = {isa = PBXBuildFile; fileRef = 6003F58D195388D20070C39A /* Foundation.framework */; };
		6003F5B2195388D20070C39A /* UIKit.framework in Frameworks */ = {isa = PBXBuildFile; fileRef = 6003F591195388D20070C39A /* UIKit.framework */; };
		6003F5BA195388D20070C39A /* InfoPlist.strings in Resources */ = {isa = PBXBuildFile; fileRef = 6003F5B8195388D20070C39A /* InfoPlist.strings */; };
		6003F5BC195388D20070C39A /* Tests.m in Sources */ = {isa = PBXBuildFile; fileRef = 6003F5BB195388D20070C39A /* Tests.m */; };
		69A73A18E896B52108733F9F /* Pods_TopStepComKit_Git_Example.framework in Frameworks */ = {isa = PBXBuildFile; fileRef = 530505033F477FD3503518FB /* Pods_TopStepComKit_Git_Example.framework */; };
		71719F9F1E33DC2100824A3D /* LaunchScreen.storyboard in Resources */ = {isa = PBXBuildFile; fileRef = 71719F9D1E33DC2100824A3D /* LaunchScreen.storyboard */; };
		7185FF6EA140085DB4D35B64 /* Pods_TopStepComKit_Git_Tests.framework in Frameworks */ = {isa = PBXBuildFile; fileRef = BADC77773B9A196EE1E2DB17 /* Pods_TopStepComKit_Git_Tests.framework */; };
		873B8AEB1B1F5CCA007FD442 /* Main.storyboard in Resources */ = {isa = PBXBuildFile; fileRef = 873B8AEA1B1F5CCA007FD442 /* Main.storyboard */; };
/* End PBXBuildFile section */

/* Begin PBXContainerItemProxy section */
		6003F5B3195388D20070C39A /* PBXContainerItemProxy */ = {
			isa = PBXContainerItemProxy;
			containerPortal = 6003F582195388D10070C39A /* Project object */;
			proxyType = 1;
			remoteGlobalIDString = 6003F589195388D20070C39A;
			remoteInfo = "TopStepComKit-Git";
		};
/* End PBXContainerItemProxy section */

/* Begin PBXFileReference section */
		106A857CA600DB4F072C90EA /* TopStepComKit-Git.podspec */ = {isa = PBXFileReference; includeInIndex = 1; lastKnownFileType = text; name = "TopStepComKit-Git.podspec"; path = "../TopStepComKit-Git.podspec"; sourceTree = "<group>"; xcLanguageSpecificationIdentifier = xcode.lang.ruby; };
		13C687AE8F6224B58DCD2BB0 /* README.md */ = {isa = PBXFileReference; includeInIndex = 1; lastKnownFileType = net.daringfireball.markdown; name = README.md; path = ../README.md; sourceTree = "<group>"; };
		5254785B2DCC544100625119 /* TSAppDelegate.h */ = {isa = PBXFileReference; lastKnownFileType = sourcecode.c.h; path = TSAppDelegate.h; sourceTree = "<group>"; };
		5254785C2DCC544100625119 /* TSAppDelegate.m */ = {isa = PBXFileReference; lastKnownFileType = sourcecode.c.objc; path = TSAppDelegate.m; sourceTree = "<group>"; };
		5254785E2DCC544100625119 /* TSValueModel.h */ = {isa = PBXFileReference; lastKnownFileType = sourcecode.c.h; path = TSValueModel.h; sourceTree = "<group>"; };
		5254785F2DCC544100625119 /* TSValueModel.m */ = {isa = PBXFileReference; lastKnownFileType = sourcecode.c.objc; path = TSValueModel.m; sourceTree = "<group>"; };
		525478612DCC544100625119 /* TSBaseVC.h */ = {isa = PBXFileReference; lastKnownFileType = sourcecode.c.h; path = TSBaseVC.h; sourceTree = "<group>"; };
		525478622DCC544100625119 /* TSBaseVC.m */ = {isa = PBXFileReference; lastKnownFileType = sourcecode.c.objc; path = TSBaseVC.m; sourceTree = "<group>"; };
		525478642DCC544100625119 /* TSTableViewCell.h */ = {isa = PBXFileReference; lastKnownFileType = sourcecode.c.h; path = TSTableViewCell.h; sourceTree = "<group>"; };
		525478652DCC544100625119 /* TSTableViewCell.m */ = {isa = PBXFileReference; lastKnownFileType = sourcecode.c.objc; path = TSTableViewCell.m; sourceTree = "<group>"; };
		525478682DCC544100625119 /* TSActivityMeasureVC.h */ = {isa = PBXFileReference; lastKnownFileType = sourcecode.c.h; path = TSActivityMeasureVC.h; sourceTree = "<group>"; };
		525478692DCC544100625119 /* TSActivityMeasureVC.m */ = {isa = PBXFileReference; lastKnownFileType = sourcecode.c.objc; path = TSActivityMeasureVC.m; sourceTree = "<group>"; };
		5254786B2DCC544100625119 /* TSAlarmClockVC.h */ = {isa = PBXFileReference; lastKnownFileType = sourcecode.c.h; path = TSAlarmClockVC.h; sourceTree = "<group>"; };
		5254786C2DCC544100625119 /* TSAlarmClockVC.m */ = {isa = PBXFileReference; lastKnownFileType = sourcecode.c.objc; path = TSAlarmClockVC.m; sourceTree = "<group>"; };
		5254786E2DCC544100625119 /* TSBleConnectVC.h */ = {isa = PBXFileReference; lastKnownFileType = sourcecode.c.h; path = TSBleConnectVC.h; sourceTree = "<group>"; };
		5254786F2DCC544100625119 /* TSBleConnectVC.m */ = {isa = PBXFileReference; lastKnownFileType = sourcecode.c.objc; path = TSBleConnectVC.m; sourceTree = "<group>"; };
		525478712DCC544100625119 /* TSBloodOxygenVC.h */ = {isa = PBXFileReference; lastKnownFileType = sourcecode.c.h; path = TSBloodOxygenVC.h; sourceTree = "<group>"; };
		525478722DCC544100625119 /* TSBloodOxygenVC.m */ = {isa = PBXFileReference; lastKnownFileType = sourcecode.c.objc; path = TSBloodOxygenVC.m; sourceTree = "<group>"; };
		525478742DCC544100625119 /* TSBloodPressureVC.h */ = {isa = PBXFileReference; lastKnownFileType = sourcecode.c.h; path = TSBloodPressureVC.h; sourceTree = "<group>"; };
		525478752DCC544100625119 /* TSBloodPressureVC.m */ = {isa = PBXFileReference; lastKnownFileType = sourcecode.c.objc; path = TSBloodPressureVC.m; sourceTree = "<group>"; };
		525478772DCC544100625119 /* TSTakePhotoVC.h */ = {isa = PBXFileReference; lastKnownFileType = sourcecode.c.h; path = TSTakePhotoVC.h; sourceTree = "<group>"; };
		525478782DCC544100625119 /* TSTakePhotoVC.m */ = {isa = PBXFileReference; lastKnownFileType = sourcecode.c.objc; path = TSTakePhotoVC.m; sourceTree = "<group>"; };
		5254787A2DCC544100625119 /* TSContactVC.h */ = {isa = PBXFileReference; lastKnownFileType = sourcecode.c.h; path = TSContactVC.h; sourceTree = "<group>"; };
		5254787B2DCC544100625119 /* TSContactVC.m */ = {isa = PBXFileReference; lastKnownFileType = sourcecode.c.objc; path = TSContactVC.m; sourceTree = "<group>"; };
		5254787D2DCC544100625119 /* TSDailyActivityVC.h */ = {isa = PBXFileReference; lastKnownFileType = sourcecode.c.h; path = TSDailyActivityVC.h; sourceTree = "<group>"; };
		5254787E2DCC544100625119 /* TSDailyActivityVC.m */ = {isa = PBXFileReference; lastKnownFileType = sourcecode.c.objc; path = TSDailyActivityVC.m; sourceTree = "<group>"; };
		525478802DCC544100625119 /* TSDailyExerciseGoalVC.h */ = {isa = PBXFileReference; lastKnownFileType = sourcecode.c.h; path = TSDailyExerciseGoalVC.h; sourceTree = "<group>"; };
		525478812DCC544100625119 /* TSDailyExerciseGoalVC.m */ = {isa = PBXFileReference; lastKnownFileType = sourcecode.c.objc; path = TSDailyExerciseGoalVC.m; sourceTree = "<group>"; };
		525478832DCC544100625119 /* TSDataSyncVC.h */ = {isa = PBXFileReference; lastKnownFileType = sourcecode.c.h; path = TSDataSyncVC.h; sourceTree = "<group>"; };
		525478842DCC544100625119 /* TSDataSyncVC.m */ = {isa = PBXFileReference; lastKnownFileType = sourcecode.c.objc; path = TSDataSyncVC.m; sourceTree = "<group>"; };
		525478862DCC544100625119 /* TSElectrocardioVC.h */ = {isa = PBXFileReference; lastKnownFileType = sourcecode.c.h; path = TSElectrocardioVC.h; sourceTree = "<group>"; };
		525478872DCC544100625119 /* TSElectrocardioVC.m */ = {isa = PBXFileReference; lastKnownFileType = sourcecode.c.objc; path = TSElectrocardioVC.m; sourceTree = "<group>"; };
		525478892DCC544100625119 /* TSFileOTAVC.h */ = {isa = PBXFileReference; lastKnownFileType = sourcecode.c.h; path = TSFileOTAVC.h; sourceTree = "<group>"; };
		5254788A2DCC544100625119 /* TSFileOTAVC.m */ = {isa = PBXFileReference; lastKnownFileType = sourcecode.c.objc; path = TSFileOTAVC.m; sourceTree = "<group>"; };
		5254788C2DCC544100625119 /* TSHearRateVC.h */ = {isa = PBXFileReference; lastKnownFileType = sourcecode.c.h; path = TSHearRateVC.h; sourceTree = "<group>"; };
		5254788D2DCC544100625119 /* TSHearRateVC.m */ = {isa = PBXFileReference; lastKnownFileType = sourcecode.c.objc; path = TSHearRateVC.m; sourceTree = "<group>"; };
		5254788F2DCC544100625119 /* TSLanguagesVC.h */ = {isa = PBXFileReference; lastKnownFileType = sourcecode.c.h; path = TSLanguagesVC.h; sourceTree = "<group>"; };
		525478902DCC544100625119 /* TSLanguagesVC.m */ = {isa = PBXFileReference; lastKnownFileType = sourcecode.c.objc; path = TSLanguagesVC.m; sourceTree = "<group>"; };
		525478922DCC544100625119 /* TSMessageVC.h */ = {isa = PBXFileReference; lastKnownFileType = sourcecode.c.h; path = TSMessageVC.h; sourceTree = "<group>"; };
		525478932DCC544100625119 /* TSMessageVC.m */ = {isa = PBXFileReference; lastKnownFileType = sourcecode.c.objc; path = TSMessageVC.m; sourceTree = "<group>"; };
		525478952DCC544100625119 /* TSPeripheralDialVC.h */ = {isa = PBXFileReference; lastKnownFileType = sourcecode.c.h; path = TSPeripheralDialVC.h; sourceTree = "<group>"; };
		525478962DCC544100625119 /* TSPeripheralDialVC.m */ = {isa = PBXFileReference; lastKnownFileType = sourcecode.c.objc; path = TSPeripheralDialVC.m; sourceTree = "<group>"; };
		525478982DCC544100625119 /* TSPeripheralFindVC.h */ = {isa = PBXFileReference; lastKnownFileType = sourcecode.c.h; path = TSPeripheralFindVC.h; sourceTree = "<group>"; };
		525478992DCC544100625119 /* TSPeripheralFindVC.m */ = {isa = PBXFileReference; lastKnownFileType = sourcecode.c.objc; path = TSPeripheralFindVC.m; sourceTree = "<group>"; };
		5254789B2DCC544100625119 /* TSRemoteControlVC.h */ = {isa = PBXFileReference; lastKnownFileType = sourcecode.c.h; path = TSRemoteControlVC.h; sourceTree = "<group>"; };
		5254789C2DCC544100625119 /* TSRemoteControlVC.m */ = {isa = PBXFileReference; lastKnownFileType = sourcecode.c.objc; path = TSRemoteControlVC.m; sourceTree = "<group>"; };
		5254789E2DCC544100625119 /* TSSleepVC.h */ = {isa = PBXFileReference; lastKnownFileType = sourcecode.c.h; path = TSSleepVC.h; sourceTree = "<group>"; };
		5254789F2DCC544100625119 /* TSSleepVC.m */ = {isa = PBXFileReference; lastKnownFileType = sourcecode.c.objc; path = TSSleepVC.m; sourceTree = "<group>"; };
		525478A12DCC544100625119 /* TSSportVC.h */ = {isa = PBXFileReference; lastKnownFileType = sourcecode.c.h; path = TSSportVC.h; sourceTree = "<group>"; };
		525478A22DCC544100625119 /* TSSportVC.m */ = {isa = PBXFileReference; lastKnownFileType = sourcecode.c.objc; path = TSSportVC.m; sourceTree = "<group>"; };
		525478A42DCC544100625119 /* TSStressVC.h */ = {isa = PBXFileReference; lastKnownFileType = sourcecode.c.h; path = TSStressVC.h; sourceTree = "<group>"; };
		525478A52DCC544100625119 /* TSStressVC.m */ = {isa = PBXFileReference; lastKnownFileType = sourcecode.c.objc; path = TSStressVC.m; sourceTree = "<group>"; };
		525478A72DCC544100625119 /* TSTemperatureVC.h */ = {isa = PBXFileReference; lastKnownFileType = sourcecode.c.h; path = TSTemperatureVC.h; sourceTree = "<group>"; };
		525478A82DCC544100625119 /* TSTemperatureVC.m */ = {isa = PBXFileReference; lastKnownFileType = sourcecode.c.objc; path = TSTemperatureVC.m; sourceTree = "<group>"; };
		525478AA2DCC544100625119 /* TSAutoMonitorSettingVC.h */ = {isa = PBXFileReference; lastKnownFileType = sourcecode.c.h; path = TSAutoMonitorSettingVC.h; sourceTree = "<group>"; };
		525478AB2DCC544100625119 /* TSAutoMonitorSettingVC.m */ = {isa = PBXFileReference; lastKnownFileType = sourcecode.c.objc; path = TSAutoMonitorSettingVC.m; sourceTree = "<group>"; };
		525478AD2DCC544100625119 /* TSBatteryVC.h */ = {isa = PBXFileReference; lastKnownFileType = sourcecode.c.h; path = TSBatteryVC.h; sourceTree = "<group>"; };
		525478AE2DCC544100625119 /* TSBatteryVC.m */ = {isa = PBXFileReference; lastKnownFileType = sourcecode.c.objc; path = TSBatteryVC.m; sourceTree = "<group>"; };
		525478B02DCC544100625119 /* TSReminderVC.h */ = {isa = PBXFileReference; lastKnownFileType = sourcecode.c.h; path = TSReminderVC.h; sourceTree = "<group>"; };
		525478B12DCC544100625119 /* TSReminderVC.m */ = {isa = PBXFileReference; lastKnownFileType = sourcecode.c.objc; path = TSReminderVC.m; sourceTree = "<group>"; };
		525478B32DCC544100625119 /* TSSettingVC.h */ = {isa = PBXFileReference; lastKnownFileType = sourcecode.c.h; path = TSSettingVC.h; sourceTree = "<group>"; };
		525478B42DCC544100625119 /* TSSettingVC.m */ = {isa = PBXFileReference; lastKnownFileType = sourcecode.c.objc; path = TSSettingVC.m; sourceTree = "<group>"; };
		525478B62DCC544100625119 /* TSTimeVC.h */ = {isa = PBXFileReference; lastKnownFileType = sourcecode.c.h; path = TSTimeVC.h; sourceTree = "<group>"; };
		525478B72DCC544100625119 /* TSTimeVC.m */ = {isa = PBXFileReference; lastKnownFileType = sourcecode.c.objc; path = TSTimeVC.m; sourceTree = "<group>"; };
		525478B92DCC544100625119 /* TSUnitVC.h */ = {isa = PBXFileReference; lastKnownFileType = sourcecode.c.h; path = TSUnitVC.h; sourceTree = "<group>"; };
		525478BA2DCC544100625119 /* TSUnitVC.m */ = {isa = PBXFileReference; lastKnownFileType = sourcecode.c.objc; path = TSUnitVC.m; sourceTree = "<group>"; };
		525478BC2DCC544100625119 /* TSUserInfoVC.h */ = {isa = PBXFileReference; lastKnownFileType = sourcecode.c.h; path = TSUserInfoVC.h; sourceTree = "<group>"; };
		525478BD2DCC544100625119 /* TSUserInfoVC.m */ = {isa = PBXFileReference; lastKnownFileType = sourcecode.c.objc; path = TSUserInfoVC.m; sourceTree = "<group>"; };
		525478BF2DCC544100625119 /* TSWeatherVC.h */ = {isa = PBXFileReference; lastKnownFileType = sourcecode.c.h; path = TSWeatherVC.h; sourceTree = "<group>"; };
		525478C02DCC544100625119 /* TSWeatherVC.m */ = {isa = PBXFileReference; lastKnownFileType = sourcecode.c.objc; path = TSWeatherVC.m; sourceTree = "<group>"; };
		525478C32DCC544100625119 /* TSViewController.h */ = {isa = PBXFileReference; lastKnownFileType = sourcecode.c.h; path = TSViewController.h; sourceTree = "<group>"; };
		525478C42DCC544100625119 /* TSViewController.m */ = {isa = PBXFileReference; lastKnownFileType = sourcecode.c.objc; path = TSViewController.m; sourceTree = "<group>"; };
		530505033F477FD3503518FB /* Pods_TopStepComKit_Git_Example.framework */ = {isa = PBXFileReference; explicitFileType = wrapper.framework; includeInIndex = 0; path = Pods_TopStepComKit_Git_Example.framework; sourceTree = BUILT_PRODUCTS_DIR; };
		6003F58A195388D20070C39A /* TopStepComKit-Git_Example.app */ = {isa = PBXFileReference; explicitFileType = wrapper.application; includeInIndex = 0; path = "TopStepComKit-Git_Example.app"; sourceTree = BUILT_PRODUCTS_DIR; };
		6003F58D195388D20070C39A /* Foundation.framework */ = {isa = PBXFileReference; lastKnownFileType = wrapper.framework; name = Foundation.framework; path = System/Library/Frameworks/Foundation.framework; sourceTree = SDKROOT; };
		6003F58F195388D20070C39A /* CoreGraphics.framework */ = {isa = PBXFileReference; lastKnownFileType = wrapper.framework; name = CoreGraphics.framework; path = System/Library/Frameworks/CoreGraphics.framework; sourceTree = SDKROOT; };
		6003F591195388D20070C39A /* UIKit.framework */ = {isa = PBXFileReference; lastKnownFileType = wrapper.framework; name = UIKit.framework; path = System/Library/Frameworks/UIKit.framework; sourceTree = SDKROOT; };
		6003F595195388D20070C39A /* TopStepComKit-Git-Info.plist */ = {isa = PBXFileReference; lastKnownFileType = text.plist.xml; path = "TopStepComKit-Git-Info.plist"; sourceTree = "<group>"; };
		6003F597195388D20070C39A /* en */ = {isa = PBXFileReference; lastKnownFileType = text.plist.strings; name = en; path = en.lproj/InfoPlist.strings; sourceTree = "<group>"; };
		6003F599195388D20070C39A /* main.m */ = {isa = PBXFileReference; lastKnownFileType = sourcecode.c.objc; path = main.m; sourceTree = "<group>"; };
		6003F59B195388D20070C39A /* TopStepComKit-Git-Prefix.pch */ = {isa = PBXFileReference; lastKnownFileType = sourcecode.c.h; path = "TopStepComKit-Git-Prefix.pch"; sourceTree = "<group>"; };
		6003F5A8195388D20070C39A /* Images.xcassets */ = {isa = PBXFileReference; lastKnownFileType = folder.assetcatalog; path = Images.xcassets; sourceTree = "<group>"; };
		6003F5AE195388D20070C39A /* TopStepComKit-Git_Tests.xctest */ = {isa = PBXFileReference; explicitFileType = wrapper.cfbundle; includeInIndex = 0; path = "TopStepComKit-Git_Tests.xctest"; sourceTree = BUILT_PRODUCTS_DIR; };
		6003F5AF195388D20070C39A /* XCTest.framework */ = {isa = PBXFileReference; lastKnownFileType = wrapper.framework; name = XCTest.framework; path = Library/Frameworks/XCTest.framework; sourceTree = DEVELOPER_DIR; };
		6003F5B7195388D20070C39A /* Tests-Info.plist */ = {isa = PBXFileReference; lastKnownFileType = text.plist.xml; path = "Tests-Info.plist"; sourceTree = "<group>"; };
		6003F5B9195388D20070C39A /* en */ = {isa = PBXFileReference; lastKnownFileType = text.plist.strings; name = en; path = en.lproj/InfoPlist.strings; sourceTree = "<group>"; };
		6003F5BB195388D20070C39A /* Tests.m */ = {isa = PBXFileReference; lastKnownFileType = sourcecode.c.objc; path = Tests.m; sourceTree = "<group>"; };
		606FC2411953D9B200FFA9A0 /* Tests-Prefix.pch */ = {isa = PBXFileReference; lastKnownFileType = sourcecode.c.h; path = "Tests-Prefix.pch"; sourceTree = "<group>"; };
		71719F9E1E33DC2100824A3D /* Base */ = {isa = PBXFileReference; lastKnownFileType = file.storyboard; name = Base; path = Base.lproj/LaunchScreen.storyboard; sourceTree = "<group>"; };
		873B8AEA1B1F5CCA007FD442 /* Main.storyboard */ = {isa = PBXFileReference; fileEncoding = 4; lastKnownFileType = file.storyboard; name = Main.storyboard; path = Base.lproj/Main.storyboard; sourceTree = "<group>"; };
		9CEDBB25BEC9415365FC889B /* Pods-TopStepComKit-Git_Tests.debug.xcconfig */ = {isa = PBXFileReference; includeInIndex = 1; lastKnownFileType = text.xcconfig; name = "Pods-TopStepComKit-Git_Tests.debug.xcconfig"; path = "Target Support Files/Pods-TopStepComKit-Git_Tests/Pods-TopStepComKit-Git_Tests.debug.xcconfig"; sourceTree = "<group>"; };
		ABEC47D51761E746301ADADD /* Pods-TopStepComKit-Git_Example.debug.xcconfig */ = {isa = PBXFileReference; includeInIndex = 1; lastKnownFileType = text.xcconfig; name = "Pods-TopStepComKit-Git_Example.debug.xcconfig"; path = "Target Support Files/Pods-TopStepComKit-Git_Example/Pods-TopStepComKit-Git_Example.debug.xcconfig"; sourceTree = "<group>"; };
		AF715EB562EA2E6588D07789 /* LICENSE */ = {isa = PBXFileReference; includeInIndex = 1; lastKnownFileType = text; name = LICENSE; path = ../LICENSE; sourceTree = "<group>"; };
		BADC77773B9A196EE1E2DB17 /* Pods_TopStepComKit_Git_Tests.framework */ = {isa = PBXFileReference; explicitFileType = wrapper.framework; includeInIndex = 0; path = Pods_TopStepComKit_Git_Tests.framework; sourceTree = BUILT_PRODUCTS_DIR; };
		ECFB937E6D41382E17406D77 /* Pods-TopStepComKit-Git_Tests.release.xcconfig */ = {isa = PBXFileReference; includeInIndex = 1; lastKnownFileType = text.xcconfig; name = "Pods-TopStepComKit-Git_Tests.release.xcconfig"; path = "Target Support Files/Pods-TopStepComKit-Git_Tests/Pods-TopStepComKit-Git_Tests.release.xcconfig"; sourceTree = "<group>"; };
		FBFBDD4490E275ED7FC0023C /* Pods-TopStepComKit-Git_Example.release.xcconfig */ = {isa = PBXFileReference; includeInIndex = 1; lastKnownFileType = text.xcconfig; name = "Pods-TopStepComKit-Git_Example.release.xcconfig"; path = "Target Support Files/Pods-TopStepComKit-Git_Example/Pods-TopStepComKit-Git_Example.release.xcconfig"; sourceTree = "<group>"; };
/* End PBXFileReference section */

/* Begin PBXFrameworksBuildPhase section */
		6003F587195388D20070C39A /* Frameworks */ = {
			isa = PBXFrameworksBuildPhase;
			buildActionMask = 2147483647;
			files = (
				6003F590195388D20070C39A /* CoreGraphics.framework in Frameworks */,
				6003F592195388D20070C39A /* UIKit.framework in Frameworks */,
				6003F58E195388D20070C39A /* Foundation.framework in Frameworks */,
				69A73A18E896B52108733F9F /* Pods_TopStepComKit_Git_Example.framework in Frameworks */,
			);
			runOnlyForDeploymentPostprocessing = 0;
		};
		6003F5AB195388D20070C39A /* Frameworks */ = {
			isa = PBXFrameworksBuildPhase;
			buildActionMask = 2147483647;
			files = (
				6003F5B0195388D20070C39A /* XCTest.framework in Frameworks */,
				6003F5B2195388D20070C39A /* UIKit.framework in Frameworks */,
				6003F5B1195388D20070C39A /* Foundation.framework in Frameworks */,
				7185FF6EA140085DB4D35B64 /* Pods_TopStepComKit_Git_Tests.framework in Frameworks */,
			);
			runOnlyForDeploymentPostprocessing = 0;
		};
/* End PBXFrameworksBuildPhase section */

/* Begin PBXGroup section */
		5254785D2DCC544100625119 /* AppDelegate */ = {
			isa = PBXGroup;
			children = (
				5254785B2DCC544100625119 /* TSAppDelegate.h */,
				5254785C2DCC544100625119 /* TSAppDelegate.m */,
			);
			path = AppDelegate;
			sourceTree = "<group>";
		};
		525478602DCC544100625119 /* Model */ = {
			isa = PBXGroup;
			children = (
				5254785E2DCC544100625119 /* TSValueModel.h */,
				5254785F2DCC544100625119 /* TSValueModel.m */,
			);
			path = Model;
			sourceTree = "<group>";
		};
		525478632DCC544100625119 /* VC */ = {
			isa = PBXGroup;
			children = (
				525478612DCC544100625119 /* TSBaseVC.h */,
				525478622DCC544100625119 /* TSBaseVC.m */,
			);
			path = VC;
			sourceTree = "<group>";
		};
		525478662DCC544100625119 /* View */ = {
			isa = PBXGroup;
			children = (
				525478642DCC544100625119 /* TSTableViewCell.h */,
				525478652DCC544100625119 /* TSTableViewCell.m */,
			);
			path = View;
			sourceTree = "<group>";
		};
		525478672DCC544100625119 /* BaseVC */ = {
			isa = PBXGroup;
			children = (
				525478602DCC544100625119 /* Model */,
				525478632DCC544100625119 /* VC */,
				525478662DCC544100625119 /* View */,
			);
			path = BaseVC;
			sourceTree = "<group>";
		};
		5254786A2DCC544100625119 /* ActivityMeasure */ = {
			isa = PBXGroup;
			children = (
				525478682DCC544100625119 /* TSActivityMeasureVC.h */,
				525478692DCC544100625119 /* TSActivityMeasureVC.m */,
			);
			path = ActivityMeasure;
			sourceTree = "<group>";
		};
		5254786D2DCC544100625119 /* AlarmClock */ = {
			isa = PBXGroup;
			children = (
				5254786B2DCC544100625119 /* TSAlarmClockVC.h */,
				5254786C2DCC544100625119 /* TSAlarmClockVC.m */,
			);
			path = AlarmClock;
			sourceTree = "<group>";
		};
		525478702DCC544100625119 /* BleConnect */ = {
			isa = PBXGroup;
			children = (
				5254786E2DCC544100625119 /* TSBleConnectVC.h */,
				5254786F2DCC544100625119 /* TSBleConnectVC.m */,
			);
			path = BleConnect;
			sourceTree = "<group>";
		};
		525478732DCC544100625119 /* BloodOxygen */ = {
			isa = PBXGroup;
			children = (
				525478712DCC544100625119 /* TSBloodOxygenVC.h */,
				525478722DCC544100625119 /* TSBloodOxygenVC.m */,
			);
			path = BloodOxygen;
			sourceTree = "<group>";
		};
		525478762DCC544100625119 /* BloodPressure */ = {
			isa = PBXGroup;
			children = (
				525478742DCC544100625119 /* TSBloodPressureVC.h */,
				525478752DCC544100625119 /* TSBloodPressureVC.m */,
			);
			path = BloodPressure;
			sourceTree = "<group>";
		};
		525478792DCC544100625119 /* CameraTakePhoto */ = {
			isa = PBXGroup;
			children = (
				525478772DCC544100625119 /* TSTakePhotoVC.h */,
				525478782DCC544100625119 /* TSTakePhotoVC.m */,
			);
			path = CameraTakePhoto;
			sourceTree = "<group>";
		};
		5254787C2DCC544100625119 /* Contact */ = {
			isa = PBXGroup;
			children = (
				5254787A2DCC544100625119 /* TSContactVC.h */,
				5254787B2DCC544100625119 /* TSContactVC.m */,
			);
			path = Contact;
			sourceTree = "<group>";
		};
		5254787F2DCC544100625119 /* DailyActivity */ = {
			isa = PBXGroup;
			children = (
				5254787D2DCC544100625119 /* TSDailyActivityVC.h */,
				5254787E2DCC544100625119 /* TSDailyActivityVC.m */,
			);
			path = DailyActivity;
			sourceTree = "<group>";
		};
		525478822DCC544100625119 /* DailyExerciseGoal */ = {
			isa = PBXGroup;
			children = (
				525478802DCC544100625119 /* TSDailyExerciseGoalVC.h */,
				525478812DCC544100625119 /* TSDailyExerciseGoalVC.m */,
			);
			path = DailyExerciseGoal;
			sourceTree = "<group>";
		};
		525478852DCC544100625119 /* DataSync */ = {
			isa = PBXGroup;
			children = (
				525478832DCC544100625119 /* TSDataSyncVC.h */,
				525478842DCC544100625119 /* TSDataSyncVC.m */,
			);
			path = DataSync;
			sourceTree = "<group>";
		};
		525478882DCC544100625119 /* Electrocardio */ = {
			isa = PBXGroup;
			children = (
				525478862DCC544100625119 /* TSElectrocardioVC.h */,
				525478872DCC544100625119 /* TSElectrocardioVC.m */,
			);
			path = Electrocardio;
			sourceTree = "<group>";
		};
		5254788B2DCC544100625119 /* FileOTA */ = {
			isa = PBXGroup;
			children = (
				525478892DCC544100625119 /* TSFileOTAVC.h */,
				5254788A2DCC544100625119 /* TSFileOTAVC.m */,
			);
			path = FileOTA;
			sourceTree = "<group>";
		};
		5254788E2DCC544100625119 /* HearRate */ = {
			isa = PBXGroup;
			children = (
				5254788C2DCC544100625119 /* TSHearRateVC.h */,
				5254788D2DCC544100625119 /* TSHearRateVC.m */,
			);
			path = HearRate;
			sourceTree = "<group>";
		};
		525478912DCC544100625119 /* Languages */ = {
			isa = PBXGroup;
			children = (
				5254788F2DCC544100625119 /* TSLanguagesVC.h */,
				525478902DCC544100625119 /* TSLanguagesVC.m */,
			);
			path = Languages;
			sourceTree = "<group>";
		};
		525478942DCC544100625119 /* Message */ = {
			isa = PBXGroup;
			children = (
				525478922DCC544100625119 /* TSMessageVC.h */,
				525478932DCC544100625119 /* TSMessageVC.m */,
			);
			path = Message;
			sourceTree = "<group>";
		};
		525478972DCC544100625119 /* PeripheralDial */ = {
			isa = PBXGroup;
			children = (
				525478952DCC544100625119 /* TSPeripheralDialVC.h */,
				525478962DCC544100625119 /* TSPeripheralDialVC.m */,
			);
			path = PeripheralDial;
			sourceTree = "<group>";
		};
		5254789A2DCC544100625119 /* PeripheralFind */ = {
			isa = PBXGroup;
			children = (
				525478982DCC544100625119 /* TSPeripheralFindVC.h */,
				525478992DCC544100625119 /* TSPeripheralFindVC.m */,
			);
			path = PeripheralFind;
			sourceTree = "<group>";
		};
		5254789D2DCC544100625119 /* RemoteControl */ = {
			isa = PBXGroup;
			children = (
				5254789B2DCC544100625119 /* TSRemoteControlVC.h */,
				5254789C2DCC544100625119 /* TSRemoteControlVC.m */,
			);
			path = RemoteControl;
			sourceTree = "<group>";
		};
		525478A02DCC544100625119 /* Sleep */ = {
			isa = PBXGroup;
			children = (
				5254789E2DCC544100625119 /* TSSleepVC.h */,
				5254789F2DCC544100625119 /* TSSleepVC.m */,
			);
			path = Sleep;
			sourceTree = "<group>";
		};
		525478A32DCC544100625119 /* Sport */ = {
			isa = PBXGroup;
			children = (
				525478A12DCC544100625119 /* TSSportVC.h */,
				525478A22DCC544100625119 /* TSSportVC.m */,
			);
			path = Sport;
			sourceTree = "<group>";
		};
		525478A62DCC544100625119 /* Stress */ = {
			isa = PBXGroup;
			children = (
				525478A42DCC544100625119 /* TSStressVC.h */,
				525478A52DCC544100625119 /* TSStressVC.m */,
			);
			path = Stress;
			sourceTree = "<group>";
		};
		525478A92DCC544100625119 /* Temperature */ = {
			isa = PBXGroup;
			children = (
				525478A72DCC544100625119 /* TSTemperatureVC.h */,
				525478A82DCC544100625119 /* TSTemperatureVC.m */,
			);
			path = Temperature;
			sourceTree = "<group>";
		};
		525478AC2DCC544100625119 /* TSAutoMonitorSetting */ = {
			isa = PBXGroup;
			children = (
				525478AA2DCC544100625119 /* TSAutoMonitorSettingVC.h */,
				525478AB2DCC544100625119 /* TSAutoMonitorSettingVC.m */,
			);
			path = TSAutoMonitorSetting;
			sourceTree = "<group>";
		};
		525478AF2DCC544100625119 /* TSBattery */ = {
			isa = PBXGroup;
			children = (
				525478AD2DCC544100625119 /* TSBatteryVC.h */,
				525478AE2DCC544100625119 /* TSBatteryVC.m */,
			);
			path = TSBattery;
			sourceTree = "<group>";
		};
		525478B22DCC544100625119 /* TSReminder */ = {
			isa = PBXGroup;
			children = (
				525478B02DCC544100625119 /* TSReminderVC.h */,
				525478B12DCC544100625119 /* TSReminderVC.m */,
			);
			path = TSReminder;
			sourceTree = "<group>";
		};
		525478B52DCC544100625119 /* TSSetting */ = {
			isa = PBXGroup;
			children = (
				525478B32DCC544100625119 /* TSSettingVC.h */,
				525478B42DCC544100625119 /* TSSettingVC.m */,
			);
			path = TSSetting;
			sourceTree = "<group>";
		};
		525478B82DCC544100625119 /* TSTime */ = {
			isa = PBXGroup;
			children = (
				525478B62DCC544100625119 /* TSTimeVC.h */,
				525478B72DCC544100625119 /* TSTimeVC.m */,
			);
			path = TSTime;
			sourceTree = "<group>";
		};
		525478BB2DCC544100625119 /* TSUnit */ = {
			isa = PBXGroup;
			children = (
				525478B92DCC544100625119 /* TSUnitVC.h */,
				525478BA2DCC544100625119 /* TSUnitVC.m */,
			);
			path = TSUnit;
			sourceTree = "<group>";
		};
		525478BE2DCC544100625119 /* UserInfo */ = {
			isa = PBXGroup;
			children = (
				525478BC2DCC544100625119 /* TSUserInfoVC.h */,
				525478BD2DCC544100625119 /* TSUserInfoVC.m */,
			);
			path = UserInfo;
			sourceTree = "<group>";
		};
		525478C12DCC544100625119 /* Weather */ = {
			isa = PBXGroup;
			children = (
				525478BF2DCC544100625119 /* TSWeatherVC.h */,
				525478C02DCC544100625119 /* TSWeatherVC.m */,
			);
			path = Weather;
			sourceTree = "<group>";
		};
		525478C22DCC544100625119 /* Functions */ = {
			isa = PBXGroup;
			children = (
				5254786A2DCC544100625119 /* ActivityMeasure */,
				5254786D2DCC544100625119 /* AlarmClock */,
				525478702DCC544100625119 /* BleConnect */,
				525478732DCC544100625119 /* BloodOxygen */,
				525478762DCC544100625119 /* BloodPressure */,
				525478792DCC544100625119 /* CameraTakePhoto */,
				5254787C2DCC544100625119 /* Contact */,
				5254787F2DCC544100625119 /* DailyActivity */,
				525478822DCC544100625119 /* DailyExerciseGoal */,
				525478852DCC544100625119 /* DataSync */,
				525478882DCC544100625119 /* Electrocardio */,
				5254788B2DCC544100625119 /* FileOTA */,
				5254788E2DCC544100625119 /* HearRate */,
				525478912DCC544100625119 /* Languages */,
				525478942DCC544100625119 /* Message */,
				525478972DCC544100625119 /* PeripheralDial */,
				5254789A2DCC544100625119 /* PeripheralFind */,
				5254789D2DCC544100625119 /* RemoteControl */,
				525478A02DCC544100625119 /* Sleep */,
				525478A32DCC544100625119 /* Sport */,
				525478A62DCC544100625119 /* Stress */,
				525478A92DCC544100625119 /* Temperature */,
				525478AC2DCC544100625119 /* TSAutoMonitorSetting */,
				525478AF2DCC544100625119 /* TSBattery */,
				525478B22DCC544100625119 /* TSReminder */,
				525478B52DCC544100625119 /* TSSetting */,
				525478B82DCC544100625119 /* TSTime */,
				525478BB2DCC544100625119 /* TSUnit */,
				525478BE2DCC544100625119 /* UserInfo */,
				525478C12DCC544100625119 /* Weather */,
			);
			path = Functions;
			sourceTree = "<group>";
		};
		525478C52DCC544100625119 /* Home */ = {
			isa = PBXGroup;
			children = (
				525478C32DCC544100625119 /* TSViewController.h */,
				525478C42DCC544100625119 /* TSViewController.m */,
			);
			path = Home;
			sourceTree = "<group>";
		};
		525478C62DCC544100625119 /* Source */ = {
			isa = PBXGroup;
			children = (
				5254785D2DCC544100625119 /* AppDelegate */,
				525478672DCC544100625119 /* BaseVC */,
				525478C22DCC544100625119 /* Functions */,
				525478C52DCC544100625119 /* Home */,
			);
			path = Source;
			sourceTree = "<group>";
		};
		6003F581195388D10070C39A = {
			isa = PBXGroup;
			children = (
				60FF7A9C1954A5C5007DD14C /* Podspec Metadata */,
				6003F593195388D20070C39A /* Example for TopStepComKit-Git */,
				6003F5B5195388D20070C39A /* Tests */,
				6003F58C195388D20070C39A /* Frameworks */,
				6003F58B195388D20070C39A /* Products */,
				C8E1020DBA77C560D0FD0821 /* Pods */,
			);
			sourceTree = "<group>";
		};
		6003F58B195388D20070C39A /* Products */ = {
			isa = PBXGroup;
			children = (
				6003F58A195388D20070C39A /* TopStepComKit-Git_Example.app */,
				6003F5AE195388D20070C39A /* TopStepComKit-Git_Tests.xctest */,
			);
			name = Products;
			sourceTree = "<group>";
		};
		6003F58C195388D20070C39A /* Frameworks */ = {
			isa = PBXGroup;
			children = (
				6003F58D195388D20070C39A /* Foundation.framework */,
				6003F58F195388D20070C39A /* CoreGraphics.framework */,
				6003F591195388D20070C39A /* UIKit.framework */,
				6003F5AF195388D20070C39A /* XCTest.framework */,
				530505033F477FD3503518FB /* Pods_TopStepComKit_Git_Example.framework */,
				BADC77773B9A196EE1E2DB17 /* Pods_TopStepComKit_Git_Tests.framework */,
			);
			name = Frameworks;
			sourceTree = "<group>";
		};
		6003F593195388D20070C39A /* Example for TopStepComKit-Git */ = {
			isa = PBXGroup;
			children = (
				525478C62DCC544100625119 /* Source */,
				873B8AEA1B1F5CCA007FD442 /* Main.storyboard */,
				71719F9D1E33DC2100824A3D /* LaunchScreen.storyboard */,
				6003F5A8195388D20070C39A /* Images.xcassets */,
				6003F594195388D20070C39A /* Supporting Files */,
			);
			name = "Example for TopStepComKit-Git";
			path = "TopStepComKit-Git";
			sourceTree = "<group>";
		};
		6003F594195388D20070C39A /* Supporting Files */ = {
			isa = PBXGroup;
			children = (
				6003F595195388D20070C39A /* TopStepComKit-Git-Info.plist */,
				6003F596195388D20070C39A /* InfoPlist.strings */,
				6003F599195388D20070C39A /* main.m */,
				6003F59B195388D20070C39A /* TopStepComKit-Git-Prefix.pch */,
			);
			name = "Supporting Files";
			sourceTree = "<group>";
		};
		6003F5B5195388D20070C39A /* Tests */ = {
			isa = PBXGroup;
			children = (
				6003F5BB195388D20070C39A /* Tests.m */,
				6003F5B6195388D20070C39A /* Supporting Files */,
			);
			path = Tests;
			sourceTree = "<group>";
		};
		6003F5B6195388D20070C39A /* Supporting Files */ = {
			isa = PBXGroup;
			children = (
				6003F5B7195388D20070C39A /* Tests-Info.plist */,
				6003F5B8195388D20070C39A /* InfoPlist.strings */,
				606FC2411953D9B200FFA9A0 /* Tests-Prefix.pch */,
			);
			name = "Supporting Files";
			sourceTree = "<group>";
		};
		60FF7A9C1954A5C5007DD14C /* Podspec Metadata */ = {
			isa = PBXGroup;
			children = (
				106A857CA600DB4F072C90EA /* TopStepComKit-Git.podspec */,
				13C687AE8F6224B58DCD2BB0 /* README.md */,
				AF715EB562EA2E6588D07789 /* LICENSE */,
			);
			name = "Podspec Metadata";
			sourceTree = "<group>";
		};
		C8E1020DBA77C560D0FD0821 /* Pods */ = {
			isa = PBXGroup;
			children = (
				ABEC47D51761E746301ADADD /* Pods-TopStepComKit-Git_Example.debug.xcconfig */,
				FBFBDD4490E275ED7FC0023C /* Pods-TopStepComKit-Git_Example.release.xcconfig */,
				9CEDBB25BEC9415365FC889B /* Pods-TopStepComKit-Git_Tests.debug.xcconfig */,
				ECFB937E6D41382E17406D77 /* Pods-TopStepComKit-Git_Tests.release.xcconfig */,
			);
			path = Pods;
			sourceTree = "<group>";
		};
/* End PBXGroup section */

/* Begin PBXNativeTarget section */
		6003F589195388D20070C39A /* TopStepComKit-Git_Example */ = {
			isa = PBXNativeTarget;
			buildConfigurationList = 6003F5BF195388D20070C39A /* Build configuration list for PBXNativeTarget "TopStepComKit-Git_Example" */;
			buildPhases = (
				2794A1B93AE48D99064FEF4D /* [CP] Check Pods Manifest.lock */,
				6003F586195388D20070C39A /* Sources */,
				6003F587195388D20070C39A /* Frameworks */,
				6003F588195388D20070C39A /* Resources */,
				E722906A15BDCCDC01C347F3 /* [CP] Embed Pods Frameworks */,
				5224BC1612857A5C34207E92 /* [CP] Copy Pods Resources */,
			);
			buildRules = (
			);
			dependencies = (
			);
			name = "TopStepComKit-Git_Example";
			productName = "TopStepComKit-Git";
			productReference = 6003F58A195388D20070C39A /* TopStepComKit-Git_Example.app */;
			productType = "com.apple.product-type.application";
		};
		6003F5AD195388D20070C39A /* TopStepComKit-Git_Tests */ = {
			isa = PBXNativeTarget;
			buildConfigurationList = 6003F5C2195388D20070C39A /* Build configuration list for PBXNativeTarget "TopStepComKit-Git_Tests" */;
			buildPhases = (
				32E74F8FBF5E67D1E5A6DE40 /* [CP] Check Pods Manifest.lock */,
				6003F5AA195388D20070C39A /* Sources */,
				6003F5AB195388D20070C39A /* Frameworks */,
				6003F5AC195388D20070C39A /* Resources */,
			);
			buildRules = (
			);
			dependencies = (
				6003F5B4195388D20070C39A /* PBXTargetDependency */,
			);
			name = "TopStepComKit-Git_Tests";
			productName = "TopStepComKit-GitTests";
			productReference = 6003F5AE195388D20070C39A /* TopStepComKit-Git_Tests.xctest */;
			productType = "com.apple.product-type.bundle.unit-test";
		};
/* End PBXNativeTarget section */

/* Begin PBXProject section */
		6003F582195388D10070C39A /* Project object */ = {
			isa = PBXProject;
			attributes = {
				CLASSPREFIX = TS;
				LastUpgradeCheck = 0720;
				ORGANIZATIONNAME = "rd@hetangsmart.com";
				TargetAttributes = {
					6003F589195388D20070C39A = {
						DevelopmentTeam = VL86EEGG3N;
					};
					6003F5AD195388D20070C39A = {
						TestTargetID = 6003F589195388D20070C39A;
					};
				};
			};
			buildConfigurationList = 6003F585195388D10070C39A /* Build configuration list for PBXProject "TopStepComKit-Git" */;
			compatibilityVersion = "Xcode 3.2";
			developmentRegion = English;
			hasScannedForEncodings = 0;
			knownRegions = (
				English,
				en,
				Base,
			);
			mainGroup = 6003F581195388D10070C39A;
			productRefGroup = 6003F58B195388D20070C39A /* Products */;
			projectDirPath = "";
			projectRoot = "";
			targets = (
				6003F589195388D20070C39A /* TopStepComKit-Git_Example */,
				6003F5AD195388D20070C39A /* TopStepComKit-Git_Tests */,
			);
		};
/* End PBXProject section */

/* Begin PBXResourcesBuildPhase section */
		6003F588195388D20070C39A /* Resources */ = {
			isa = PBXResourcesBuildPhase;
			buildActionMask = 2147483647;
			files = (
				873B8AEB1B1F5CCA007FD442 /* Main.storyboard in Resources */,
				71719F9F1E33DC2100824A3D /* LaunchScreen.storyboard in Resources */,
				6003F5A9195388D20070C39A /* Images.xcassets in Resources */,
				6003F598195388D20070C39A /* InfoPlist.strings in Resources */,
			);
			runOnlyForDeploymentPostprocessing = 0;
		};
		6003F5AC195388D20070C39A /* Resources */ = {
			isa = PBXResourcesBuildPhase;
			buildActionMask = 2147483647;
			files = (
				6003F5BA195388D20070C39A /* InfoPlist.strings in Resources */,
			);
			runOnlyForDeploymentPostprocessing = 0;
		};
/* End PBXResourcesBuildPhase section */

/* Begin PBXShellScriptBuildPhase section */
		2794A1B93AE48D99064FEF4D /* [CP] Check Pods Manifest.lock */ = {
			isa = PBXShellScriptBuildPhase;
			buildActionMask = 2147483647;
			files = (
			);
			inputFileListPaths = (
			);
			inputPaths = (
				"${PODS_PODFILE_DIR_PATH}/Podfile.lock",
				"${PODS_ROOT}/Manifest.lock",
			);
			name = "[CP] Check Pods Manifest.lock";
			outputFileListPaths = (
			);
			outputPaths = (
				"$(DERIVED_FILE_DIR)/Pods-TopStepComKit-Git_Example-checkManifestLockResult.txt",
			);
			runOnlyForDeploymentPostprocessing = 0;
			shellPath = /bin/sh;
			shellScript = "diff \"${PODS_PODFILE_DIR_PATH}/Podfile.lock\" \"${PODS_ROOT}/Manifest.lock\" > /dev/null\nif [ $? != 0 ] ; then\n    # print error to STDERR\n    echo \"error: The sandbox is not in sync with the Podfile.lock. Run 'pod install' or update your CocoaPods installation.\" >&2\n    exit 1\nfi\n# This output is used by Xcode 'outputs' to avoid re-running this script phase.\necho \"SUCCESS\" > \"${SCRIPT_OUTPUT_FILE_0}\"\n";
			showEnvVarsInLog = 0;
		};
		32E74F8FBF5E67D1E5A6DE40 /* [CP] Check Pods Manifest.lock */ = {
			isa = PBXShellScriptBuildPhase;
			buildActionMask = 2147483647;
			files = (
			);
			inputFileListPaths = (
			);
			inputPaths = (
				"${PODS_PODFILE_DIR_PATH}/Podfile.lock",
				"${PODS_ROOT}/Manifest.lock",
			);
			name = "[CP] Check Pods Manifest.lock";
			outputFileListPaths = (
			);
			outputPaths = (
				"$(DERIVED_FILE_DIR)/Pods-TopStepComKit-Git_Tests-checkManifestLockResult.txt",
			);
			runOnlyForDeploymentPostprocessing = 0;
			shellPath = /bin/sh;
			shellScript = "diff \"${PODS_PODFILE_DIR_PATH}/Podfile.lock\" \"${PODS_ROOT}/Manifest.lock\" > /dev/null\nif [ $? != 0 ] ; then\n    # print error to STDERR\n    echo \"error: The sandbox is not in sync with the Podfile.lock. Run 'pod install' or update your CocoaPods installation.\" >&2\n    exit 1\nfi\n# This output is used by Xcode 'outputs' to avoid re-running this script phase.\necho \"SUCCESS\" > \"${SCRIPT_OUTPUT_FILE_0}\"\n";
			showEnvVarsInLog = 0;
		};
		5224BC1612857A5C34207E92 /* [CP] Copy Pods Resources */ = {
			isa = PBXShellScriptBuildPhase;
			buildActionMask = 2147483647;
			files = (
			);
			inputPaths = (
				"${PODS_ROOT}/Target Support Files/Pods-TopStepComKit-Git_Example/Pods-TopStepComKit-Git_Example-resources.sh",
				"${PODS_ROOT}/../../TopStepComKit-Git/Classes/FitCoreImp/FitCloudDFUKit.bundle",
				"${PODS_ROOT}/../../TopStepComKit-Git/Classes/FitCoreImp/FitCloudKit.bundle",
				"${PODS_ROOT}/../../TopStepComKit-Git/Classes/FitCoreImp/FitCloudNWFKit.bundle",
				"${PODS_ROOT}/../../TopStepComKit-Git/Classes/FitCoreImp/FitCloudWFKit.bundle",
				"${PODS_ROOT}/../../TopStepComKit-Git/Classes/FwCoreImp/WearApi.bundle",
			);
			name = "[CP] Copy Pods Resources";
			outputPaths = (
				"${TARGET_BUILD_DIR}/${UNLOCALIZED_RESOURCES_FOLDER_PATH}/FitCloudDFUKit.bundle",
				"${TARGET_BUILD_DIR}/${UNLOCALIZED_RESOURCES_FOLDER_PATH}/FitCloudKit.bundle",
				"${TARGET_BUILD_DIR}/${UNLOCALIZED_RESOURCES_FOLDER_PATH}/FitCloudNWFKit.bundle",
				"${TARGET_BUILD_DIR}/${UNLOCALIZED_RESOURCES_FOLDER_PATH}/FitCloudWFKit.bundle",
				"${TARGET_BUILD_DIR}/${UNLOCALIZED_RESOURCES_FOLDER_PATH}/WearApi.bundle",
			);
			runOnlyForDeploymentPostprocessing = 0;
			shellPath = /bin/sh;
			shellScript = "\"${PODS_ROOT}/Target Support Files/Pods-TopStepComKit-Git_Example/Pods-TopStepComKit-Git_Example-resources.sh\"\n";
			showEnvVarsInLog = 0;
		};
		E722906A15BDCCDC01C347F3 /* [CP] Embed Pods Frameworks */ = {
			isa = PBXShellScriptBuildPhase;
			buildActionMask = 2147483647;
			files = (
			);
			inputPaths = (
				"${PODS_ROOT}/Target Support Files/Pods-TopStepComKit-Git_Example/Pods-TopStepComKit-Git_Example-frameworks.sh",
				"${BUILT_PRODUCTS_DIR}/MBProgressHUD/MBProgressHUD.framework",
				"${BUILT_PRODUCTS_DIR}/Masonry/Masonry.framework",
				"${BUILT_PRODUCTS_DIR}/ReactiveObjC/ReactiveObjC.framework",
				"${BUILT_PRODUCTS_DIR}/SDWebImage/SDWebImage.framework",
				"${BUILT_PRODUCTS_DIR}/TSFoundation/TSFoundation.framework",
				"${BUILT_PRODUCTS_DIR}/ZIPFoundation/ZIPFoundation.framework",
				"${BUILT_PRODUCTS_DIR}/iOSDFULibrary/iOSDFULibrary.framework",
				"${BUILT_PRODUCTS_DIR}/lottie-ios/Lottie.framework",
				"${BUILT_PRODUCTS_DIR}/zipzap/zipzap.framework",
				"${PODS_XCFRAMEWORKS_BUILD_DIR}/TopStepComKit-Git/FitCoreImp/ABParTool.framework/ABParTool",
				"${PODS_XCFRAMEWORKS_BUILD_DIR}/TopStepComKit-Git/FitCoreImp/RTKLEFoundation.framework/RTKLEFoundation",
				"${PODS_XCFRAMEWORKS_BUILD_DIR}/TopStepComKit-Git/FitCoreImp/RTKLocalPlaybackSDK.framework/RTKLocalPlaybackSDK",
				"${PODS_XCFRAMEWORKS_BUILD_DIR}/TopStepComKit-Git/FitCoreImp/RTKOTASDK.framework/RTKOTASDK",
				"${PODS_XCFRAMEWORKS_BUILD_DIR}/TopStepComKit-Git/Foundation/TopStepInterfaceKit.framework/TopStepInterfaceKit",
				"${PODS_XCFRAMEWORKS_BUILD_DIR}/TopStepComKit-Git/Foundation/TopStepToolKit.framework/TopStepToolKit",
			);
			name = "[CP] Embed Pods Frameworks";
			outputPaths = (
				"${TARGET_BUILD_DIR}/${FRAMEWORKS_FOLDER_PATH}/MBProgressHUD.framework",
				"${TARGET_BUILD_DIR}/${FRAMEWORKS_FOLDER_PATH}/Masonry.framework",
				"${TARGET_BUILD_DIR}/${FRAMEWORKS_FOLDER_PATH}/ReactiveObjC.framework",
				"${TARGET_BUILD_DIR}/${FRAMEWORKS_FOLDER_PATH}/SDWebImage.framework",
				"${TARGET_BUILD_DIR}/${FRAMEWORKS_FOLDER_PATH}/TSFoundation.framework",
				"${TARGET_BUILD_DIR}/${FRAMEWORKS_FOLDER_PATH}/ZIPFoundation.framework",
				"${TARGET_BUILD_DIR}/${FRAMEWORKS_FOLDER_PATH}/iOSDFULibrary.framework",
				"${TARGET_BUILD_DIR}/${FRAMEWORKS_FOLDER_PATH}/Lottie.framework",
				"${TARGET_BUILD_DIR}/${FRAMEWORKS_FOLDER_PATH}/zipzap.framework",
				"${TARGET_BUILD_DIR}/${FRAMEWORKS_FOLDER_PATH}/ABParTool.framework",
				"${TARGET_BUILD_DIR}/${FRAMEWORKS_FOLDER_PATH}/RTKLEFoundation.framework",
				"${TARGET_BUILD_DIR}/${FRAMEWORKS_FOLDER_PATH}/RTKLocalPlaybackSDK.framework",
				"${TARGET_BUILD_DIR}/${FRAMEWORKS_FOLDER_PATH}/RTKOTASDK.framework",
				"${TARGET_BUILD_DIR}/${FRAMEWORKS_FOLDER_PATH}/TopStepInterfaceKit.framework",
				"${TARGET_BUILD_DIR}/${FRAMEWORKS_FOLDER_PATH}/TopStepToolKit.framework",
			);
			runOnlyForDeploymentPostprocessing = 0;
			shellPath = /bin/sh;
			shellScript = "\"${PODS_ROOT}/Target Support Files/Pods-TopStepComKit-Git_Example/Pods-TopStepComKit-Git_Example-frameworks.sh\"\n";
			showEnvVarsInLog = 0;
		};
/* End PBXShellScriptBuildPhase section */

/* Begin PBXSourcesBuildPhase section */
		6003F586195388D20070C39A /* Sources */ = {
			isa = PBXSourcesBuildPhase;
			buildActionMask = 2147483647;
			files = (
				6003F59A195388D20070C39A /* main.m in Sources */,
				525478C72DCC544100625119 /* TSSettingVC.m in Sources */,
				525478C82DCC544100625119 /* TSTemperatureVC.m in Sources */,
				525478C92DCC544100625119 /* TSRemoteControlVC.m in Sources */,
				525478CA2DCC544100625119 /* TSBatteryVC.m in Sources */,
				525478CB2DCC544100625119 /* TSFileOTAVC.m in Sources */,
				525478CC2DCC544100625119 /* TSBloodPressureVC.m in Sources */,
				525478CD2DCC544100625119 /* TSSleepVC.m in Sources */,
				525478CE2DCC544100625119 /* TSPeripheralDialVC.m in Sources */,
				525478CF2DCC544100625119 /* TSUnitVC.m in Sources */,
				525478D02DCC544100625119 /* TSDataSyncVC.m in Sources */,
				525478D12DCC544100625119 /* TSMessageVC.m in Sources */,
				525478D22DCC544100625119 /* TSBleConnectVC.m in Sources */,
				525478D32DCC544100625119 /* TSElectrocardioVC.m in Sources */,
				525478D42DCC544100625119 /* TSAppDelegate.m in Sources */,
				525478D52DCC544100625119 /* TSWeatherVC.m in Sources */,
				525478D62DCC544100625119 /* TSPeripheralFindVC.m in Sources */,
				525478D72DCC544100625119 /* TSTakePhotoVC.m in Sources */,
				525478D82DCC544100625119 /* TSActivityMeasureVC.m in Sources */,
				525478D92DCC544100625119 /* TSSportVC.m in Sources */,
				525478DA2DCC544100625119 /* TSAlarmClockVC.m in Sources */,
				525478DB2DCC544100625119 /* TSDailyExerciseGoalVC.m in Sources */,
				525478DC2DCC544100625119 /* TSViewController.m in Sources */,
				525478DD2DCC544100625119 /* TSTableViewCell.m in Sources */,
				525478DE2DCC544100625119 /* TSValueModel.m in Sources */,
				525478DF2DCC544100625119 /* TSLanguagesVC.m in Sources */,
				525478E02DCC544100625119 /* TSAutoMonitorSettingVC.m in Sources */,
				525478E12DCC544100625119 /* TSReminderVC.m in Sources */,
				525478E22DCC544100625119 /* TSHearRateVC.m in Sources */,
				525478E32DCC544100625119 /* TSBaseVC.m in Sources */,
				525478E42DCC544100625119 /* TSTimeVC.m in Sources */,
				525478E52DCC544100625119 /* TSUserInfoVC.m in Sources */,
				525478E62DCC544100625119 /* TSDailyActivityVC.m in Sources */,
				525478E72DCC544100625119 /* TSContactVC.m in Sources */,
				525478E82DCC544100625119 /* TSBloodOxygenVC.m in Sources */,
				525478E92DCC544100625119 /* TSStressVC.m in Sources */,
			);
			runOnlyForDeploymentPostprocessing = 0;
		};
		6003F5AA195388D20070C39A /* Sources */ = {
			isa = PBXSourcesBuildPhase;
			buildActionMask = 2147483647;
			files = (
				6003F5BC195388D20070C39A /* Tests.m in Sources */,
			);
			runOnlyForDeploymentPostprocessing = 0;
		};
/* End PBXSourcesBuildPhase section */

/* Begin PBXTargetDependency section */
		6003F5B4195388D20070C39A /* PBXTargetDependency */ = {
			isa = PBXTargetDependency;
			target = 6003F589195388D20070C39A /* TopStepComKit-Git_Example */;
			targetProxy = 6003F5B3195388D20070C39A /* PBXContainerItemProxy */;
		};
/* End PBXTargetDependency section */

/* Begin PBXVariantGroup section */
		6003F596195388D20070C39A /* InfoPlist.strings */ = {
			isa = PBXVariantGroup;
			children = (
				6003F597195388D20070C39A /* en */,
			);
			name = InfoPlist.strings;
			sourceTree = "<group>";
		};
		6003F5B8195388D20070C39A /* InfoPlist.strings */ = {
			isa = PBXVariantGroup;
			children = (
				6003F5B9195388D20070C39A /* en */,
			);
			name = InfoPlist.strings;
			sourceTree = "<group>";
		};
		71719F9D1E33DC2100824A3D /* LaunchScreen.storyboard */ = {
			isa = PBXVariantGroup;
			children = (
				71719F9E1E33DC2100824A3D /* Base */,
			);
			name = LaunchScreen.storyboard;
			sourceTree = "<group>";
		};
/* End PBXVariantGroup section */

/* Begin XCBuildConfiguration section */
		6003F5BD195388D20070C39A /* Debug */ = {
			isa = XCBuildConfiguration;
			buildSettings = {
				ALWAYS_SEARCH_USER_PATHS = NO;
				CLANG_CXX_LANGUAGE_STANDARD = "gnu++0x";
				CLANG_CXX_LIBRARY = "libc++";
				CLANG_ENABLE_MODULES = YES;
				CLANG_ENABLE_OBJC_ARC = YES;
				CLANG_WARN_BOOL_CONVERSION = YES;
				CLANG_WARN_CONSTANT_CONVERSION = YES;
				CLANG_WARN_DIRECT_OBJC_ISA_USAGE = YES_ERROR;
				CLANG_WARN_EMPTY_BODY = YES;
				CLANG_WARN_ENUM_CONVERSION = YES;
				CLANG_WARN_INT_CONVERSION = YES;
				CLANG_WARN_OBJC_ROOT_CLASS = YES_ERROR;
				CLANG_WARN__DUPLICATE_METHOD_MATCH = YES;
				"CODE_SIGN_IDENTITY[sdk=iphoneos*]" = "iPhone Developer";
				COPY_PHASE_STRIP = NO;
				ENABLE_TESTABILITY = YES;
				GCC_C_LANGUAGE_STANDARD = gnu99;
				GCC_DYNAMIC_NO_PIC = NO;
				GCC_OPTIMIZATION_LEVEL = 0;
				GCC_PREPROCESSOR_DEFINITIONS = (
					"DEBUG=1",
					"$(inherited)",
				);
				GCC_SYMBOLS_PRIVATE_EXTERN = NO;
				GCC_WARN_64_TO_32_BIT_CONVERSION = YES;
				GCC_WARN_ABOUT_RETURN_TYPE = YES_ERROR;
				GCC_WARN_UNDECLARED_SELECTOR = YES;
				GCC_WARN_UNINITIALIZED_AUTOS = YES_AGGRESSIVE;
				GCC_WARN_UNUSED_FUNCTION = YES;
				GCC_WARN_UNUSED_VARIABLE = YES;
				IPHONEOS_DEPLOYMENT_TARGET = 9.3;
				ONLY_ACTIVE_ARCH = YES;
				SDKROOT = iphoneos;
				TARGETED_DEVICE_FAMILY = "1,2";
			};
			name = Debug;
		};
		6003F5BE195388D20070C39A /* Release */ = {
			isa = XCBuildConfiguration;
			buildSettings = {
				ALWAYS_SEARCH_USER_PATHS = NO;
				CLANG_CXX_LANGUAGE_STANDARD = "gnu++0x";
				CLANG_CXX_LIBRARY = "libc++";
				CLANG_ENABLE_MODULES = YES;
				CLANG_ENABLE_OBJC_ARC = YES;
				CLANG_WARN_BOOL_CONVERSION = YES;
				CLANG_WARN_CONSTANT_CONVERSION = YES;
				CLANG_WARN_DIRECT_OBJC_ISA_USAGE = YES_ERROR;
				CLANG_WARN_EMPTY_BODY = YES;
				CLANG_WARN_ENUM_CONVERSION = YES;
				CLANG_WARN_INT_CONVERSION = YES;
				CLANG_WARN_OBJC_ROOT_CLASS = YES_ERROR;
				CLANG_WARN__DUPLICATE_METHOD_MATCH = YES;
				"CODE_SIGN_IDENTITY[sdk=iphoneos*]" = "iPhone Developer";
				COPY_PHASE_STRIP = YES;
				ENABLE_NS_ASSERTIONS = NO;
				GCC_C_LANGUAGE_STANDARD = gnu99;
				GCC_WARN_64_TO_32_BIT_CONVERSION = YES;
				GCC_WARN_ABOUT_RETURN_TYPE = YES_ERROR;
				GCC_WARN_UNDECLARED_SELECTOR = YES;
				GCC_WARN_UNINITIALIZED_AUTOS = YES_AGGRESSIVE;
				GCC_WARN_UNUSED_FUNCTION = YES;
				GCC_WARN_UNUSED_VARIABLE = YES;
				IPHONEOS_DEPLOYMENT_TARGET = 9.3;
				SDKROOT = iphoneos;
				TARGETED_DEVICE_FAMILY = "1,2";
				VALIDATE_PRODUCT = YES;
			};
			name = Release;
		};
		6003F5C0195388D20070C39A /* Debug */ = {
			isa = XCBuildConfiguration;
			baseConfigurationReference = ABEC47D51761E746301ADADD /* Pods-TopStepComKit-Git_Example.debug.xcconfig */;
			buildSettings = {
				ASSETCATALOG_COMPILER_APPICON_NAME = AppIcon;
				DEVELOPMENT_TEAM = VL86EEGG3N;
				FRAMEWORK_SEARCH_PATHS = (
					"$(inherited)",
					"\"${PODS_CONFIGURATION_BUILD_DIR}/TopStepComKit-Git\"",
				);
				GCC_PRECOMPILE_PREFIX_HEADER = YES;
				GCC_PREFIX_HEADER = "TopStepComKit-Git/TopStepComKit-Git-Prefix.pch";
				INFOPLIST_FILE = "TopStepComKit-Git/TopStepComKit-Git-Info.plist";
				IPHONEOS_DEPLOYMENT_TARGET = 12.0;
				MODULE_NAME = ExampleApp;
				PRODUCT_BUNDLE_IDENTIFIER = com.jwd.philips.flywear;
				PRODUCT_NAME = "$(TARGET_NAME)";
				SWIFT_VERSION = 4.0;
				WRAPPER_EXTENSION = app;
			};
			name = Debug;
		};
		6003F5C1195388D20070C39A /* Release */ = {
			isa = XCBuildConfiguration;
			baseConfigurationReference = FBFBDD4490E275ED7FC0023C /* Pods-TopStepComKit-Git_Example.release.xcconfig */;
			buildSettings = {
				ASSETCATALOG_COMPILER_APPICON_NAME = AppIcon;
				DEVELOPMENT_TEAM = VL86EEGG3N;
				GCC_PRECOMPILE_PREFIX_HEADER = YES;
				GCC_PREFIX_HEADER = "TopStepComKit-Git/TopStepComKit-Git-Prefix.pch";
				INFOPLIST_FILE = "TopStepComKit-Git/TopStepComKit-Git-Info.plist";
				IPHONEOS_DEPLOYMENT_TARGET = 12.0;
				MODULE_NAME = ExampleApp;
				PRODUCT_BUNDLE_IDENTIFIER = com.jwd.philips.flywear;
				PRODUCT_NAME = "$(TARGET_NAME)";
				SWIFT_VERSION = 4.0;
				WRAPPER_EXTENSION = app;
			};
			name = Release;
		};
		6003F5C3195388D20070C39A /* Debug */ = {
			isa = XCBuildConfiguration;
			baseConfigurationReference = 9CEDBB25BEC9415365FC889B /* Pods-TopStepComKit-Git_Tests.debug.xcconfig */;
			buildSettings = {
				BUNDLE_LOADER = "$(TEST_HOST)";
				FRAMEWORK_SEARCH_PATHS = (
					"$(PLATFORM_DIR)/Developer/Library/Frameworks",
					"$(inherited)",
					"$(DEVELOPER_FRAMEWORKS_DIR)",
				);
				GCC_PRECOMPILE_PREFIX_HEADER = YES;
				GCC_PREFIX_HEADER = "Tests/Tests-Prefix.pch";
				GCC_PREPROCESSOR_DEFINITIONS = (
					"DEBUG=1",
					"$(inherited)",
				);
				INFOPLIST_FILE = "Tests/Tests-Info.plist";
				PRODUCT_BUNDLE_IDENTIFIER = "org.cocoapods.demo.${PRODUCT_NAME:rfc1034identifier}";
				PRODUCT_NAME = "$(TARGET_NAME)";
				SWIFT_VERSION = 4.0;
				TEST_HOST = "$(BUILT_PRODUCTS_DIR)/TopStepComKit-Git_Example.app/TopStepComKit-Git_Example";
				WRAPPER_EXTENSION = xctest;
			};
			name = Debug;
		};
		6003F5C4195388D20070C39A /* Release */ = {
			isa = XCBuildConfiguration;
			baseConfigurationReference = ECFB937E6D41382E17406D77 /* Pods-TopStepComKit-Git_Tests.release.xcconfig */;
			buildSettings = {
				BUNDLE_LOADER = "$(TEST_HOST)";
				FRAMEWORK_SEARCH_PATHS = (
					"$(PLATFORM_DIR)/Developer/Library/Frameworks",
					"$(inherited)",
					"$(DEVELOPER_FRAMEWORKS_DIR)",
				);
				GCC_PRECOMPILE_PREFIX_HEADER = YES;
				GCC_PREFIX_HEADER = "Tests/Tests-Prefix.pch";
				INFOPLIST_FILE = "Tests/Tests-Info.plist";
				PRODUCT_BUNDLE_IDENTIFIER = "org.cocoapods.demo.${PRODUCT_NAME:rfc1034identifier}";
				PRODUCT_NAME = "$(TARGET_NAME)";
				SWIFT_VERSION = 4.0;
				TEST_HOST = "$(BUILT_PRODUCTS_DIR)/TopStepComKit-Git_Example.app/TopStepComKit-Git_Example";
				WRAPPER_EXTENSION = xctest;
			};
			name = Release;
		};
/* End XCBuildConfiguration section */

/* Begin XCConfigurationList section */
		6003F585195388D10070C39A /* Build configuration list for PBXProject "TopStepComKit-Git" */ = {
			isa = XCConfigurationList;
			buildConfigurations = (
				6003F5BD195388D20070C39A /* Debug */,
				6003F5BE195388D20070C39A /* Release */,
			);
			defaultConfigurationIsVisible = 0;
			defaultConfigurationName = Release;
		};
		6003F5BF195388D20070C39A /* Build configuration list for PBXNativeTarget "TopStepComKit-Git_Example" */ = {
			isa = XCConfigurationList;
			buildConfigurations = (
				6003F5C0195388D20070C39A /* Debug */,
				6003F5C1195388D20070C39A /* Release */,
			);
			defaultConfigurationIsVisible = 0;
			defaultConfigurationName = Release;
		};
		6003F5C2195388D20070C39A /* Build configuration list for PBXNativeTarget "TopStepComKit-Git_Tests" */ = {
			isa = XCConfigurationList;
			buildConfigurations = (
				6003F5C3195388D20070C39A /* Debug */,
				6003F5C4195388D20070C39A /* Release */,
			);
			defaultConfigurationIsVisible = 0;
			defaultConfigurationName = Release;
		};
/* End XCConfigurationList section */
	};
	rootObject = 6003F582195388D10070C39A /* Project object */;
}
