// !$*UTF8*$!
{
	archiveVersion = 1;
	classes = {
	};
	objectVersion = 46;
	objects = {

/* Begin PBXBuildFile section */
		52D62EA22E080B0B001934A4 /* TSGlassesVC.m in Sources */ = {isa = PBXBuildFile; fileRef = 52D62E622E080B0B001934A4 /* TSGlassesVC.m */; };
		52D62EA32E080B0B001934A4 /* TSActivityMeasureVC.m in Sources */ = {isa = PBXBuildFile; fileRef = 52D62E3E2E080B0B001934A4 /* TSActivityMeasureVC.m */; };
		52D62EA42E080B0B001934A4 /* TSPeripheralDialVC.m in Sources */ = {isa = PBXBuildFile; fileRef = 52D62E6E2E080B0B001934A4 /* TSPeripheralDialVC.m */; };
		52D62EA52E080B0B001934A4 /* TSAlarmClockVC.m in Sources */ = {isa = PBXBuildFile; fileRef = 52D62E412E080B0B001934A4 /* TSAlarmClockVC.m */; };
		52D62EA62E080B0B001934A4 /* TSBaseVC.m in Sources */ = {isa = PBXBuildFile; fileRef = 52D62E372E080B0B001934A4 /* TSBaseVC.m */; };
		52D62EA72E080B0B001934A4 /* TSSportVC.m in Sources */ = {isa = PBXBuildFile; fileRef = 52D62E7D2E080B0B001934A4 /* TSSportVC.m */; };
		52D62EA82E080B0B001934A4 /* TSPeripheralFindVC.m in Sources */ = {isa = PBXBuildFile; fileRef = 52D62E712E080B0B001934A4 /* TSPeripheralFindVC.m */; };
		52D62EA92E080B0B001934A4 /* TSAppDelegate.m in Sources */ = {isa = PBXBuildFile; fileRef = 52D62E312E080B0B001934A4 /* TSAppDelegate.m */; };
		52D62EAA2E080B0B001934A4 /* TSSleepVC.m in Sources */ = {isa = PBXBuildFile; fileRef = 52D62E7A2E080B0B001934A4 /* TSSleepVC.m */; };
		52D62EAB2E080B0B001934A4 /* TSViewController.m in Sources */ = {isa = PBXBuildFile; fileRef = 52D62E9F2E080B0B001934A4 /* TSViewController.m */; };
		52D62EAC2E080B0B001934A4 /* TSDailyActivityVC.m in Sources */ = {isa = PBXBuildFile; fileRef = 52D62E532E080B0B001934A4 /* TSDailyActivityVC.m */; };
		52D62EAD2E080B0B001934A4 /* TSTakePhotoVC.m in Sources */ = {isa = PBXBuildFile; fileRef = 52D62E4D2E080B0B001934A4 /* TSTakePhotoVC.m */; };
		52D62EAE2E080B0B001934A4 /* TSElectrocardioVC.m in Sources */ = {isa = PBXBuildFile; fileRef = 52D62E5C2E080B0B001934A4 /* TSElectrocardioVC.m */; };
		52D62EAF2E080B0B001934A4 /* TSWeatherVC.m in Sources */ = {isa = PBXBuildFile; fileRef = 52D62E9B2E080B0B001934A4 /* TSWeatherVC.m */; };
		52D62EB02E080B0B001934A4 /* TSAutoMonitorSettingVC.m in Sources */ = {isa = PBXBuildFile; fileRef = 52D62E862E080B0B001934A4 /* TSAutoMonitorSettingVC.m */; };
		52D62EB12E080B0B001934A4 /* TSRemoteControlVC.m in Sources */ = {isa = PBXBuildFile; fileRef = 52D62E772E080B0B001934A4 /* TSRemoteControlVC.m */; };
		52D62EB22E080B0B001934A4 /* TSLanguagesVC.m in Sources */ = {isa = PBXBuildFile; fileRef = 52D62E682E080B0B001934A4 /* TSLanguagesVC.m */; };
		52D62EB32E080B0B001934A4 /* TSDataSyncVC.m in Sources */ = {isa = PBXBuildFile; fileRef = 52D62E592E080B0B001934A4 /* TSDataSyncVC.m */; };
		52D62EB42E080B0B001934A4 /* TSTableViewCell.m in Sources */ = {isa = PBXBuildFile; fileRef = 52D62E3A2E080B0B001934A4 /* TSTableViewCell.m */; };
		52D62EB52E080B0B001934A4 /* TSContactVC.m in Sources */ = {isa = PBXBuildFile; fileRef = 52D62E502E080B0B001934A4 /* TSContactVC.m */; };
		52D62EB62E080B0B001934A4 /* TSBloodPressureVC.m in Sources */ = {isa = PBXBuildFile; fileRef = 52D62E4A2E080B0B001934A4 /* TSBloodPressureVC.m */; };
		52D62EB72E080B0B001934A4 /* TSUserInfoVC.m in Sources */ = {isa = PBXBuildFile; fileRef = 52D62E982E080B0B001934A4 /* TSUserInfoVC.m */; };
		52D62EB82E080B0B001934A4 /* TSValueModel.m in Sources */ = {isa = PBXBuildFile; fileRef = 52D62E342E080B0B001934A4 /* TSValueModel.m */; };
		52D62EB92E080B0B001934A4 /* TSFileOTAVC.m in Sources */ = {isa = PBXBuildFile; fileRef = 52D62E5F2E080B0B001934A4 /* TSFileOTAVC.m */; };
		52D62EBA2E080B0B001934A4 /* TSPeripheralInfoVC.m in Sources */ = {isa = PBXBuildFile; fileRef = 52D62E742E080B0B001934A4 /* TSPeripheralInfoVC.m */; };
		52D62EBB2E080B0B001934A4 /* TSBleConnectVC.m in Sources */ = {isa = PBXBuildFile; fileRef = 52D62E442E080B0B001934A4 /* TSBleConnectVC.m */; };
		52D62EBC2E080B0B001934A4 /* TSDailyExerciseGoalVC.m in Sources */ = {isa = PBXBuildFile; fileRef = 52D62E562E080B0B001934A4 /* TSDailyExerciseGoalVC.m */; };
		52D62EBD2E080B0B001934A4 /* TSSettingVC.m in Sources */ = {isa = PBXBuildFile; fileRef = 52D62E8F2E080B0B001934A4 /* TSSettingVC.m */; };
		52D62EBE2E080B0B001934A4 /* TSReminderVC.m in Sources */ = {isa = PBXBuildFile; fileRef = 52D62E8C2E080B0B001934A4 /* TSReminderVC.m */; };
		52D62EBF2E080B0B001934A4 /* TSBatteryVC.m in Sources */ = {isa = PBXBuildFile; fileRef = 52D62E892E080B0B001934A4 /* TSBatteryVC.m */; };
		52D62EC02E080B0B001934A4 /* TSMessageVC.m in Sources */ = {isa = PBXBuildFile; fileRef = 52D62E6B2E080B0B001934A4 /* TSMessageVC.m */; };
		52D62EC12E080B0B001934A4 /* TSBloodOxygenVC.m in Sources */ = {isa = PBXBuildFile; fileRef = 52D62E472E080B0B001934A4 /* TSBloodOxygenVC.m */; };
		52D62EC22E080B0B001934A4 /* TSTemperatureVC.m in Sources */ = {isa = PBXBuildFile; fileRef = 52D62E832E080B0B001934A4 /* TSTemperatureVC.m */; };
		52D62EC32E080B0B001934A4 /* TSUnitVC.m in Sources */ = {isa = PBXBuildFile; fileRef = 52D62E952E080B0B001934A4 /* TSUnitVC.m */; };
		52D62EC42E080B0B001934A4 /* TSTimeVC.m in Sources */ = {isa = PBXBuildFile; fileRef = 52D62E922E080B0B001934A4 /* TSTimeVC.m */; };
		52D62EC52E080B0B001934A4 /* TSStressVC.m in Sources */ = {isa = PBXBuildFile; fileRef = 52D62E802E080B0B001934A4 /* TSStressVC.m */; };
		52D62EC62E080B0B001934A4 /* TSHearRateVC.m in Sources */ = {isa = PBXBuildFile; fileRef = 52D62E652E080B0B001934A4 /* TSHearRateVC.m */; };
		6003F58E195388D20070C39A /* Foundation.framework in Frameworks */ = {isa = PBXBuildFile; fileRef = 6003F58D195388D20070C39A /* Foundation.framework */; };
		6003F590195388D20070C39A /* CoreGraphics.framework in Frameworks */ = {isa = PBXBuildFile; fileRef = 6003F58F195388D20070C39A /* CoreGraphics.framework */; };
		6003F592195388D20070C39A /* UIKit.framework in Frameworks */ = {isa = PBXBuildFile; fileRef = 6003F591195388D20070C39A /* UIKit.framework */; };
		6003F598195388D20070C39A /* InfoPlist.strings in Resources */ = {isa = PBXBuildFile; fileRef = 6003F596195388D20070C39A /* InfoPlist.strings */; };
		6003F59A195388D20070C39A /* main.m in Sources */ = {isa = PBXBuildFile; fileRef = 6003F599195388D20070C39A /* main.m */; };
		6003F5A9195388D20070C39A /* Images.xcassets in Resources */ = {isa = PBXBuildFile; fileRef = 6003F5A8195388D20070C39A /* Images.xcassets */; };
		6003F5B0195388D20070C39A /* XCTest.framework in Frameworks */ = {isa = PBXBuildFile; fileRef = 6003F5AF195388D20070C39A /* XCTest.framework */; };
		6003F5B1195388D20070C39A /* Foundation.framework in Frameworks */ = {isa = PBXBuildFile; fileRef = 6003F58D195388D20070C39A /* Foundation.framework */; };
		6003F5B2195388D20070C39A /* UIKit.framework in Frameworks */ = {isa = PBXBuildFile; fileRef = 6003F591195388D20070C39A /* UIKit.framework */; };
		6003F5BA195388D20070C39A /* InfoPlist.strings in Resources */ = {isa = PBXBuildFile; fileRef = 6003F5B8195388D20070C39A /* InfoPlist.strings */; };
		6003F5BC195388D20070C39A /* Tests.m in Sources */ = {isa = PBXBuildFile; fileRef = 6003F5BB195388D20070C39A /* Tests.m */; };
		69A73A18E896B52108733F9F /* Pods_TopStepComKit_Git_Example.framework in Frameworks */ = {isa = PBXBuildFile; fileRef = 530505033F477FD3503518FB /* Pods_TopStepComKit_Git_Example.framework */; };
		71719F9F1E33DC2100824A3D /* LaunchScreen.storyboard in Resources */ = {isa = PBXBuildFile; fileRef = 71719F9D1E33DC2100824A3D /* LaunchScreen.storyboard */; };
		7185FF6EA140085DB4D35B64 /* Pods_TopStepComKit_Git_Tests.framework in Frameworks */ = {isa = PBXBuildFile; fileRef = BADC77773B9A196EE1E2DB17 /* Pods_TopStepComKit_Git_Tests.framework */; };
		873B8AEB1B1F5CCA007FD442 /* Main.storyboard in Resources */ = {isa = PBXBuildFile; fileRef = 873B8AEA1B1F5CCA007FD442 /* Main.storyboard */; };
/* End PBXBuildFile section */

/* Begin PBXContainerItemProxy section */
		6003F5B3195388D20070C39A /* PBXContainerItemProxy */ = {
			isa = PBXContainerItemProxy;
			containerPortal = 6003F582195388D10070C39A /* Project object */;
			proxyType = 1;
			remoteGlobalIDString = 6003F589195388D20070C39A;
			remoteInfo = "TopStepComKit-Git";
		};
/* End PBXContainerItemProxy section */

/* Begin PBXFileReference section */
		106A857CA600DB4F072C90EA /* TopStepComKit-Git.podspec */ = {isa = PBXFileReference; includeInIndex = 1; lastKnownFileType = text; name = "TopStepComKit-Git.podspec"; path = "../TopStepComKit-Git.podspec"; sourceTree = "<group>"; xcLanguageSpecificationIdentifier = xcode.lang.ruby; };
		13C687AE8F6224B58DCD2BB0 /* README.md */ = {isa = PBXFileReference; includeInIndex = 1; lastKnownFileType = net.daringfireball.markdown; name = README.md; path = ../README.md; sourceTree = "<group>"; };
		52D62E302E080B0B001934A4 /* TSAppDelegate.h */ = {isa = PBXFileReference; lastKnownFileType = sourcecode.c.h; path = TSAppDelegate.h; sourceTree = "<group>"; };
		52D62E312E080B0B001934A4 /* TSAppDelegate.m */ = {isa = PBXFileReference; lastKnownFileType = sourcecode.c.objc; path = TSAppDelegate.m; sourceTree = "<group>"; };
		52D62E332E080B0B001934A4 /* TSValueModel.h */ = {isa = PBXFileReference; lastKnownFileType = sourcecode.c.h; path = TSValueModel.h; sourceTree = "<group>"; };
		52D62E342E080B0B001934A4 /* TSValueModel.m */ = {isa = PBXFileReference; lastKnownFileType = sourcecode.c.objc; path = TSValueModel.m; sourceTree = "<group>"; };
		52D62E362E080B0B001934A4 /* TSBaseVC.h */ = {isa = PBXFileReference; lastKnownFileType = sourcecode.c.h; path = TSBaseVC.h; sourceTree = "<group>"; };
		52D62E372E080B0B001934A4 /* TSBaseVC.m */ = {isa = PBXFileReference; lastKnownFileType = sourcecode.c.objc; path = TSBaseVC.m; sourceTree = "<group>"; };
		52D62E392E080B0B001934A4 /* TSTableViewCell.h */ = {isa = PBXFileReference; lastKnownFileType = sourcecode.c.h; path = TSTableViewCell.h; sourceTree = "<group>"; };
		52D62E3A2E080B0B001934A4 /* TSTableViewCell.m */ = {isa = PBXFileReference; lastKnownFileType = sourcecode.c.objc; path = TSTableViewCell.m; sourceTree = "<group>"; };
		52D62E3D2E080B0B001934A4 /* TSActivityMeasureVC.h */ = {isa = PBXFileReference; lastKnownFileType = sourcecode.c.h; path = TSActivityMeasureVC.h; sourceTree = "<group>"; };
		52D62E3E2E080B0B001934A4 /* TSActivityMeasureVC.m */ = {isa = PBXFileReference; lastKnownFileType = sourcecode.c.objc; path = TSActivityMeasureVC.m; sourceTree = "<group>"; };
		52D62E402E080B0B001934A4 /* TSAlarmClockVC.h */ = {isa = PBXFileReference; lastKnownFileType = sourcecode.c.h; path = TSAlarmClockVC.h; sourceTree = "<group>"; };
		52D62E412E080B0B001934A4 /* TSAlarmClockVC.m */ = {isa = PBXFileReference; lastKnownFileType = sourcecode.c.objc; path = TSAlarmClockVC.m; sourceTree = "<group>"; };
		52D62E432E080B0B001934A4 /* TSBleConnectVC.h */ = {isa = PBXFileReference; lastKnownFileType = sourcecode.c.h; path = TSBleConnectVC.h; sourceTree = "<group>"; };
		52D62E442E080B0B001934A4 /* TSBleConnectVC.m */ = {isa = PBXFileReference; lastKnownFileType = sourcecode.c.objc; path = TSBleConnectVC.m; sourceTree = "<group>"; };
		52D62E462E080B0B001934A4 /* TSBloodOxygenVC.h */ = {isa = PBXFileReference; lastKnownFileType = sourcecode.c.h; path = TSBloodOxygenVC.h; sourceTree = "<group>"; };
		52D62E472E080B0B001934A4 /* TSBloodOxygenVC.m */ = {isa = PBXFileReference; lastKnownFileType = sourcecode.c.objc; path = TSBloodOxygenVC.m; sourceTree = "<group>"; };
		52D62E492E080B0B001934A4 /* TSBloodPressureVC.h */ = {isa = PBXFileReference; lastKnownFileType = sourcecode.c.h; path = TSBloodPressureVC.h; sourceTree = "<group>"; };
		52D62E4A2E080B0B001934A4 /* TSBloodPressureVC.m */ = {isa = PBXFileReference; lastKnownFileType = sourcecode.c.objc; path = TSBloodPressureVC.m; sourceTree = "<group>"; };
		52D62E4C2E080B0B001934A4 /* TSTakePhotoVC.h */ = {isa = PBXFileReference; lastKnownFileType = sourcecode.c.h; path = TSTakePhotoVC.h; sourceTree = "<group>"; };
		52D62E4D2E080B0B001934A4 /* TSTakePhotoVC.m */ = {isa = PBXFileReference; lastKnownFileType = sourcecode.c.objc; path = TSTakePhotoVC.m; sourceTree = "<group>"; };
		52D62E4F2E080B0B001934A4 /* TSContactVC.h */ = {isa = PBXFileReference; lastKnownFileType = sourcecode.c.h; path = TSContactVC.h; sourceTree = "<group>"; };
		52D62E502E080B0B001934A4 /* TSContactVC.m */ = {isa = PBXFileReference; lastKnownFileType = sourcecode.c.objc; path = TSContactVC.m; sourceTree = "<group>"; };
		52D62E522E080B0B001934A4 /* TSDailyActivityVC.h */ = {isa = PBXFileReference; lastKnownFileType = sourcecode.c.h; path = TSDailyActivityVC.h; sourceTree = "<group>"; };
		52D62E532E080B0B001934A4 /* TSDailyActivityVC.m */ = {isa = PBXFileReference; lastKnownFileType = sourcecode.c.objc; path = TSDailyActivityVC.m; sourceTree = "<group>"; };
		52D62E552E080B0B001934A4 /* TSDailyExerciseGoalVC.h */ = {isa = PBXFileReference; lastKnownFileType = sourcecode.c.h; path = TSDailyExerciseGoalVC.h; sourceTree = "<group>"; };
		52D62E562E080B0B001934A4 /* TSDailyExerciseGoalVC.m */ = {isa = PBXFileReference; lastKnownFileType = sourcecode.c.objc; path = TSDailyExerciseGoalVC.m; sourceTree = "<group>"; };
		52D62E582E080B0B001934A4 /* TSDataSyncVC.h */ = {isa = PBXFileReference; lastKnownFileType = sourcecode.c.h; path = TSDataSyncVC.h; sourceTree = "<group>"; };
		52D62E592E080B0B001934A4 /* TSDataSyncVC.m */ = {isa = PBXFileReference; lastKnownFileType = sourcecode.c.objc; path = TSDataSyncVC.m; sourceTree = "<group>"; };
		52D62E5B2E080B0B001934A4 /* TSElectrocardioVC.h */ = {isa = PBXFileReference; lastKnownFileType = sourcecode.c.h; path = TSElectrocardioVC.h; sourceTree = "<group>"; };
		52D62E5C2E080B0B001934A4 /* TSElectrocardioVC.m */ = {isa = PBXFileReference; lastKnownFileType = sourcecode.c.objc; path = TSElectrocardioVC.m; sourceTree = "<group>"; };
		52D62E5E2E080B0B001934A4 /* TSFileOTAVC.h */ = {isa = PBXFileReference; lastKnownFileType = sourcecode.c.h; path = TSFileOTAVC.h; sourceTree = "<group>"; };
		52D62E5F2E080B0B001934A4 /* TSFileOTAVC.m */ = {isa = PBXFileReference; lastKnownFileType = sourcecode.c.objc; path = TSFileOTAVC.m; sourceTree = "<group>"; };
		52D62E612E080B0B001934A4 /* TSGlassesVC.h */ = {isa = PBXFileReference; lastKnownFileType = sourcecode.c.h; path = TSGlassesVC.h; sourceTree = "<group>"; };
		52D62E622E080B0B001934A4 /* TSGlassesVC.m */ = {isa = PBXFileReference; lastKnownFileType = sourcecode.c.objc; path = TSGlassesVC.m; sourceTree = "<group>"; };
		52D62E642E080B0B001934A4 /* TSHearRateVC.h */ = {isa = PBXFileReference; lastKnownFileType = sourcecode.c.h; path = TSHearRateVC.h; sourceTree = "<group>"; };
		52D62E652E080B0B001934A4 /* TSHearRateVC.m */ = {isa = PBXFileReference; lastKnownFileType = sourcecode.c.objc; path = TSHearRateVC.m; sourceTree = "<group>"; };
		52D62E672E080B0B001934A4 /* TSLanguagesVC.h */ = {isa = PBXFileReference; lastKnownFileType = sourcecode.c.h; path = TSLanguagesVC.h; sourceTree = "<group>"; };
		52D62E682E080B0B001934A4 /* TSLanguagesVC.m */ = {isa = PBXFileReference; lastKnownFileType = sourcecode.c.objc; path = TSLanguagesVC.m; sourceTree = "<group>"; };
		52D62E6A2E080B0B001934A4 /* TSMessageVC.h */ = {isa = PBXFileReference; lastKnownFileType = sourcecode.c.h; path = TSMessageVC.h; sourceTree = "<group>"; };
		52D62E6B2E080B0B001934A4 /* TSMessageVC.m */ = {isa = PBXFileReference; lastKnownFileType = sourcecode.c.objc; path = TSMessageVC.m; sourceTree = "<group>"; };
		52D62E6D2E080B0B001934A4 /* TSPeripheralDialVC.h */ = {isa = PBXFileReference; lastKnownFileType = sourcecode.c.h; path = TSPeripheralDialVC.h; sourceTree = "<group>"; };
		52D62E6E2E080B0B001934A4 /* TSPeripheralDialVC.m */ = {isa = PBXFileReference; lastKnownFileType = sourcecode.c.objc; path = TSPeripheralDialVC.m; sourceTree = "<group>"; };
		52D62E702E080B0B001934A4 /* TSPeripheralFindVC.h */ = {isa = PBXFileReference; lastKnownFileType = sourcecode.c.h; path = TSPeripheralFindVC.h; sourceTree = "<group>"; };
		52D62E712E080B0B001934A4 /* TSPeripheralFindVC.m */ = {isa = PBXFileReference; lastKnownFileType = sourcecode.c.objc; path = TSPeripheralFindVC.m; sourceTree = "<group>"; };
		52D62E732E080B0B001934A4 /* TSPeripheralInfoVC.h */ = {isa = PBXFileReference; lastKnownFileType = sourcecode.c.h; path = TSPeripheralInfoVC.h; sourceTree = "<group>"; };
		52D62E742E080B0B001934A4 /* TSPeripheralInfoVC.m */ = {isa = PBXFileReference; lastKnownFileType = sourcecode.c.objc; path = TSPeripheralInfoVC.m; sourceTree = "<group>"; };
		52D62E762E080B0B001934A4 /* TSRemoteControlVC.h */ = {isa = PBXFileReference; lastKnownFileType = sourcecode.c.h; path = TSRemoteControlVC.h; sourceTree = "<group>"; };
		52D62E772E080B0B001934A4 /* TSRemoteControlVC.m */ = {isa = PBXFileReference; lastKnownFileType = sourcecode.c.objc; path = TSRemoteControlVC.m; sourceTree = "<group>"; };
		52D62E792E080B0B001934A4 /* TSSleepVC.h */ = {isa = PBXFileReference; lastKnownFileType = sourcecode.c.h; path = TSSleepVC.h; sourceTree = "<group>"; };
		52D62E7A2E080B0B001934A4 /* TSSleepVC.m */ = {isa = PBXFileReference; lastKnownFileType = sourcecode.c.objc; path = TSSleepVC.m; sourceTree = "<group>"; };
		52D62E7C2E080B0B001934A4 /* TSSportVC.h */ = {isa = PBXFileReference; lastKnownFileType = sourcecode.c.h; path = TSSportVC.h; sourceTree = "<group>"; };
		52D62E7D2E080B0B001934A4 /* TSSportVC.m */ = {isa = PBXFileReference; lastKnownFileType = sourcecode.c.objc; path = TSSportVC.m; sourceTree = "<group>"; };
		52D62E7F2E080B0B001934A4 /* TSStressVC.h */ = {isa = PBXFileReference; lastKnownFileType = sourcecode.c.h; path = TSStressVC.h; sourceTree = "<group>"; };
		52D62E802E080B0B001934A4 /* TSStressVC.m */ = {isa = PBXFileReference; lastKnownFileType = sourcecode.c.objc; path = TSStressVC.m; sourceTree = "<group>"; };
		52D62E822E080B0B001934A4 /* TSTemperatureVC.h */ = {isa = PBXFileReference; lastKnownFileType = sourcecode.c.h; path = TSTemperatureVC.h; sourceTree = "<group>"; };
		52D62E832E080B0B001934A4 /* TSTemperatureVC.m */ = {isa = PBXFileReference; lastKnownFileType = sourcecode.c.objc; path = TSTemperatureVC.m; sourceTree = "<group>"; };
		52D62E852E080B0B001934A4 /* TSAutoMonitorSettingVC.h */ = {isa = PBXFileReference; lastKnownFileType = sourcecode.c.h; path = TSAutoMonitorSettingVC.h; sourceTree = "<group>"; };
		52D62E862E080B0B001934A4 /* TSAutoMonitorSettingVC.m */ = {isa = PBXFileReference; lastKnownFileType = sourcecode.c.objc; path = TSAutoMonitorSettingVC.m; sourceTree = "<group>"; };
		52D62E882E080B0B001934A4 /* TSBatteryVC.h */ = {isa = PBXFileReference; lastKnownFileType = sourcecode.c.h; path = TSBatteryVC.h; sourceTree = "<group>"; };
		52D62E892E080B0B001934A4 /* TSBatteryVC.m */ = {isa = PBXFileReference; lastKnownFileType = sourcecode.c.objc; path = TSBatteryVC.m; sourceTree = "<group>"; };
		52D62E8B2E080B0B001934A4 /* TSReminderVC.h */ = {isa = PBXFileReference; lastKnownFileType = sourcecode.c.h; path = TSReminderVC.h; sourceTree = "<group>"; };
		52D62E8C2E080B0B001934A4 /* TSReminderVC.m */ = {isa = PBXFileReference; lastKnownFileType = sourcecode.c.objc; path = TSReminderVC.m; sourceTree = "<group>"; };
		52D62E8E2E080B0B001934A4 /* TSSettingVC.h */ = {isa = PBXFileReference; lastKnownFileType = sourcecode.c.h; path = TSSettingVC.h; sourceTree = "<group>"; };
		52D62E8F2E080B0B001934A4 /* TSSettingVC.m */ = {isa = PBXFileReference; lastKnownFileType = sourcecode.c.objc; path = TSSettingVC.m; sourceTree = "<group>"; };
		52D62E912E080B0B001934A4 /* TSTimeVC.h */ = {isa = PBXFileReference; lastKnownFileType = sourcecode.c.h; path = TSTimeVC.h; sourceTree = "<group>"; };
		52D62E922E080B0B001934A4 /* TSTimeVC.m */ = {isa = PBXFileReference; lastKnownFileType = sourcecode.c.objc; path = TSTimeVC.m; sourceTree = "<group>"; };
		52D62E942E080B0B001934A4 /* TSUnitVC.h */ = {isa = PBXFileReference; lastKnownFileType = sourcecode.c.h; path = TSUnitVC.h; sourceTree = "<group>"; };
		52D62E952E080B0B001934A4 /* TSUnitVC.m */ = {isa = PBXFileReference; lastKnownFileType = sourcecode.c.objc; path = TSUnitVC.m; sourceTree = "<group>"; };
		52D62E972E080B0B001934A4 /* TSUserInfoVC.h */ = {isa = PBXFileReference; lastKnownFileType = sourcecode.c.h; path = TSUserInfoVC.h; sourceTree = "<group>"; };
		52D62E982E080B0B001934A4 /* TSUserInfoVC.m */ = {isa = PBXFileReference; lastKnownFileType = sourcecode.c.objc; path = TSUserInfoVC.m; sourceTree = "<group>"; };
		52D62E9A2E080B0B001934A4 /* TSWeatherVC.h */ = {isa = PBXFileReference; lastKnownFileType = sourcecode.c.h; path = TSWeatherVC.h; sourceTree = "<group>"; };
		52D62E9B2E080B0B001934A4 /* TSWeatherVC.m */ = {isa = PBXFileReference; lastKnownFileType = sourcecode.c.objc; path = TSWeatherVC.m; sourceTree = "<group>"; };
		52D62E9E2E080B0B001934A4 /* TSViewController.h */ = {isa = PBXFileReference; lastKnownFileType = sourcecode.c.h; path = TSViewController.h; sourceTree = "<group>"; };
		52D62E9F2E080B0B001934A4 /* TSViewController.m */ = {isa = PBXFileReference; lastKnownFileType = sourcecode.c.objc; path = TSViewController.m; sourceTree = "<group>"; };
		530505033F477FD3503518FB /* Pods_TopStepComKit_Git_Example.framework */ = {isa = PBXFileReference; explicitFileType = wrapper.framework; includeInIndex = 0; path = Pods_TopStepComKit_Git_Example.framework; sourceTree = BUILT_PRODUCTS_DIR; };
		6003F58A195388D20070C39A /* TopStepComKit-Git_Example.app */ = {isa = PBXFileReference; explicitFileType = wrapper.application; includeInIndex = 0; path = "TopStepComKit-Git_Example.app"; sourceTree = BUILT_PRODUCTS_DIR; };
		6003F58D195388D20070C39A /* Foundation.framework */ = {isa = PBXFileReference; lastKnownFileType = wrapper.framework; name = Foundation.framework; path = System/Library/Frameworks/Foundation.framework; sourceTree = SDKROOT; };
		6003F58F195388D20070C39A /* CoreGraphics.framework */ = {isa = PBXFileReference; lastKnownFileType = wrapper.framework; name = CoreGraphics.framework; path = System/Library/Frameworks/CoreGraphics.framework; sourceTree = SDKROOT; };
		6003F591195388D20070C39A /* UIKit.framework */ = {isa = PBXFileReference; lastKnownFileType = wrapper.framework; name = UIKit.framework; path = System/Library/Frameworks/UIKit.framework; sourceTree = SDKROOT; };
		6003F595195388D20070C39A /* TopStepComKit-Git-Info.plist */ = {isa = PBXFileReference; lastKnownFileType = text.plist.xml; path = "TopStepComKit-Git-Info.plist"; sourceTree = "<group>"; };
		6003F597195388D20070C39A /* en */ = {isa = PBXFileReference; lastKnownFileType = text.plist.strings; name = en; path = en.lproj/InfoPlist.strings; sourceTree = "<group>"; };
		6003F599195388D20070C39A /* main.m */ = {isa = PBXFileReference; lastKnownFileType = sourcecode.c.objc; path = main.m; sourceTree = "<group>"; };
		6003F59B195388D20070C39A /* TopStepComKit-Git-Prefix.pch */ = {isa = PBXFileReference; lastKnownFileType = sourcecode.c.h; path = "TopStepComKit-Git-Prefix.pch"; sourceTree = "<group>"; };
		6003F5A8195388D20070C39A /* Images.xcassets */ = {isa = PBXFileReference; lastKnownFileType = folder.assetcatalog; path = Images.xcassets; sourceTree = "<group>"; };
		6003F5AE195388D20070C39A /* TopStepComKit-Git_Tests.xctest */ = {isa = PBXFileReference; explicitFileType = wrapper.cfbundle; includeInIndex = 0; path = "TopStepComKit-Git_Tests.xctest"; sourceTree = BUILT_PRODUCTS_DIR; };
		6003F5AF195388D20070C39A /* XCTest.framework */ = {isa = PBXFileReference; lastKnownFileType = wrapper.framework; name = XCTest.framework; path = Library/Frameworks/XCTest.framework; sourceTree = DEVELOPER_DIR; };
		6003F5B7195388D20070C39A /* Tests-Info.plist */ = {isa = PBXFileReference; lastKnownFileType = text.plist.xml; path = "Tests-Info.plist"; sourceTree = "<group>"; };
		6003F5B9195388D20070C39A /* en */ = {isa = PBXFileReference; lastKnownFileType = text.plist.strings; name = en; path = en.lproj/InfoPlist.strings; sourceTree = "<group>"; };
		6003F5BB195388D20070C39A /* Tests.m */ = {isa = PBXFileReference; lastKnownFileType = sourcecode.c.objc; path = Tests.m; sourceTree = "<group>"; };
		606FC2411953D9B200FFA9A0 /* Tests-Prefix.pch */ = {isa = PBXFileReference; lastKnownFileType = sourcecode.c.h; path = "Tests-Prefix.pch"; sourceTree = "<group>"; };
		71719F9E1E33DC2100824A3D /* Base */ = {isa = PBXFileReference; lastKnownFileType = file.storyboard; name = Base; path = Base.lproj/LaunchScreen.storyboard; sourceTree = "<group>"; };
		873B8AEA1B1F5CCA007FD442 /* Main.storyboard */ = {isa = PBXFileReference; fileEncoding = 4; lastKnownFileType = file.storyboard; name = Main.storyboard; path = Base.lproj/Main.storyboard; sourceTree = "<group>"; };
		9CEDBB25BEC9415365FC889B /* Pods-TopStepComKit-Git_Tests.debug.xcconfig */ = {isa = PBXFileReference; includeInIndex = 1; lastKnownFileType = text.xcconfig; name = "Pods-TopStepComKit-Git_Tests.debug.xcconfig"; path = "Target Support Files/Pods-TopStepComKit-Git_Tests/Pods-TopStepComKit-Git_Tests.debug.xcconfig"; sourceTree = "<group>"; };
		ABEC47D51761E746301ADADD /* Pods-TopStepComKit-Git_Example.debug.xcconfig */ = {isa = PBXFileReference; includeInIndex = 1; lastKnownFileType = text.xcconfig; name = "Pods-TopStepComKit-Git_Example.debug.xcconfig"; path = "Target Support Files/Pods-TopStepComKit-Git_Example/Pods-TopStepComKit-Git_Example.debug.xcconfig"; sourceTree = "<group>"; };
		AF715EB562EA2E6588D07789 /* LICENSE */ = {isa = PBXFileReference; includeInIndex = 1; lastKnownFileType = text; name = LICENSE; path = ../LICENSE; sourceTree = "<group>"; };
		BADC77773B9A196EE1E2DB17 /* Pods_TopStepComKit_Git_Tests.framework */ = {isa = PBXFileReference; explicitFileType = wrapper.framework; includeInIndex = 0; path = Pods_TopStepComKit_Git_Tests.framework; sourceTree = BUILT_PRODUCTS_DIR; };
		ECFB937E6D41382E17406D77 /* Pods-TopStepComKit-Git_Tests.release.xcconfig */ = {isa = PBXFileReference; includeInIndex = 1; lastKnownFileType = text.xcconfig; name = "Pods-TopStepComKit-Git_Tests.release.xcconfig"; path = "Target Support Files/Pods-TopStepComKit-Git_Tests/Pods-TopStepComKit-Git_Tests.release.xcconfig"; sourceTree = "<group>"; };
		FBFBDD4490E275ED7FC0023C /* Pods-TopStepComKit-Git_Example.release.xcconfig */ = {isa = PBXFileReference; includeInIndex = 1; lastKnownFileType = text.xcconfig; name = "Pods-TopStepComKit-Git_Example.release.xcconfig"; path = "Target Support Files/Pods-TopStepComKit-Git_Example/Pods-TopStepComKit-Git_Example.release.xcconfig"; sourceTree = "<group>"; };
/* End PBXFileReference section */

/* Begin PBXFrameworksBuildPhase section */
		6003F587195388D20070C39A /* Frameworks */ = {
			isa = PBXFrameworksBuildPhase;
			buildActionMask = 2147483647;
			files = (
				6003F590195388D20070C39A /* CoreGraphics.framework in Frameworks */,
				6003F592195388D20070C39A /* UIKit.framework in Frameworks */,
				6003F58E195388D20070C39A /* Foundation.framework in Frameworks */,
				69A73A18E896B52108733F9F /* Pods_TopStepComKit_Git_Example.framework in Frameworks */,
			);
			runOnlyForDeploymentPostprocessing = 0;
		};
		6003F5AB195388D20070C39A /* Frameworks */ = {
			isa = PBXFrameworksBuildPhase;
			buildActionMask = 2147483647;
			files = (
				6003F5B0195388D20070C39A /* XCTest.framework in Frameworks */,
				6003F5B2195388D20070C39A /* UIKit.framework in Frameworks */,
				6003F5B1195388D20070C39A /* Foundation.framework in Frameworks */,
				7185FF6EA140085DB4D35B64 /* Pods_TopStepComKit_Git_Tests.framework in Frameworks */,
			);
			runOnlyForDeploymentPostprocessing = 0;
		};
/* End PBXFrameworksBuildPhase section */

/* Begin PBXGroup section */
		52D62E322E080B0B001934A4 /* AppDelegate */ = {
			isa = PBXGroup;
			children = (
				52D62E302E080B0B001934A4 /* TSAppDelegate.h */,
				52D62E312E080B0B001934A4 /* TSAppDelegate.m */,
			);
			path = AppDelegate;
			sourceTree = "<group>";
		};
		52D62E352E080B0B001934A4 /* Model */ = {
			isa = PBXGroup;
			children = (
				52D62E332E080B0B001934A4 /* TSValueModel.h */,
				52D62E342E080B0B001934A4 /* TSValueModel.m */,
			);
			path = Model;
			sourceTree = "<group>";
		};
		52D62E382E080B0B001934A4 /* VC */ = {
			isa = PBXGroup;
			children = (
				52D62E362E080B0B001934A4 /* TSBaseVC.h */,
				52D62E372E080B0B001934A4 /* TSBaseVC.m */,
			);
			path = VC;
			sourceTree = "<group>";
		};
		52D62E3B2E080B0B001934A4 /* View */ = {
			isa = PBXGroup;
			children = (
				52D62E392E080B0B001934A4 /* TSTableViewCell.h */,
				52D62E3A2E080B0B001934A4 /* TSTableViewCell.m */,
			);
			path = View;
			sourceTree = "<group>";
		};
		52D62E3C2E080B0B001934A4 /* BaseVC */ = {
			isa = PBXGroup;
			children = (
				52D62E352E080B0B001934A4 /* Model */,
				52D62E382E080B0B001934A4 /* VC */,
				52D62E3B2E080B0B001934A4 /* View */,
			);
			path = BaseVC;
			sourceTree = "<group>";
		};
		52D62E3F2E080B0B001934A4 /* ActivityMeasure */ = {
			isa = PBXGroup;
			children = (
				52D62E3D2E080B0B001934A4 /* TSActivityMeasureVC.h */,
				52D62E3E2E080B0B001934A4 /* TSActivityMeasureVC.m */,
			);
			path = ActivityMeasure;
			sourceTree = "<group>";
		};
		52D62E422E080B0B001934A4 /* AlarmClock */ = {
			isa = PBXGroup;
			children = (
				52D62E402E080B0B001934A4 /* TSAlarmClockVC.h */,
				52D62E412E080B0B001934A4 /* TSAlarmClockVC.m */,
			);
			path = AlarmClock;
			sourceTree = "<group>";
		};
		52D62E452E080B0B001934A4 /* BleConnect */ = {
			isa = PBXGroup;
			children = (
				52D62E432E080B0B001934A4 /* TSBleConnectVC.h */,
				52D62E442E080B0B001934A4 /* TSBleConnectVC.m */,
			);
			path = BleConnect;
			sourceTree = "<group>";
		};
		52D62E482E080B0B001934A4 /* BloodOxygen */ = {
			isa = PBXGroup;
			children = (
				52D62E462E080B0B001934A4 /* TSBloodOxygenVC.h */,
				52D62E472E080B0B001934A4 /* TSBloodOxygenVC.m */,
			);
			path = BloodOxygen;
			sourceTree = "<group>";
		};
		52D62E4B2E080B0B001934A4 /* BloodPressure */ = {
			isa = PBXGroup;
			children = (
				52D62E492E080B0B001934A4 /* TSBloodPressureVC.h */,
				52D62E4A2E080B0B001934A4 /* TSBloodPressureVC.m */,
			);
			path = BloodPressure;
			sourceTree = "<group>";
		};
		52D62E4E2E080B0B001934A4 /* CameraTakePhoto */ = {
			isa = PBXGroup;
			children = (
				52D62E4C2E080B0B001934A4 /* TSTakePhotoVC.h */,
				52D62E4D2E080B0B001934A4 /* TSTakePhotoVC.m */,
			);
			path = CameraTakePhoto;
			sourceTree = "<group>";
		};
		52D62E512E080B0B001934A4 /* Contact */ = {
			isa = PBXGroup;
			children = (
				52D62E4F2E080B0B001934A4 /* TSContactVC.h */,
				52D62E502E080B0B001934A4 /* TSContactVC.m */,
			);
			path = Contact;
			sourceTree = "<group>";
		};
		52D62E542E080B0B001934A4 /* DailyActivity */ = {
			isa = PBXGroup;
			children = (
				52D62E522E080B0B001934A4 /* TSDailyActivityVC.h */,
				52D62E532E080B0B001934A4 /* TSDailyActivityVC.m */,
			);
			path = DailyActivity;
			sourceTree = "<group>";
		};
		52D62E572E080B0B001934A4 /* DailyExerciseGoal */ = {
			isa = PBXGroup;
			children = (
				52D62E552E080B0B001934A4 /* TSDailyExerciseGoalVC.h */,
				52D62E562E080B0B001934A4 /* TSDailyExerciseGoalVC.m */,
			);
			path = DailyExerciseGoal;
			sourceTree = "<group>";
		};
		52D62E5A2E080B0B001934A4 /* DataSync */ = {
			isa = PBXGroup;
			children = (
				52D62E582E080B0B001934A4 /* TSDataSyncVC.h */,
				52D62E592E080B0B001934A4 /* TSDataSyncVC.m */,
			);
			path = DataSync;
			sourceTree = "<group>";
		};
		52D62E5D2E080B0B001934A4 /* Electrocardio */ = {
			isa = PBXGroup;
			children = (
				52D62E5B2E080B0B001934A4 /* TSElectrocardioVC.h */,
				52D62E5C2E080B0B001934A4 /* TSElectrocardioVC.m */,
			);
			path = Electrocardio;
			sourceTree = "<group>";
		};
		52D62E602E080B0B001934A4 /* FileOTA */ = {
			isa = PBXGroup;
			children = (
				52D62E5E2E080B0B001934A4 /* TSFileOTAVC.h */,
				52D62E5F2E080B0B001934A4 /* TSFileOTAVC.m */,
			);
			path = FileOTA;
			sourceTree = "<group>";
		};
		52D62E632E080B0B001934A4 /* Glasses */ = {
			isa = PBXGroup;
			children = (
				52D62E612E080B0B001934A4 /* TSGlassesVC.h */,
				52D62E622E080B0B001934A4 /* TSGlassesVC.m */,
			);
			path = Glasses;
			sourceTree = "<group>";
		};
		52D62E662E080B0B001934A4 /* HearRate */ = {
			isa = PBXGroup;
			children = (
				52D62E642E080B0B001934A4 /* TSHearRateVC.h */,
				52D62E652E080B0B001934A4 /* TSHearRateVC.m */,
			);
			path = HearRate;
			sourceTree = "<group>";
		};
		52D62E692E080B0B001934A4 /* Languages */ = {
			isa = PBXGroup;
			children = (
				52D62E672E080B0B001934A4 /* TSLanguagesVC.h */,
				52D62E682E080B0B001934A4 /* TSLanguagesVC.m */,
			);
			path = Languages;
			sourceTree = "<group>";
		};
		52D62E6C2E080B0B001934A4 /* Message */ = {
			isa = PBXGroup;
			children = (
				52D62E6A2E080B0B001934A4 /* TSMessageVC.h */,
				52D62E6B2E080B0B001934A4 /* TSMessageVC.m */,
			);
			path = Message;
			sourceTree = "<group>";
		};
		52D62E6F2E080B0B001934A4 /* PeripheralDial */ = {
			isa = PBXGroup;
			children = (
				52D62E6D2E080B0B001934A4 /* TSPeripheralDialVC.h */,
				52D62E6E2E080B0B001934A4 /* TSPeripheralDialVC.m */,
			);
			path = PeripheralDial;
			sourceTree = "<group>";
		};
		52D62E722E080B0B001934A4 /* PeripheralFind */ = {
			isa = PBXGroup;
			children = (
				52D62E702E080B0B001934A4 /* TSPeripheralFindVC.h */,
				52D62E712E080B0B001934A4 /* TSPeripheralFindVC.m */,
			);
			path = PeripheralFind;
			sourceTree = "<group>";
		};
		52D62E752E080B0B001934A4 /* PeripheralInfo */ = {
			isa = PBXGroup;
			children = (
				52D62E732E080B0B001934A4 /* TSPeripheralInfoVC.h */,
				52D62E742E080B0B001934A4 /* TSPeripheralInfoVC.m */,
			);
			path = PeripheralInfo;
			sourceTree = "<group>";
		};
		52D62E782E080B0B001934A4 /* RemoteControl */ = {
			isa = PBXGroup;
			children = (
				52D62E762E080B0B001934A4 /* TSRemoteControlVC.h */,
				52D62E772E080B0B001934A4 /* TSRemoteControlVC.m */,
			);
			path = RemoteControl;
			sourceTree = "<group>";
		};
		52D62E7B2E080B0B001934A4 /* Sleep */ = {
			isa = PBXGroup;
			children = (
				52D62E792E080B0B001934A4 /* TSSleepVC.h */,
				52D62E7A2E080B0B001934A4 /* TSSleepVC.m */,
			);
			path = Sleep;
			sourceTree = "<group>";
		};
		52D62E7E2E080B0B001934A4 /* Sport */ = {
			isa = PBXGroup;
			children = (
				52D62E7C2E080B0B001934A4 /* TSSportVC.h */,
				52D62E7D2E080B0B001934A4 /* TSSportVC.m */,
			);
			path = Sport;
			sourceTree = "<group>";
		};
		52D62E812E080B0B001934A4 /* Stress */ = {
			isa = PBXGroup;
			children = (
				52D62E7F2E080B0B001934A4 /* TSStressVC.h */,
				52D62E802E080B0B001934A4 /* TSStressVC.m */,
			);
			path = Stress;
			sourceTree = "<group>";
		};
		52D62E842E080B0B001934A4 /* Temperature */ = {
			isa = PBXGroup;
			children = (
				52D62E822E080B0B001934A4 /* TSTemperatureVC.h */,
				52D62E832E080B0B001934A4 /* TSTemperatureVC.m */,
			);
			path = Temperature;
			sourceTree = "<group>";
		};
		52D62E872E080B0B001934A4 /* TSAutoMonitorSetting */ = {
			isa = PBXGroup;
			children = (
				52D62E852E080B0B001934A4 /* TSAutoMonitorSettingVC.h */,
				52D62E862E080B0B001934A4 /* TSAutoMonitorSettingVC.m */,
			);
			path = TSAutoMonitorSetting;
			sourceTree = "<group>";
		};
		52D62E8A2E080B0B001934A4 /* TSBattery */ = {
			isa = PBXGroup;
			children = (
				52D62E882E080B0B001934A4 /* TSBatteryVC.h */,
				52D62E892E080B0B001934A4 /* TSBatteryVC.m */,
			);
			path = TSBattery;
			sourceTree = "<group>";
		};
		52D62E8D2E080B0B001934A4 /* TSReminder */ = {
			isa = PBXGroup;
			children = (
				52D62E8B2E080B0B001934A4 /* TSReminderVC.h */,
				52D62E8C2E080B0B001934A4 /* TSReminderVC.m */,
			);
			path = TSReminder;
			sourceTree = "<group>";
		};
		52D62E902E080B0B001934A4 /* TSSetting */ = {
			isa = PBXGroup;
			children = (
				52D62E8E2E080B0B001934A4 /* TSSettingVC.h */,
				52D62E8F2E080B0B001934A4 /* TSSettingVC.m */,
			);
			path = TSSetting;
			sourceTree = "<group>";
		};
		52D62E932E080B0B001934A4 /* TSTime */ = {
			isa = PBXGroup;
			children = (
				52D62E912E080B0B001934A4 /* TSTimeVC.h */,
				52D62E922E080B0B001934A4 /* TSTimeVC.m */,
			);
			path = TSTime;
			sourceTree = "<group>";
		};
		52D62E962E080B0B001934A4 /* TSUnit */ = {
			isa = PBXGroup;
			children = (
				52D62E942E080B0B001934A4 /* TSUnitVC.h */,
				52D62E952E080B0B001934A4 /* TSUnitVC.m */,
			);
			path = TSUnit;
			sourceTree = "<group>";
		};
		52D62E992E080B0B001934A4 /* UserInfo */ = {
			isa = PBXGroup;
			children = (
				52D62E972E080B0B001934A4 /* TSUserInfoVC.h */,
				52D62E982E080B0B001934A4 /* TSUserInfoVC.m */,
			);
			path = UserInfo;
			sourceTree = "<group>";
		};
		52D62E9C2E080B0B001934A4 /* Weather */ = {
			isa = PBXGroup;
			children = (
				52D62E9A2E080B0B001934A4 /* TSWeatherVC.h */,
				52D62E9B2E080B0B001934A4 /* TSWeatherVC.m */,
			);
			path = Weather;
			sourceTree = "<group>";
		};
		52D62E9D2E080B0B001934A4 /* Functions */ = {
			isa = PBXGroup;
			children = (
				52D62E3F2E080B0B001934A4 /* ActivityMeasure */,
				52D62E422E080B0B001934A4 /* AlarmClock */,
				52D62E452E080B0B001934A4 /* BleConnect */,
				52D62E482E080B0B001934A4 /* BloodOxygen */,
				52D62E4B2E080B0B001934A4 /* BloodPressure */,
				52D62E4E2E080B0B001934A4 /* CameraTakePhoto */,
				52D62E512E080B0B001934A4 /* Contact */,
				52D62E542E080B0B001934A4 /* DailyActivity */,
				52D62E572E080B0B001934A4 /* DailyExerciseGoal */,
				52D62E5A2E080B0B001934A4 /* DataSync */,
				52D62E5D2E080B0B001934A4 /* Electrocardio */,
				52D62E602E080B0B001934A4 /* FileOTA */,
				52D62E632E080B0B001934A4 /* Glasses */,
				52D62E662E080B0B001934A4 /* HearRate */,
				52D62E692E080B0B001934A4 /* Languages */,
				52D62E6C2E080B0B001934A4 /* Message */,
				52D62E6F2E080B0B001934A4 /* PeripheralDial */,
				52D62E722E080B0B001934A4 /* PeripheralFind */,
				52D62E752E080B0B001934A4 /* PeripheralInfo */,
				52D62E782E080B0B001934A4 /* RemoteControl */,
				52D62E7B2E080B0B001934A4 /* Sleep */,
				52D62E7E2E080B0B001934A4 /* Sport */,
				52D62E812E080B0B001934A4 /* Stress */,
				52D62E842E080B0B001934A4 /* Temperature */,
				52D62E872E080B0B001934A4 /* TSAutoMonitorSetting */,
				52D62E8A2E080B0B001934A4 /* TSBattery */,
				52D62E8D2E080B0B001934A4 /* TSReminder */,
				52D62E902E080B0B001934A4 /* TSSetting */,
				52D62E932E080B0B001934A4 /* TSTime */,
				52D62E962E080B0B001934A4 /* TSUnit */,
				52D62E992E080B0B001934A4 /* UserInfo */,
				52D62E9C2E080B0B001934A4 /* Weather */,
			);
			path = Functions;
			sourceTree = "<group>";
		};
		52D62EA02E080B0B001934A4 /* Home */ = {
			isa = PBXGroup;
			children = (
				52D62E9E2E080B0B001934A4 /* TSViewController.h */,
				52D62E9F2E080B0B001934A4 /* TSViewController.m */,
			);
			path = Home;
			sourceTree = "<group>";
		};
		52D62EA12E080B0B001934A4 /* Source */ = {
			isa = PBXGroup;
			children = (
				52D62E322E080B0B001934A4 /* AppDelegate */,
				52D62E3C2E080B0B001934A4 /* BaseVC */,
				52D62E9D2E080B0B001934A4 /* Functions */,
				52D62EA02E080B0B001934A4 /* Home */,
			);
			path = Source;
			sourceTree = "<group>";
		};
		6003F581195388D10070C39A = {
			isa = PBXGroup;
			children = (
				60FF7A9C1954A5C5007DD14C /* Podspec Metadata */,
				6003F593195388D20070C39A /* Example for TopStepComKit-Git */,
				6003F5B5195388D20070C39A /* Tests */,
				6003F58C195388D20070C39A /* Frameworks */,
				6003F58B195388D20070C39A /* Products */,
				C8E1020DBA77C560D0FD0821 /* Pods */,
			);
			sourceTree = "<group>";
		};
		6003F58B195388D20070C39A /* Products */ = {
			isa = PBXGroup;
			children = (
				6003F58A195388D20070C39A /* TopStepComKit-Git_Example.app */,
				6003F5AE195388D20070C39A /* TopStepComKit-Git_Tests.xctest */,
			);
			name = Products;
			sourceTree = "<group>";
		};
		6003F58C195388D20070C39A /* Frameworks */ = {
			isa = PBXGroup;
			children = (
				6003F58D195388D20070C39A /* Foundation.framework */,
				6003F58F195388D20070C39A /* CoreGraphics.framework */,
				6003F591195388D20070C39A /* UIKit.framework */,
				6003F5AF195388D20070C39A /* XCTest.framework */,
				530505033F477FD3503518FB /* Pods_TopStepComKit_Git_Example.framework */,
				BADC77773B9A196EE1E2DB17 /* Pods_TopStepComKit_Git_Tests.framework */,
			);
			name = Frameworks;
			sourceTree = "<group>";
		};
		6003F593195388D20070C39A /* Example for TopStepComKit-Git */ = {
			isa = PBXGroup;
			children = (
				52D62EA12E080B0B001934A4 /* Source */,
				873B8AEA1B1F5CCA007FD442 /* Main.storyboard */,
				71719F9D1E33DC2100824A3D /* LaunchScreen.storyboard */,
				6003F5A8195388D20070C39A /* Images.xcassets */,
				6003F594195388D20070C39A /* Supporting Files */,
			);
			name = "Example for TopStepComKit-Git";
			path = "TopStepComKit-Git";
			sourceTree = "<group>";
		};
		6003F594195388D20070C39A /* Supporting Files */ = {
			isa = PBXGroup;
			children = (
				6003F595195388D20070C39A /* TopStepComKit-Git-Info.plist */,
				6003F596195388D20070C39A /* InfoPlist.strings */,
				6003F599195388D20070C39A /* main.m */,
				6003F59B195388D20070C39A /* TopStepComKit-Git-Prefix.pch */,
			);
			name = "Supporting Files";
			sourceTree = "<group>";
		};
		6003F5B5195388D20070C39A /* Tests */ = {
			isa = PBXGroup;
			children = (
				6003F5BB195388D20070C39A /* Tests.m */,
				6003F5B6195388D20070C39A /* Supporting Files */,
			);
			path = Tests;
			sourceTree = "<group>";
		};
		6003F5B6195388D20070C39A /* Supporting Files */ = {
			isa = PBXGroup;
			children = (
				6003F5B7195388D20070C39A /* Tests-Info.plist */,
				6003F5B8195388D20070C39A /* InfoPlist.strings */,
				606FC2411953D9B200FFA9A0 /* Tests-Prefix.pch */,
			);
			name = "Supporting Files";
			sourceTree = "<group>";
		};
		60FF7A9C1954A5C5007DD14C /* Podspec Metadata */ = {
			isa = PBXGroup;
			children = (
				106A857CA600DB4F072C90EA /* TopStepComKit-Git.podspec */,
				13C687AE8F6224B58DCD2BB0 /* README.md */,
				AF715EB562EA2E6588D07789 /* LICENSE */,
			);
			name = "Podspec Metadata";
			sourceTree = "<group>";
		};
		C8E1020DBA77C560D0FD0821 /* Pods */ = {
			isa = PBXGroup;
			children = (
				ABEC47D51761E746301ADADD /* Pods-TopStepComKit-Git_Example.debug.xcconfig */,
				FBFBDD4490E275ED7FC0023C /* Pods-TopStepComKit-Git_Example.release.xcconfig */,
				9CEDBB25BEC9415365FC889B /* Pods-TopStepComKit-Git_Tests.debug.xcconfig */,
				ECFB937E6D41382E17406D77 /* Pods-TopStepComKit-Git_Tests.release.xcconfig */,
			);
			path = Pods;
			sourceTree = "<group>";
		};
/* End PBXGroup section */

/* Begin PBXNativeTarget section */
		6003F589195388D20070C39A /* TopStepComKit-Git_Example */ = {
			isa = PBXNativeTarget;
			buildConfigurationList = 6003F5BF195388D20070C39A /* Build configuration list for PBXNativeTarget "TopStepComKit-Git_Example" */;
			buildPhases = (
				2794A1B93AE48D99064FEF4D /* [CP] Check Pods Manifest.lock */,
				6003F586195388D20070C39A /* Sources */,
				6003F587195388D20070C39A /* Frameworks */,
				6003F588195388D20070C39A /* Resources */,
				E722906A15BDCCDC01C347F3 /* [CP] Embed Pods Frameworks */,
				5224BC1612857A5C34207E92 /* [CP] Copy Pods Resources */,
			);
			buildRules = (
			);
			dependencies = (
			);
			name = "TopStepComKit-Git_Example";
			productName = "TopStepComKit-Git";
			productReference = 6003F58A195388D20070C39A /* TopStepComKit-Git_Example.app */;
			productType = "com.apple.product-type.application";
		};
		6003F5AD195388D20070C39A /* TopStepComKit-Git_Tests */ = {
			isa = PBXNativeTarget;
			buildConfigurationList = 6003F5C2195388D20070C39A /* Build configuration list for PBXNativeTarget "TopStepComKit-Git_Tests" */;
			buildPhases = (
				32E74F8FBF5E67D1E5A6DE40 /* [CP] Check Pods Manifest.lock */,
				6003F5AA195388D20070C39A /* Sources */,
				6003F5AB195388D20070C39A /* Frameworks */,
				6003F5AC195388D20070C39A /* Resources */,
			);
			buildRules = (
			);
			dependencies = (
				6003F5B4195388D20070C39A /* PBXTargetDependency */,
			);
			name = "TopStepComKit-Git_Tests";
			productName = "TopStepComKit-GitTests";
			productReference = 6003F5AE195388D20070C39A /* TopStepComKit-Git_Tests.xctest */;
			productType = "com.apple.product-type.bundle.unit-test";
		};
/* End PBXNativeTarget section */

/* Begin PBXProject section */
		6003F582195388D10070C39A /* Project object */ = {
			isa = PBXProject;
			attributes = {
				CLASSPREFIX = TS;
				LastUpgradeCheck = 0720;
				ORGANIZATIONNAME = "rd@hetangsmart.com";
				TargetAttributes = {
					6003F589195388D20070C39A = {
						DevelopmentTeam = VL86EEGG3N;
					};
					6003F5AD195388D20070C39A = {
						TestTargetID = 6003F589195388D20070C39A;
					};
				};
			};
			buildConfigurationList = 6003F585195388D10070C39A /* Build configuration list for PBXProject "TopStepComKit-Git" */;
			compatibilityVersion = "Xcode 3.2";
			developmentRegion = English;
			hasScannedForEncodings = 0;
			knownRegions = (
				English,
				en,
				Base,
			);
			mainGroup = 6003F581195388D10070C39A;
			productRefGroup = 6003F58B195388D20070C39A /* Products */;
			projectDirPath = "";
			projectRoot = "";
			targets = (
				6003F589195388D20070C39A /* TopStepComKit-Git_Example */,
				6003F5AD195388D20070C39A /* TopStepComKit-Git_Tests */,
			);
		};
/* End PBXProject section */

/* Begin PBXResourcesBuildPhase section */
		6003F588195388D20070C39A /* Resources */ = {
			isa = PBXResourcesBuildPhase;
			buildActionMask = 2147483647;
			files = (
				873B8AEB1B1F5CCA007FD442 /* Main.storyboard in Resources */,
				71719F9F1E33DC2100824A3D /* LaunchScreen.storyboard in Resources */,
				6003F5A9195388D20070C39A /* Images.xcassets in Resources */,
				6003F598195388D20070C39A /* InfoPlist.strings in Resources */,
			);
			runOnlyForDeploymentPostprocessing = 0;
		};
		6003F5AC195388D20070C39A /* Resources */ = {
			isa = PBXResourcesBuildPhase;
			buildActionMask = 2147483647;
			files = (
				6003F5BA195388D20070C39A /* InfoPlist.strings in Resources */,
			);
			runOnlyForDeploymentPostprocessing = 0;
		};
/* End PBXResourcesBuildPhase section */

/* Begin PBXShellScriptBuildPhase section */
		2794A1B93AE48D99064FEF4D /* [CP] Check Pods Manifest.lock */ = {
			isa = PBXShellScriptBuildPhase;
			buildActionMask = 2147483647;
			files = (
			);
			inputFileListPaths = (
			);
			inputPaths = (
				"${PODS_PODFILE_DIR_PATH}/Podfile.lock",
				"${PODS_ROOT}/Manifest.lock",
			);
			name = "[CP] Check Pods Manifest.lock";
			outputFileListPaths = (
			);
			outputPaths = (
				"$(DERIVED_FILE_DIR)/Pods-TopStepComKit-Git_Example-checkManifestLockResult.txt",
			);
			runOnlyForDeploymentPostprocessing = 0;
			shellPath = /bin/sh;
			shellScript = "diff \"${PODS_PODFILE_DIR_PATH}/Podfile.lock\" \"${PODS_ROOT}/Manifest.lock\" > /dev/null\nif [ $? != 0 ] ; then\n    # print error to STDERR\n    echo \"error: The sandbox is not in sync with the Podfile.lock. Run 'pod install' or update your CocoaPods installation.\" >&2\n    exit 1\nfi\n# This output is used by Xcode 'outputs' to avoid re-running this script phase.\necho \"SUCCESS\" > \"${SCRIPT_OUTPUT_FILE_0}\"\n";
			showEnvVarsInLog = 0;
		};
		32E74F8FBF5E67D1E5A6DE40 /* [CP] Check Pods Manifest.lock */ = {
			isa = PBXShellScriptBuildPhase;
			buildActionMask = 2147483647;
			files = (
			);
			inputFileListPaths = (
			);
			inputPaths = (
				"${PODS_PODFILE_DIR_PATH}/Podfile.lock",
				"${PODS_ROOT}/Manifest.lock",
			);
			name = "[CP] Check Pods Manifest.lock";
			outputFileListPaths = (
			);
			outputPaths = (
				"$(DERIVED_FILE_DIR)/Pods-TopStepComKit-Git_Tests-checkManifestLockResult.txt",
			);
			runOnlyForDeploymentPostprocessing = 0;
			shellPath = /bin/sh;
			shellScript = "diff \"${PODS_PODFILE_DIR_PATH}/Podfile.lock\" \"${PODS_ROOT}/Manifest.lock\" > /dev/null\nif [ $? != 0 ] ; then\n    # print error to STDERR\n    echo \"error: The sandbox is not in sync with the Podfile.lock. Run 'pod install' or update your CocoaPods installation.\" >&2\n    exit 1\nfi\n# This output is used by Xcode 'outputs' to avoid re-running this script phase.\necho \"SUCCESS\" > \"${SCRIPT_OUTPUT_FILE_0}\"\n";
			showEnvVarsInLog = 0;
		};
		5224BC1612857A5C34207E92 /* [CP] Copy Pods Resources */ = {
			isa = PBXShellScriptBuildPhase;
			buildActionMask = 2147483647;
			files = (
			);
			inputPaths = (
				"${PODS_ROOT}/Target Support Files/Pods-TopStepComKit-Git_Example/Pods-TopStepComKit-Git_Example-resources.sh",
				"${PODS_ROOT}/../../TopStepComKit-Git/Classes/FitCoreImp/FitCloudDFUKit.bundle",
				"${PODS_ROOT}/../../TopStepComKit-Git/Classes/FitCoreImp/FitCloudKit.bundle",
				"${PODS_ROOT}/../../TopStepComKit-Git/Classes/FitCoreImp/FitCloudNWFKit.bundle",
				"${PODS_ROOT}/../../TopStepComKit-Git/Classes/FitCoreImp/FitCloudWFKit.bundle",
				"${PODS_ROOT}/../../TopStepComKit-Git/Classes/FwCoreImp/WearApi.bundle",
			);
			name = "[CP] Copy Pods Resources";
			outputPaths = (
				"${TARGET_BUILD_DIR}/${UNLOCALIZED_RESOURCES_FOLDER_PATH}/FitCloudDFUKit.bundle",
				"${TARGET_BUILD_DIR}/${UNLOCALIZED_RESOURCES_FOLDER_PATH}/FitCloudKit.bundle",
				"${TARGET_BUILD_DIR}/${UNLOCALIZED_RESOURCES_FOLDER_PATH}/FitCloudNWFKit.bundle",
				"${TARGET_BUILD_DIR}/${UNLOCALIZED_RESOURCES_FOLDER_PATH}/FitCloudWFKit.bundle",
				"${TARGET_BUILD_DIR}/${UNLOCALIZED_RESOURCES_FOLDER_PATH}/WearApi.bundle",
			);
			runOnlyForDeploymentPostprocessing = 0;
			shellPath = /bin/sh;
			shellScript = "\"${PODS_ROOT}/Target Support Files/Pods-TopStepComKit-Git_Example/Pods-TopStepComKit-Git_Example-resources.sh\"\n";
			showEnvVarsInLog = 0;
		};
		E722906A15BDCCDC01C347F3 /* [CP] Embed Pods Frameworks */ = {
			isa = PBXShellScriptBuildPhase;
			buildActionMask = 2147483647;
			files = (
			);
			inputPaths = (
				"${PODS_ROOT}/Target Support Files/Pods-TopStepComKit-Git_Example/Pods-TopStepComKit-Git_Example-frameworks.sh",
				"${BUILT_PRODUCTS_DIR}/BitByteData/BitByteData.framework",
				"${BUILT_PRODUCTS_DIR}/HandyJSON/HandyJSON.framework",
				"${BUILT_PRODUCTS_DIR}/MBProgressHUD/MBProgressHUD.framework",
				"${BUILT_PRODUCTS_DIR}/Masonry/Masonry.framework",
				"${BUILT_PRODUCTS_DIR}/PromiseKit/PromiseKit.framework",
				"${BUILT_PRODUCTS_DIR}/ReactiveObjC/ReactiveObjC.framework",
				"${BUILT_PRODUCTS_DIR}/RxCocoa/RxCocoa.framework",
				"${BUILT_PRODUCTS_DIR}/RxRelay/RxRelay.framework",
				"${BUILT_PRODUCTS_DIR}/RxSwift/RxSwift.framework",
				"${BUILT_PRODUCTS_DIR}/SDWebImage/SDWebImage.framework",
				"${BUILT_PRODUCTS_DIR}/SWCompression/SWCompression.framework",
				"${BUILT_PRODUCTS_DIR}/SwiftyJSON/SwiftyJSON.framework",
				"${BUILT_PRODUCTS_DIR}/TSFoundation/TSFoundation.framework",
				"${PODS_ROOT}/../../TopStepComKit-Git/Classes/SJCoreImp/h264encoder.framework",
				"${PODS_ROOT}/../../TopStepComKit-Git/Classes/SJCoreImp/opus-ios.framework",
				"${PODS_ROOT}/../../TopStepComKit-Git/Classes/SJCoreImp/SJWatchLib.framework",
				"${PODS_ROOT}/../../TopStepComKit-Git/Classes/SJCoreImp/TLOCP.framework",
				"${PODS_ROOT}/../../TopStepComKit-Git/Classes/SJCoreImp/UNIWatchMate.framework",
				"${BUILT_PRODUCTS_DIR}/YYCategories/YYCategories.framework",
				"${BUILT_PRODUCTS_DIR}/ZIPFoundation/ZIPFoundation.framework",
				"${BUILT_PRODUCTS_DIR}/iOSDFULibrary/iOSDFULibrary.framework",
				"${BUILT_PRODUCTS_DIR}/lottie-ios/Lottie.framework",
				"${BUILT_PRODUCTS_DIR}/zipzap/zipzap.framework",
				"${PODS_XCFRAMEWORKS_BUILD_DIR}/TopStepComKit-Git/FitCoreImp/ABParTool.framework/ABParTool",
				"${PODS_XCFRAMEWORKS_BUILD_DIR}/TopStepComKit-Git/FitCoreImp/RTKLEFoundation.framework/RTKLEFoundation",
				"${PODS_XCFRAMEWORKS_BUILD_DIR}/TopStepComKit-Git/FitCoreImp/RTKLocalPlaybackSDK.framework/RTKLocalPlaybackSDK",
				"${PODS_XCFRAMEWORKS_BUILD_DIR}/TopStepComKit-Git/FitCoreImp/RTKOTASDK.framework/RTKOTASDK",
				"${PODS_XCFRAMEWORKS_BUILD_DIR}/TopStepComKit-Git/Foundation/TopStepInterfaceKit.framework/TopStepInterfaceKit",
				"${PODS_XCFRAMEWORKS_BUILD_DIR}/TopStepComKit-Git/Foundation/TopStepToolKit.framework/TopStepToolKit",
				"${PODS_XCFRAMEWORKS_BUILD_DIR}/TopStepComKit-Git/SJCoreImp/TopStepSJWatchKit.framework/TopStepSJWatchKit",
			);
			name = "[CP] Embed Pods Frameworks";
			outputPaths = (
				"${TARGET_BUILD_DIR}/${FRAMEWORKS_FOLDER_PATH}/BitByteData.framework",
				"${TARGET_BUILD_DIR}/${FRAMEWORKS_FOLDER_PATH}/HandyJSON.framework",
				"${TARGET_BUILD_DIR}/${FRAMEWORKS_FOLDER_PATH}/MBProgressHUD.framework",
				"${TARGET_BUILD_DIR}/${FRAMEWORKS_FOLDER_PATH}/Masonry.framework",
				"${TARGET_BUILD_DIR}/${FRAMEWORKS_FOLDER_PATH}/PromiseKit.framework",
				"${TARGET_BUILD_DIR}/${FRAMEWORKS_FOLDER_PATH}/ReactiveObjC.framework",
				"${TARGET_BUILD_DIR}/${FRAMEWORKS_FOLDER_PATH}/RxCocoa.framework",
				"${TARGET_BUILD_DIR}/${FRAMEWORKS_FOLDER_PATH}/RxRelay.framework",
				"${TARGET_BUILD_DIR}/${FRAMEWORKS_FOLDER_PATH}/RxSwift.framework",
				"${TARGET_BUILD_DIR}/${FRAMEWORKS_FOLDER_PATH}/SDWebImage.framework",
				"${TARGET_BUILD_DIR}/${FRAMEWORKS_FOLDER_PATH}/SWCompression.framework",
				"${TARGET_BUILD_DIR}/${FRAMEWORKS_FOLDER_PATH}/SwiftyJSON.framework",
				"${TARGET_BUILD_DIR}/${FRAMEWORKS_FOLDER_PATH}/TSFoundation.framework",
				"${TARGET_BUILD_DIR}/${FRAMEWORKS_FOLDER_PATH}/h264encoder.framework",
				"${TARGET_BUILD_DIR}/${FRAMEWORKS_FOLDER_PATH}/opus-ios.framework",
				"${TARGET_BUILD_DIR}/${FRAMEWORKS_FOLDER_PATH}/SJWatchLib.framework",
				"${TARGET_BUILD_DIR}/${FRAMEWORKS_FOLDER_PATH}/TLOCP.framework",
				"${TARGET_BUILD_DIR}/${FRAMEWORKS_FOLDER_PATH}/UNIWatchMate.framework",
				"${TARGET_BUILD_DIR}/${FRAMEWORKS_FOLDER_PATH}/YYCategories.framework",
				"${TARGET_BUILD_DIR}/${FRAMEWORKS_FOLDER_PATH}/ZIPFoundation.framework",
				"${TARGET_BUILD_DIR}/${FRAMEWORKS_FOLDER_PATH}/iOSDFULibrary.framework",
				"${TARGET_BUILD_DIR}/${FRAMEWORKS_FOLDER_PATH}/Lottie.framework",
				"${TARGET_BUILD_DIR}/${FRAMEWORKS_FOLDER_PATH}/zipzap.framework",
				"${TARGET_BUILD_DIR}/${FRAMEWORKS_FOLDER_PATH}/ABParTool.framework",
				"${TARGET_BUILD_DIR}/${FRAMEWORKS_FOLDER_PATH}/RTKLEFoundation.framework",
				"${TARGET_BUILD_DIR}/${FRAMEWORKS_FOLDER_PATH}/RTKLocalPlaybackSDK.framework",
				"${TARGET_BUILD_DIR}/${FRAMEWORKS_FOLDER_PATH}/RTKOTASDK.framework",
				"${TARGET_BUILD_DIR}/${FRAMEWORKS_FOLDER_PATH}/TopStepInterfaceKit.framework",
				"${TARGET_BUILD_DIR}/${FRAMEWORKS_FOLDER_PATH}/TopStepToolKit.framework",
				"${TARGET_BUILD_DIR}/${FRAMEWORKS_FOLDER_PATH}/TopStepSJWatchKit.framework",
			);
			runOnlyForDeploymentPostprocessing = 0;
			shellPath = /bin/sh;
			shellScript = "\"${PODS_ROOT}/Target Support Files/Pods-TopStepComKit-Git_Example/Pods-TopStepComKit-Git_Example-frameworks.sh\"\n";
			showEnvVarsInLog = 0;
		};
/* End PBXShellScriptBuildPhase section */

/* Begin PBXSourcesBuildPhase section */
		6003F586195388D20070C39A /* Sources */ = {
			isa = PBXSourcesBuildPhase;
			buildActionMask = 2147483647;
			files = (
				52D62EA22E080B0B001934A4 /* TSGlassesVC.m in Sources */,
				52D62EA32E080B0B001934A4 /* TSActivityMeasureVC.m in Sources */,
				52D62EA42E080B0B001934A4 /* TSPeripheralDialVC.m in Sources */,
				52D62EA52E080B0B001934A4 /* TSAlarmClockVC.m in Sources */,
				52D62EA62E080B0B001934A4 /* TSBaseVC.m in Sources */,
				52D62EA72E080B0B001934A4 /* TSSportVC.m in Sources */,
				52D62EA82E080B0B001934A4 /* TSPeripheralFindVC.m in Sources */,
				52D62EA92E080B0B001934A4 /* TSAppDelegate.m in Sources */,
				52D62EAA2E080B0B001934A4 /* TSSleepVC.m in Sources */,
				52D62EAB2E080B0B001934A4 /* TSViewController.m in Sources */,
				52D62EAC2E080B0B001934A4 /* TSDailyActivityVC.m in Sources */,
				52D62EAD2E080B0B001934A4 /* TSTakePhotoVC.m in Sources */,
				52D62EAE2E080B0B001934A4 /* TSElectrocardioVC.m in Sources */,
				52D62EAF2E080B0B001934A4 /* TSWeatherVC.m in Sources */,
				52D62EB02E080B0B001934A4 /* TSAutoMonitorSettingVC.m in Sources */,
				52D62EB12E080B0B001934A4 /* TSRemoteControlVC.m in Sources */,
				52D62EB22E080B0B001934A4 /* TSLanguagesVC.m in Sources */,
				52D62EB32E080B0B001934A4 /* TSDataSyncVC.m in Sources */,
				52D62EB42E080B0B001934A4 /* TSTableViewCell.m in Sources */,
				52D62EB52E080B0B001934A4 /* TSContactVC.m in Sources */,
				52D62EB62E080B0B001934A4 /* TSBloodPressureVC.m in Sources */,
				52D62EB72E080B0B001934A4 /* TSUserInfoVC.m in Sources */,
				52D62EB82E080B0B001934A4 /* TSValueModel.m in Sources */,
				52D62EB92E080B0B001934A4 /* TSFileOTAVC.m in Sources */,
				52D62EBA2E080B0B001934A4 /* TSPeripheralInfoVC.m in Sources */,
				52D62EBB2E080B0B001934A4 /* TSBleConnectVC.m in Sources */,
				52D62EBC2E080B0B001934A4 /* TSDailyExerciseGoalVC.m in Sources */,
				52D62EBD2E080B0B001934A4 /* TSSettingVC.m in Sources */,
				52D62EBE2E080B0B001934A4 /* TSReminderVC.m in Sources */,
				52D62EBF2E080B0B001934A4 /* TSBatteryVC.m in Sources */,
				52D62EC02E080B0B001934A4 /* TSMessageVC.m in Sources */,
				52D62EC12E080B0B001934A4 /* TSBloodOxygenVC.m in Sources */,
				52D62EC22E080B0B001934A4 /* TSTemperatureVC.m in Sources */,
				52D62EC32E080B0B001934A4 /* TSUnitVC.m in Sources */,
				52D62EC42E080B0B001934A4 /* TSTimeVC.m in Sources */,
				52D62EC52E080B0B001934A4 /* TSStressVC.m in Sources */,
				52D62EC62E080B0B001934A4 /* TSHearRateVC.m in Sources */,
				6003F59A195388D20070C39A /* main.m in Sources */,
			);
			runOnlyForDeploymentPostprocessing = 0;
		};
		6003F5AA195388D20070C39A /* Sources */ = {
			isa = PBXSourcesBuildPhase;
			buildActionMask = 2147483647;
			files = (
				6003F5BC195388D20070C39A /* Tests.m in Sources */,
			);
			runOnlyForDeploymentPostprocessing = 0;
		};
/* End PBXSourcesBuildPhase section */

/* Begin PBXTargetDependency section */
		6003F5B4195388D20070C39A /* PBXTargetDependency */ = {
			isa = PBXTargetDependency;
			target = 6003F589195388D20070C39A /* TopStepComKit-Git_Example */;
			targetProxy = 6003F5B3195388D20070C39A /* PBXContainerItemProxy */;
		};
/* End PBXTargetDependency section */

/* Begin PBXVariantGroup section */
		6003F596195388D20070C39A /* InfoPlist.strings */ = {
			isa = PBXVariantGroup;
			children = (
				6003F597195388D20070C39A /* en */,
			);
			name = InfoPlist.strings;
			sourceTree = "<group>";
		};
		6003F5B8195388D20070C39A /* InfoPlist.strings */ = {
			isa = PBXVariantGroup;
			children = (
				6003F5B9195388D20070C39A /* en */,
			);
			name = InfoPlist.strings;
			sourceTree = "<group>";
		};
		71719F9D1E33DC2100824A3D /* LaunchScreen.storyboard */ = {
			isa = PBXVariantGroup;
			children = (
				71719F9E1E33DC2100824A3D /* Base */,
			);
			name = LaunchScreen.storyboard;
			sourceTree = "<group>";
		};
/* End PBXVariantGroup section */

/* Begin XCBuildConfiguration section */
		6003F5BD195388D20070C39A /* Debug */ = {
			isa = XCBuildConfiguration;
			buildSettings = {
				ALWAYS_SEARCH_USER_PATHS = NO;
				CLANG_CXX_LANGUAGE_STANDARD = "gnu++0x";
				CLANG_CXX_LIBRARY = "libc++";
				CLANG_ENABLE_MODULES = YES;
				CLANG_ENABLE_OBJC_ARC = YES;
				CLANG_WARN_BOOL_CONVERSION = YES;
				CLANG_WARN_CONSTANT_CONVERSION = YES;
				CLANG_WARN_DIRECT_OBJC_ISA_USAGE = YES_ERROR;
				CLANG_WARN_EMPTY_BODY = YES;
				CLANG_WARN_ENUM_CONVERSION = YES;
				CLANG_WARN_INT_CONVERSION = YES;
				CLANG_WARN_OBJC_ROOT_CLASS = YES_ERROR;
				CLANG_WARN__DUPLICATE_METHOD_MATCH = YES;
				"CODE_SIGN_IDENTITY[sdk=iphoneos*]" = "iPhone Developer";
				COPY_PHASE_STRIP = NO;
				ENABLE_TESTABILITY = YES;
				GCC_C_LANGUAGE_STANDARD = gnu99;
				GCC_DYNAMIC_NO_PIC = NO;
				GCC_OPTIMIZATION_LEVEL = 0;
				GCC_PREPROCESSOR_DEFINITIONS = (
					"DEBUG=1",
					"$(inherited)",
				);
				GCC_SYMBOLS_PRIVATE_EXTERN = NO;
				GCC_WARN_64_TO_32_BIT_CONVERSION = YES;
				GCC_WARN_ABOUT_RETURN_TYPE = YES_ERROR;
				GCC_WARN_UNDECLARED_SELECTOR = YES;
				GCC_WARN_UNINITIALIZED_AUTOS = YES_AGGRESSIVE;
				GCC_WARN_UNUSED_FUNCTION = YES;
				GCC_WARN_UNUSED_VARIABLE = YES;
				IPHONEOS_DEPLOYMENT_TARGET = 9.3;
				ONLY_ACTIVE_ARCH = YES;
				SDKROOT = iphoneos;
				TARGETED_DEVICE_FAMILY = "1,2";
			};
			name = Debug;
		};
		6003F5BE195388D20070C39A /* Release */ = {
			isa = XCBuildConfiguration;
			buildSettings = {
				ALWAYS_SEARCH_USER_PATHS = NO;
				CLANG_CXX_LANGUAGE_STANDARD = "gnu++0x";
				CLANG_CXX_LIBRARY = "libc++";
				CLANG_ENABLE_MODULES = YES;
				CLANG_ENABLE_OBJC_ARC = YES;
				CLANG_WARN_BOOL_CONVERSION = YES;
				CLANG_WARN_CONSTANT_CONVERSION = YES;
				CLANG_WARN_DIRECT_OBJC_ISA_USAGE = YES_ERROR;
				CLANG_WARN_EMPTY_BODY = YES;
				CLANG_WARN_ENUM_CONVERSION = YES;
				CLANG_WARN_INT_CONVERSION = YES;
				CLANG_WARN_OBJC_ROOT_CLASS = YES_ERROR;
				CLANG_WARN__DUPLICATE_METHOD_MATCH = YES;
				"CODE_SIGN_IDENTITY[sdk=iphoneos*]" = "iPhone Developer";
				COPY_PHASE_STRIP = YES;
				ENABLE_NS_ASSERTIONS = NO;
				GCC_C_LANGUAGE_STANDARD = gnu99;
				GCC_WARN_64_TO_32_BIT_CONVERSION = YES;
				GCC_WARN_ABOUT_RETURN_TYPE = YES_ERROR;
				GCC_WARN_UNDECLARED_SELECTOR = YES;
				GCC_WARN_UNINITIALIZED_AUTOS = YES_AGGRESSIVE;
				GCC_WARN_UNUSED_FUNCTION = YES;
				GCC_WARN_UNUSED_VARIABLE = YES;
				IPHONEOS_DEPLOYMENT_TARGET = 9.3;
				SDKROOT = iphoneos;
				TARGETED_DEVICE_FAMILY = "1,2";
				VALIDATE_PRODUCT = YES;
			};
			name = Release;
		};
		6003F5C0195388D20070C39A /* Debug */ = {
			isa = XCBuildConfiguration;
			baseConfigurationReference = ABEC47D51761E746301ADADD /* Pods-TopStepComKit-Git_Example.debug.xcconfig */;
			buildSettings = {
				ASSETCATALOG_COMPILER_APPICON_NAME = AppIcon;
				DEVELOPMENT_TEAM = VL86EEGG3N;
				FRAMEWORK_SEARCH_PATHS = (
					"$(inherited)",
					"\"${PODS_CONFIGURATION_BUILD_DIR}/TopStepComKit-Git\"",
				);
				GCC_PRECOMPILE_PREFIX_HEADER = YES;
				GCC_PREFIX_HEADER = "TopStepComKit-Git/TopStepComKit-Git-Prefix.pch";
				INFOPLIST_FILE = "TopStepComKit-Git/TopStepComKit-Git-Info.plist";
				IPHONEOS_DEPLOYMENT_TARGET = 12.0;
				MODULE_NAME = ExampleApp;
				PRODUCT_BUNDLE_IDENTIFIER = com.jwd.philips.flywear;
				PRODUCT_NAME = "$(TARGET_NAME)";
				SWIFT_VERSION = 4.0;
				WRAPPER_EXTENSION = app;
			};
			name = Debug;
		};
		6003F5C1195388D20070C39A /* Release */ = {
			isa = XCBuildConfiguration;
			baseConfigurationReference = FBFBDD4490E275ED7FC0023C /* Pods-TopStepComKit-Git_Example.release.xcconfig */;
			buildSettings = {
				ASSETCATALOG_COMPILER_APPICON_NAME = AppIcon;
				DEVELOPMENT_TEAM = VL86EEGG3N;
				GCC_PRECOMPILE_PREFIX_HEADER = YES;
				GCC_PREFIX_HEADER = "TopStepComKit-Git/TopStepComKit-Git-Prefix.pch";
				INFOPLIST_FILE = "TopStepComKit-Git/TopStepComKit-Git-Info.plist";
				IPHONEOS_DEPLOYMENT_TARGET = 12.0;
				MODULE_NAME = ExampleApp;
				PRODUCT_BUNDLE_IDENTIFIER = com.jwd.philips.flywear;
				PRODUCT_NAME = "$(TARGET_NAME)";
				SWIFT_VERSION = 4.0;
				WRAPPER_EXTENSION = app;
			};
			name = Release;
		};
		6003F5C3195388D20070C39A /* Debug */ = {
			isa = XCBuildConfiguration;
			baseConfigurationReference = 9CEDBB25BEC9415365FC889B /* Pods-TopStepComKit-Git_Tests.debug.xcconfig */;
			buildSettings = {
				BUNDLE_LOADER = "$(TEST_HOST)";
				FRAMEWORK_SEARCH_PATHS = (
					"$(PLATFORM_DIR)/Developer/Library/Frameworks",
					"$(inherited)",
					"$(DEVELOPER_FRAMEWORKS_DIR)",
				);
				GCC_PRECOMPILE_PREFIX_HEADER = YES;
				GCC_PREFIX_HEADER = "Tests/Tests-Prefix.pch";
				GCC_PREPROCESSOR_DEFINITIONS = (
					"DEBUG=1",
					"$(inherited)",
				);
				INFOPLIST_FILE = "Tests/Tests-Info.plist";
				PRODUCT_BUNDLE_IDENTIFIER = "org.cocoapods.demo.${PRODUCT_NAME:rfc1034identifier}";
				PRODUCT_NAME = "$(TARGET_NAME)";
				SWIFT_VERSION = 4.0;
				TEST_HOST = "$(BUILT_PRODUCTS_DIR)/TopStepComKit-Git_Example.app/TopStepComKit-Git_Example";
				WRAPPER_EXTENSION = xctest;
			};
			name = Debug;
		};
		6003F5C4195388D20070C39A /* Release */ = {
			isa = XCBuildConfiguration;
			baseConfigurationReference = ECFB937E6D41382E17406D77 /* Pods-TopStepComKit-Git_Tests.release.xcconfig */;
			buildSettings = {
				BUNDLE_LOADER = "$(TEST_HOST)";
				FRAMEWORK_SEARCH_PATHS = (
					"$(PLATFORM_DIR)/Developer/Library/Frameworks",
					"$(inherited)",
					"$(DEVELOPER_FRAMEWORKS_DIR)",
				);
				GCC_PRECOMPILE_PREFIX_HEADER = YES;
				GCC_PREFIX_HEADER = "Tests/Tests-Prefix.pch";
				INFOPLIST_FILE = "Tests/Tests-Info.plist";
				PRODUCT_BUNDLE_IDENTIFIER = "org.cocoapods.demo.${PRODUCT_NAME:rfc1034identifier}";
				PRODUCT_NAME = "$(TARGET_NAME)";
				SWIFT_VERSION = 4.0;
				TEST_HOST = "$(BUILT_PRODUCTS_DIR)/TopStepComKit-Git_Example.app/TopStepComKit-Git_Example";
				WRAPPER_EXTENSION = xctest;
			};
			name = Release;
		};
/* End XCBuildConfiguration section */

/* Begin XCConfigurationList section */
		6003F585195388D10070C39A /* Build configuration list for PBXProject "TopStepComKit-Git" */ = {
			isa = XCConfigurationList;
			buildConfigurations = (
				6003F5BD195388D20070C39A /* Debug */,
				6003F5BE195388D20070C39A /* Release */,
			);
			defaultConfigurationIsVisible = 0;
			defaultConfigurationName = Release;
		};
		6003F5BF195388D20070C39A /* Build configuration list for PBXNativeTarget "TopStepComKit-Git_Example" */ = {
			isa = XCConfigurationList;
			buildConfigurations = (
				6003F5C0195388D20070C39A /* Debug */,
				6003F5C1195388D20070C39A /* Release */,
			);
			defaultConfigurationIsVisible = 0;
			defaultConfigurationName = Release;
		};
		6003F5C2195388D20070C39A /* Build configuration list for PBXNativeTarget "TopStepComKit-Git_Tests" */ = {
			isa = XCConfigurationList;
			buildConfigurations = (
				6003F5C3195388D20070C39A /* Debug */,
				6003F5C4195388D20070C39A /* Release */,
			);
			defaultConfigurationIsVisible = 0;
			defaultConfigurationName = Release;
		};
/* End XCConfigurationList section */
	};
	rootObject = 6003F582195388D10070C39A /* Project object */;
}
