// !$*UTF8*$!
{
	archiveVersion = 1;
	classes = {
	};
	objectVersion = 46;
	objects = {

/* Begin PBXBuildFile section */
		5225ABD32E054A7D008D9551 /* TSRemoteControlVC.m in Sources */ = {isa = PBXBuildFile; fileRef = 5225ABA82E054A7D008D9551 /* TSRemoteControlVC.m */; };
		5225ABD42E054A7D008D9551 /* TSViewController.m in Sources */ = {isa = PBXBuildFile; fileRef = 5225ABD02E054A7D008D9551 /* TSViewController.m */; };
		5225ABD52E054A7D008D9551 /* TSDataSyncVC.m in Sources */ = {isa = PBXBuildFile; fileRef = 5225AB8D2E054A7D008D9551 /* TSDataSyncVC.m */; };
		5225ABD62E054A7D008D9551 /* TSTableViewCell.m in Sources */ = {isa = PBXBuildFile; fileRef = 5225AB6E2E054A7D008D9551 /* TSTableViewCell.m */; };
		5225ABD72E054A7D008D9551 /* TSDailyExerciseGoalVC.m in Sources */ = {isa = PBXBuildFile; fileRef = 5225AB8A2E054A7D008D9551 /* TSDailyExerciseGoalVC.m */; };
		5225ABD82E054A7D008D9551 /* TSWeatherVC.m in Sources */ = {isa = PBXBuildFile; fileRef = 5225ABCC2E054A7D008D9551 /* TSWeatherVC.m */; };
		5225ABD92E054A7D008D9551 /* TSUserInfoVC.m in Sources */ = {isa = PBXBuildFile; fileRef = 5225ABC92E054A7D008D9551 /* TSUserInfoVC.m */; };
		5225ABDA2E054A7D008D9551 /* TSAlarmClockVC.m in Sources */ = {isa = PBXBuildFile; fileRef = 5225AB752E054A7D008D9551 /* TSAlarmClockVC.m */; };
		5225ABDB2E054A7D008D9551 /* TSTakePhotoVC.m in Sources */ = {isa = PBXBuildFile; fileRef = 5225AB812E054A7D008D9551 /* TSTakePhotoVC.m */; };
		5225ABDC2E054A7D008D9551 /* TSReminderVC.m in Sources */ = {isa = PBXBuildFile; fileRef = 5225ABBD2E054A7D008D9551 /* TSReminderVC.m */; };
		5225ABDD2E054A7D008D9551 /* TSTemperatureVC.m in Sources */ = {isa = PBXBuildFile; fileRef = 5225ABB42E054A7D008D9551 /* TSTemperatureVC.m */; };
		5225ABDE2E054A7D008D9551 /* TSTimeVC.m in Sources */ = {isa = PBXBuildFile; fileRef = 5225ABC32E054A7D008D9551 /* TSTimeVC.m */; };
		5225ABDF2E054A7D008D9551 /* TSContactVC.m in Sources */ = {isa = PBXBuildFile; fileRef = 5225AB842E054A7D008D9551 /* TSContactVC.m */; };
		5225ABE02E054A7D008D9551 /* TSBaseVC.m in Sources */ = {isa = PBXBuildFile; fileRef = 5225AB6B2E054A7D008D9551 /* TSBaseVC.m */; };
		5225ABE12E054A7D008D9551 /* TSUnitVC.m in Sources */ = {isa = PBXBuildFile; fileRef = 5225ABC62E054A7D008D9551 /* TSUnitVC.m */; };
		5225ABE22E054A7D008D9551 /* TSPeripheralDialVC.m in Sources */ = {isa = PBXBuildFile; fileRef = 5225ABA22E054A7D008D9551 /* TSPeripheralDialVC.m */; };
		5225ABE32E054A7D008D9551 /* TSSleepVC.m in Sources */ = {isa = PBXBuildFile; fileRef = 5225ABAB2E054A7D008D9551 /* TSSleepVC.m */; };
		5225ABE42E054A7D008D9551 /* TSGlassesVC.m in Sources */ = {isa = PBXBuildFile; fileRef = 5225AB962E054A7D008D9551 /* TSGlassesVC.m */; };
		5225ABE52E054A7D008D9551 /* TSMessageVC.m in Sources */ = {isa = PBXBuildFile; fileRef = 5225AB9F2E054A7D008D9551 /* TSMessageVC.m */; };
		5225ABE62E054A7D008D9551 /* TSLanguagesVC.m in Sources */ = {isa = PBXBuildFile; fileRef = 5225AB9C2E054A7D008D9551 /* TSLanguagesVC.m */; };
		5225ABE72E054A7D008D9551 /* TSPeripheralFindVC.m in Sources */ = {isa = PBXBuildFile; fileRef = 5225ABA52E054A7D008D9551 /* TSPeripheralFindVC.m */; };
		5225ABE82E054A7D008D9551 /* TSSportVC.m in Sources */ = {isa = PBXBuildFile; fileRef = 5225ABAE2E054A7D008D9551 /* TSSportVC.m */; };
		5225ABE92E054A7D008D9551 /* TSDailyActivityVC.m in Sources */ = {isa = PBXBuildFile; fileRef = 5225AB872E054A7D008D9551 /* TSDailyActivityVC.m */; };
		5225ABEA2E054A7D008D9551 /* TSAppDelegate.m in Sources */ = {isa = PBXBuildFile; fileRef = 5225AB652E054A7D008D9551 /* TSAppDelegate.m */; };
		5225ABEB2E054A7D008D9551 /* TSElectrocardioVC.m in Sources */ = {isa = PBXBuildFile; fileRef = 5225AB902E054A7D008D9551 /* TSElectrocardioVC.m */; };
		5225ABEC2E054A7D008D9551 /* TSFileOTAVC.m in Sources */ = {isa = PBXBuildFile; fileRef = 5225AB932E054A7D008D9551 /* TSFileOTAVC.m */; };
		5225ABED2E054A7D008D9551 /* TSBloodPressureVC.m in Sources */ = {isa = PBXBuildFile; fileRef = 5225AB7E2E054A7D008D9551 /* TSBloodPressureVC.m */; };
		5225ABEE2E054A7D008D9551 /* TSBleConnectVC.m in Sources */ = {isa = PBXBuildFile; fileRef = 5225AB782E054A7D008D9551 /* TSBleConnectVC.m */; };
		5225ABEF2E054A7D008D9551 /* TSStressVC.m in Sources */ = {isa = PBXBuildFile; fileRef = 5225ABB12E054A7D008D9551 /* TSStressVC.m */; };
		5225ABF02E054A7D008D9551 /* TSBatteryVC.m in Sources */ = {isa = PBXBuildFile; fileRef = 5225ABBA2E054A7D008D9551 /* TSBatteryVC.m */; };
		5225ABF12E054A7D008D9551 /* TSValueModel.m in Sources */ = {isa = PBXBuildFile; fileRef = 5225AB682E054A7D008D9551 /* TSValueModel.m */; };
		5225ABF22E054A7D008D9551 /* TSHearRateVC.m in Sources */ = {isa = PBXBuildFile; fileRef = 5225AB992E054A7D008D9551 /* TSHearRateVC.m */; };
		5225ABF32E054A7D008D9551 /* TSAutoMonitorSettingVC.m in Sources */ = {isa = PBXBuildFile; fileRef = 5225ABB72E054A7D008D9551 /* TSAutoMonitorSettingVC.m */; };
		5225ABF42E054A7D008D9551 /* TSBloodOxygenVC.m in Sources */ = {isa = PBXBuildFile; fileRef = 5225AB7B2E054A7D008D9551 /* TSBloodOxygenVC.m */; };
		5225ABF52E054A7D008D9551 /* TSActivityMeasureVC.m in Sources */ = {isa = PBXBuildFile; fileRef = 5225AB722E054A7D008D9551 /* TSActivityMeasureVC.m */; };
		5225ABF62E054A7D008D9551 /* TSSettingVC.m in Sources */ = {isa = PBXBuildFile; fileRef = 5225ABC02E054A7D008D9551 /* TSSettingVC.m */; };
		6003F58E195388D20070C39A /* Foundation.framework in Frameworks */ = {isa = PBXBuildFile; fileRef = 6003F58D195388D20070C39A /* Foundation.framework */; };
		6003F590195388D20070C39A /* CoreGraphics.framework in Frameworks */ = {isa = PBXBuildFile; fileRef = 6003F58F195388D20070C39A /* CoreGraphics.framework */; };
		6003F592195388D20070C39A /* UIKit.framework in Frameworks */ = {isa = PBXBuildFile; fileRef = 6003F591195388D20070C39A /* UIKit.framework */; };
		6003F598195388D20070C39A /* InfoPlist.strings in Resources */ = {isa = PBXBuildFile; fileRef = 6003F596195388D20070C39A /* InfoPlist.strings */; };
		6003F59A195388D20070C39A /* main.m in Sources */ = {isa = PBXBuildFile; fileRef = 6003F599195388D20070C39A /* main.m */; };
		6003F5A9195388D20070C39A /* Images.xcassets in Resources */ = {isa = PBXBuildFile; fileRef = 6003F5A8195388D20070C39A /* Images.xcassets */; };
		6003F5B0195388D20070C39A /* XCTest.framework in Frameworks */ = {isa = PBXBuildFile; fileRef = 6003F5AF195388D20070C39A /* XCTest.framework */; };
		6003F5B1195388D20070C39A /* Foundation.framework in Frameworks */ = {isa = PBXBuildFile; fileRef = 6003F58D195388D20070C39A /* Foundation.framework */; };
		6003F5B2195388D20070C39A /* UIKit.framework in Frameworks */ = {isa = PBXBuildFile; fileRef = 6003F591195388D20070C39A /* UIKit.framework */; };
		6003F5BA195388D20070C39A /* InfoPlist.strings in Resources */ = {isa = PBXBuildFile; fileRef = 6003F5B8195388D20070C39A /* InfoPlist.strings */; };
		6003F5BC195388D20070C39A /* Tests.m in Sources */ = {isa = PBXBuildFile; fileRef = 6003F5BB195388D20070C39A /* Tests.m */; };
		69A73A18E896B52108733F9F /* Pods_TopStepComKit_Git_Example.framework in Frameworks */ = {isa = PBXBuildFile; fileRef = 530505033F477FD3503518FB /* Pods_TopStepComKit_Git_Example.framework */; };
		71719F9F1E33DC2100824A3D /* LaunchScreen.storyboard in Resources */ = {isa = PBXBuildFile; fileRef = 71719F9D1E33DC2100824A3D /* LaunchScreen.storyboard */; };
		7185FF6EA140085DB4D35B64 /* Pods_TopStepComKit_Git_Tests.framework in Frameworks */ = {isa = PBXBuildFile; fileRef = BADC77773B9A196EE1E2DB17 /* Pods_TopStepComKit_Git_Tests.framework */; };
		873B8AEB1B1F5CCA007FD442 /* Main.storyboard in Resources */ = {isa = PBXBuildFile; fileRef = 873B8AEA1B1F5CCA007FD442 /* Main.storyboard */; };
/* End PBXBuildFile section */

/* Begin PBXContainerItemProxy section */
		6003F5B3195388D20070C39A /* PBXContainerItemProxy */ = {
			isa = PBXContainerItemProxy;
			containerPortal = 6003F582195388D10070C39A /* Project object */;
			proxyType = 1;
			remoteGlobalIDString = 6003F589195388D20070C39A;
			remoteInfo = "TopStepComKit-Git";
		};
/* End PBXContainerItemProxy section */

/* Begin PBXFileReference section */
		106A857CA600DB4F072C90EA /* TopStepComKit-Git.podspec */ = {isa = PBXFileReference; includeInIndex = 1; lastKnownFileType = text; name = "TopStepComKit-Git.podspec"; path = "../TopStepComKit-Git.podspec"; sourceTree = "<group>"; xcLanguageSpecificationIdentifier = xcode.lang.ruby; };
		13C687AE8F6224B58DCD2BB0 /* README.md */ = {isa = PBXFileReference; includeInIndex = 1; lastKnownFileType = net.daringfireball.markdown; name = README.md; path = ../README.md; sourceTree = "<group>"; };
		5225AB642E054A7D008D9551 /* TSAppDelegate.h */ = {isa = PBXFileReference; lastKnownFileType = sourcecode.c.h; path = TSAppDelegate.h; sourceTree = "<group>"; };
		5225AB652E054A7D008D9551 /* TSAppDelegate.m */ = {isa = PBXFileReference; lastKnownFileType = sourcecode.c.objc; path = TSAppDelegate.m; sourceTree = "<group>"; };
		5225AB672E054A7D008D9551 /* TSValueModel.h */ = {isa = PBXFileReference; lastKnownFileType = sourcecode.c.h; path = TSValueModel.h; sourceTree = "<group>"; };
		5225AB682E054A7D008D9551 /* TSValueModel.m */ = {isa = PBXFileReference; lastKnownFileType = sourcecode.c.objc; path = TSValueModel.m; sourceTree = "<group>"; };
		5225AB6A2E054A7D008D9551 /* TSBaseVC.h */ = {isa = PBXFileReference; lastKnownFileType = sourcecode.c.h; path = TSBaseVC.h; sourceTree = "<group>"; };
		5225AB6B2E054A7D008D9551 /* TSBaseVC.m */ = {isa = PBXFileReference; lastKnownFileType = sourcecode.c.objc; path = TSBaseVC.m; sourceTree = "<group>"; };
		5225AB6D2E054A7D008D9551 /* TSTableViewCell.h */ = {isa = PBXFileReference; lastKnownFileType = sourcecode.c.h; path = TSTableViewCell.h; sourceTree = "<group>"; };
		5225AB6E2E054A7D008D9551 /* TSTableViewCell.m */ = {isa = PBXFileReference; lastKnownFileType = sourcecode.c.objc; path = TSTableViewCell.m; sourceTree = "<group>"; };
		5225AB712E054A7D008D9551 /* TSActivityMeasureVC.h */ = {isa = PBXFileReference; lastKnownFileType = sourcecode.c.h; path = TSActivityMeasureVC.h; sourceTree = "<group>"; };
		5225AB722E054A7D008D9551 /* TSActivityMeasureVC.m */ = {isa = PBXFileReference; lastKnownFileType = sourcecode.c.objc; path = TSActivityMeasureVC.m; sourceTree = "<group>"; };
		5225AB742E054A7D008D9551 /* TSAlarmClockVC.h */ = {isa = PBXFileReference; lastKnownFileType = sourcecode.c.h; path = TSAlarmClockVC.h; sourceTree = "<group>"; };
		5225AB752E054A7D008D9551 /* TSAlarmClockVC.m */ = {isa = PBXFileReference; lastKnownFileType = sourcecode.c.objc; path = TSAlarmClockVC.m; sourceTree = "<group>"; };
		5225AB772E054A7D008D9551 /* TSBleConnectVC.h */ = {isa = PBXFileReference; lastKnownFileType = sourcecode.c.h; path = TSBleConnectVC.h; sourceTree = "<group>"; };
		5225AB782E054A7D008D9551 /* TSBleConnectVC.m */ = {isa = PBXFileReference; lastKnownFileType = sourcecode.c.objc; path = TSBleConnectVC.m; sourceTree = "<group>"; };
		5225AB7A2E054A7D008D9551 /* TSBloodOxygenVC.h */ = {isa = PBXFileReference; lastKnownFileType = sourcecode.c.h; path = TSBloodOxygenVC.h; sourceTree = "<group>"; };
		5225AB7B2E054A7D008D9551 /* TSBloodOxygenVC.m */ = {isa = PBXFileReference; lastKnownFileType = sourcecode.c.objc; path = TSBloodOxygenVC.m; sourceTree = "<group>"; };
		5225AB7D2E054A7D008D9551 /* TSBloodPressureVC.h */ = {isa = PBXFileReference; lastKnownFileType = sourcecode.c.h; path = TSBloodPressureVC.h; sourceTree = "<group>"; };
		5225AB7E2E054A7D008D9551 /* TSBloodPressureVC.m */ = {isa = PBXFileReference; lastKnownFileType = sourcecode.c.objc; path = TSBloodPressureVC.m; sourceTree = "<group>"; };
		5225AB802E054A7D008D9551 /* TSTakePhotoVC.h */ = {isa = PBXFileReference; lastKnownFileType = sourcecode.c.h; path = TSTakePhotoVC.h; sourceTree = "<group>"; };
		5225AB812E054A7D008D9551 /* TSTakePhotoVC.m */ = {isa = PBXFileReference; lastKnownFileType = sourcecode.c.objc; path = TSTakePhotoVC.m; sourceTree = "<group>"; };
		5225AB832E054A7D008D9551 /* TSContactVC.h */ = {isa = PBXFileReference; lastKnownFileType = sourcecode.c.h; path = TSContactVC.h; sourceTree = "<group>"; };
		5225AB842E054A7D008D9551 /* TSContactVC.m */ = {isa = PBXFileReference; lastKnownFileType = sourcecode.c.objc; path = TSContactVC.m; sourceTree = "<group>"; };
		5225AB862E054A7D008D9551 /* TSDailyActivityVC.h */ = {isa = PBXFileReference; lastKnownFileType = sourcecode.c.h; path = TSDailyActivityVC.h; sourceTree = "<group>"; };
		5225AB872E054A7D008D9551 /* TSDailyActivityVC.m */ = {isa = PBXFileReference; lastKnownFileType = sourcecode.c.objc; path = TSDailyActivityVC.m; sourceTree = "<group>"; };
		5225AB892E054A7D008D9551 /* TSDailyExerciseGoalVC.h */ = {isa = PBXFileReference; lastKnownFileType = sourcecode.c.h; path = TSDailyExerciseGoalVC.h; sourceTree = "<group>"; };
		5225AB8A2E054A7D008D9551 /* TSDailyExerciseGoalVC.m */ = {isa = PBXFileReference; lastKnownFileType = sourcecode.c.objc; path = TSDailyExerciseGoalVC.m; sourceTree = "<group>"; };
		5225AB8C2E054A7D008D9551 /* TSDataSyncVC.h */ = {isa = PBXFileReference; lastKnownFileType = sourcecode.c.h; path = TSDataSyncVC.h; sourceTree = "<group>"; };
		5225AB8D2E054A7D008D9551 /* TSDataSyncVC.m */ = {isa = PBXFileReference; lastKnownFileType = sourcecode.c.objc; path = TSDataSyncVC.m; sourceTree = "<group>"; };
		5225AB8F2E054A7D008D9551 /* TSElectrocardioVC.h */ = {isa = PBXFileReference; lastKnownFileType = sourcecode.c.h; path = TSElectrocardioVC.h; sourceTree = "<group>"; };
		5225AB902E054A7D008D9551 /* TSElectrocardioVC.m */ = {isa = PBXFileReference; lastKnownFileType = sourcecode.c.objc; path = TSElectrocardioVC.m; sourceTree = "<group>"; };
		5225AB922E054A7D008D9551 /* TSFileOTAVC.h */ = {isa = PBXFileReference; lastKnownFileType = sourcecode.c.h; path = TSFileOTAVC.h; sourceTree = "<group>"; };
		5225AB932E054A7D008D9551 /* TSFileOTAVC.m */ = {isa = PBXFileReference; lastKnownFileType = sourcecode.c.objc; path = TSFileOTAVC.m; sourceTree = "<group>"; };
		5225AB952E054A7D008D9551 /* TSGlassesVC.h */ = {isa = PBXFileReference; lastKnownFileType = sourcecode.c.h; path = TSGlassesVC.h; sourceTree = "<group>"; };
		5225AB962E054A7D008D9551 /* TSGlassesVC.m */ = {isa = PBXFileReference; lastKnownFileType = sourcecode.c.objc; path = TSGlassesVC.m; sourceTree = "<group>"; };
		5225AB982E054A7D008D9551 /* TSHearRateVC.h */ = {isa = PBXFileReference; lastKnownFileType = sourcecode.c.h; path = TSHearRateVC.h; sourceTree = "<group>"; };
		5225AB992E054A7D008D9551 /* TSHearRateVC.m */ = {isa = PBXFileReference; lastKnownFileType = sourcecode.c.objc; path = TSHearRateVC.m; sourceTree = "<group>"; };
		5225AB9B2E054A7D008D9551 /* TSLanguagesVC.h */ = {isa = PBXFileReference; lastKnownFileType = sourcecode.c.h; path = TSLanguagesVC.h; sourceTree = "<group>"; };
		5225AB9C2E054A7D008D9551 /* TSLanguagesVC.m */ = {isa = PBXFileReference; lastKnownFileType = sourcecode.c.objc; path = TSLanguagesVC.m; sourceTree = "<group>"; };
		5225AB9E2E054A7D008D9551 /* TSMessageVC.h */ = {isa = PBXFileReference; lastKnownFileType = sourcecode.c.h; path = TSMessageVC.h; sourceTree = "<group>"; };
		5225AB9F2E054A7D008D9551 /* TSMessageVC.m */ = {isa = PBXFileReference; lastKnownFileType = sourcecode.c.objc; path = TSMessageVC.m; sourceTree = "<group>"; };
		5225ABA12E054A7D008D9551 /* TSPeripheralDialVC.h */ = {isa = PBXFileReference; lastKnownFileType = sourcecode.c.h; path = TSPeripheralDialVC.h; sourceTree = "<group>"; };
		5225ABA22E054A7D008D9551 /* TSPeripheralDialVC.m */ = {isa = PBXFileReference; lastKnownFileType = sourcecode.c.objc; path = TSPeripheralDialVC.m; sourceTree = "<group>"; };
		5225ABA42E054A7D008D9551 /* TSPeripheralFindVC.h */ = {isa = PBXFileReference; lastKnownFileType = sourcecode.c.h; path = TSPeripheralFindVC.h; sourceTree = "<group>"; };
		5225ABA52E054A7D008D9551 /* TSPeripheralFindVC.m */ = {isa = PBXFileReference; lastKnownFileType = sourcecode.c.objc; path = TSPeripheralFindVC.m; sourceTree = "<group>"; };
		5225ABA72E054A7D008D9551 /* TSRemoteControlVC.h */ = {isa = PBXFileReference; lastKnownFileType = sourcecode.c.h; path = TSRemoteControlVC.h; sourceTree = "<group>"; };
		5225ABA82E054A7D008D9551 /* TSRemoteControlVC.m */ = {isa = PBXFileReference; lastKnownFileType = sourcecode.c.objc; path = TSRemoteControlVC.m; sourceTree = "<group>"; };
		5225ABAA2E054A7D008D9551 /* TSSleepVC.h */ = {isa = PBXFileReference; lastKnownFileType = sourcecode.c.h; path = TSSleepVC.h; sourceTree = "<group>"; };
		5225ABAB2E054A7D008D9551 /* TSSleepVC.m */ = {isa = PBXFileReference; lastKnownFileType = sourcecode.c.objc; path = TSSleepVC.m; sourceTree = "<group>"; };
		5225ABAD2E054A7D008D9551 /* TSSportVC.h */ = {isa = PBXFileReference; lastKnownFileType = sourcecode.c.h; path = TSSportVC.h; sourceTree = "<group>"; };
		5225ABAE2E054A7D008D9551 /* TSSportVC.m */ = {isa = PBXFileReference; lastKnownFileType = sourcecode.c.objc; path = TSSportVC.m; sourceTree = "<group>"; };
		5225ABB02E054A7D008D9551 /* TSStressVC.h */ = {isa = PBXFileReference; lastKnownFileType = sourcecode.c.h; path = TSStressVC.h; sourceTree = "<group>"; };
		5225ABB12E054A7D008D9551 /* TSStressVC.m */ = {isa = PBXFileReference; lastKnownFileType = sourcecode.c.objc; path = TSStressVC.m; sourceTree = "<group>"; };
		5225ABB32E054A7D008D9551 /* TSTemperatureVC.h */ = {isa = PBXFileReference; lastKnownFileType = sourcecode.c.h; path = TSTemperatureVC.h; sourceTree = "<group>"; };
		5225ABB42E054A7D008D9551 /* TSTemperatureVC.m */ = {isa = PBXFileReference; lastKnownFileType = sourcecode.c.objc; path = TSTemperatureVC.m; sourceTree = "<group>"; };
		5225ABB62E054A7D008D9551 /* TSAutoMonitorSettingVC.h */ = {isa = PBXFileReference; lastKnownFileType = sourcecode.c.h; path = TSAutoMonitorSettingVC.h; sourceTree = "<group>"; };
		5225ABB72E054A7D008D9551 /* TSAutoMonitorSettingVC.m */ = {isa = PBXFileReference; lastKnownFileType = sourcecode.c.objc; path = TSAutoMonitorSettingVC.m; sourceTree = "<group>"; };
		5225ABB92E054A7D008D9551 /* TSBatteryVC.h */ = {isa = PBXFileReference; lastKnownFileType = sourcecode.c.h; path = TSBatteryVC.h; sourceTree = "<group>"; };
		5225ABBA2E054A7D008D9551 /* TSBatteryVC.m */ = {isa = PBXFileReference; lastKnownFileType = sourcecode.c.objc; path = TSBatteryVC.m; sourceTree = "<group>"; };
		5225ABBC2E054A7D008D9551 /* TSReminderVC.h */ = {isa = PBXFileReference; lastKnownFileType = sourcecode.c.h; path = TSReminderVC.h; sourceTree = "<group>"; };
		5225ABBD2E054A7D008D9551 /* TSReminderVC.m */ = {isa = PBXFileReference; lastKnownFileType = sourcecode.c.objc; path = TSReminderVC.m; sourceTree = "<group>"; };
		5225ABBF2E054A7D008D9551 /* TSSettingVC.h */ = {isa = PBXFileReference; lastKnownFileType = sourcecode.c.h; path = TSSettingVC.h; sourceTree = "<group>"; };
		5225ABC02E054A7D008D9551 /* TSSettingVC.m */ = {isa = PBXFileReference; lastKnownFileType = sourcecode.c.objc; path = TSSettingVC.m; sourceTree = "<group>"; };
		5225ABC22E054A7D008D9551 /* TSTimeVC.h */ = {isa = PBXFileReference; lastKnownFileType = sourcecode.c.h; path = TSTimeVC.h; sourceTree = "<group>"; };
		5225ABC32E054A7D008D9551 /* TSTimeVC.m */ = {isa = PBXFileReference; lastKnownFileType = sourcecode.c.objc; path = TSTimeVC.m; sourceTree = "<group>"; };
		5225ABC52E054A7D008D9551 /* TSUnitVC.h */ = {isa = PBXFileReference; lastKnownFileType = sourcecode.c.h; path = TSUnitVC.h; sourceTree = "<group>"; };
		5225ABC62E054A7D008D9551 /* TSUnitVC.m */ = {isa = PBXFileReference; lastKnownFileType = sourcecode.c.objc; path = TSUnitVC.m; sourceTree = "<group>"; };
		5225ABC82E054A7D008D9551 /* TSUserInfoVC.h */ = {isa = PBXFileReference; lastKnownFileType = sourcecode.c.h; path = TSUserInfoVC.h; sourceTree = "<group>"; };
		5225ABC92E054A7D008D9551 /* TSUserInfoVC.m */ = {isa = PBXFileReference; lastKnownFileType = sourcecode.c.objc; path = TSUserInfoVC.m; sourceTree = "<group>"; };
		5225ABCB2E054A7D008D9551 /* TSWeatherVC.h */ = {isa = PBXFileReference; lastKnownFileType = sourcecode.c.h; path = TSWeatherVC.h; sourceTree = "<group>"; };
		5225ABCC2E054A7D008D9551 /* TSWeatherVC.m */ = {isa = PBXFileReference; lastKnownFileType = sourcecode.c.objc; path = TSWeatherVC.m; sourceTree = "<group>"; };
		5225ABCF2E054A7D008D9551 /* TSViewController.h */ = {isa = PBXFileReference; lastKnownFileType = sourcecode.c.h; path = TSViewController.h; sourceTree = "<group>"; };
		5225ABD02E054A7D008D9551 /* TSViewController.m */ = {isa = PBXFileReference; lastKnownFileType = sourcecode.c.objc; path = TSViewController.m; sourceTree = "<group>"; };
		530505033F477FD3503518FB /* Pods_TopStepComKit_Git_Example.framework */ = {isa = PBXFileReference; explicitFileType = wrapper.framework; includeInIndex = 0; path = Pods_TopStepComKit_Git_Example.framework; sourceTree = BUILT_PRODUCTS_DIR; };
		6003F58A195388D20070C39A /* TopStepComKit-Git_Example.app */ = {isa = PBXFileReference; explicitFileType = wrapper.application; includeInIndex = 0; path = "TopStepComKit-Git_Example.app"; sourceTree = BUILT_PRODUCTS_DIR; };
		6003F58D195388D20070C39A /* Foundation.framework */ = {isa = PBXFileReference; lastKnownFileType = wrapper.framework; name = Foundation.framework; path = System/Library/Frameworks/Foundation.framework; sourceTree = SDKROOT; };
		6003F58F195388D20070C39A /* CoreGraphics.framework */ = {isa = PBXFileReference; lastKnownFileType = wrapper.framework; name = CoreGraphics.framework; path = System/Library/Frameworks/CoreGraphics.framework; sourceTree = SDKROOT; };
		6003F591195388D20070C39A /* UIKit.framework */ = {isa = PBXFileReference; lastKnownFileType = wrapper.framework; name = UIKit.framework; path = System/Library/Frameworks/UIKit.framework; sourceTree = SDKROOT; };
		6003F595195388D20070C39A /* TopStepComKit-Git-Info.plist */ = {isa = PBXFileReference; lastKnownFileType = text.plist.xml; path = "TopStepComKit-Git-Info.plist"; sourceTree = "<group>"; };
		6003F597195388D20070C39A /* en */ = {isa = PBXFileReference; lastKnownFileType = text.plist.strings; name = en; path = en.lproj/InfoPlist.strings; sourceTree = "<group>"; };
		6003F599195388D20070C39A /* main.m */ = {isa = PBXFileReference; lastKnownFileType = sourcecode.c.objc; path = main.m; sourceTree = "<group>"; };
		6003F59B195388D20070C39A /* TopStepComKit-Git-Prefix.pch */ = {isa = PBXFileReference; lastKnownFileType = sourcecode.c.h; path = "TopStepComKit-Git-Prefix.pch"; sourceTree = "<group>"; };
		6003F5A8195388D20070C39A /* Images.xcassets */ = {isa = PBXFileReference; lastKnownFileType = folder.assetcatalog; path = Images.xcassets; sourceTree = "<group>"; };
		6003F5AE195388D20070C39A /* TopStepComKit-Git_Tests.xctest */ = {isa = PBXFileReference; explicitFileType = wrapper.cfbundle; includeInIndex = 0; path = "TopStepComKit-Git_Tests.xctest"; sourceTree = BUILT_PRODUCTS_DIR; };
		6003F5AF195388D20070C39A /* XCTest.framework */ = {isa = PBXFileReference; lastKnownFileType = wrapper.framework; name = XCTest.framework; path = Library/Frameworks/XCTest.framework; sourceTree = DEVELOPER_DIR; };
		6003F5B7195388D20070C39A /* Tests-Info.plist */ = {isa = PBXFileReference; lastKnownFileType = text.plist.xml; path = "Tests-Info.plist"; sourceTree = "<group>"; };
		6003F5B9195388D20070C39A /* en */ = {isa = PBXFileReference; lastKnownFileType = text.plist.strings; name = en; path = en.lproj/InfoPlist.strings; sourceTree = "<group>"; };
		6003F5BB195388D20070C39A /* Tests.m */ = {isa = PBXFileReference; lastKnownFileType = sourcecode.c.objc; path = Tests.m; sourceTree = "<group>"; };
		606FC2411953D9B200FFA9A0 /* Tests-Prefix.pch */ = {isa = PBXFileReference; lastKnownFileType = sourcecode.c.h; path = "Tests-Prefix.pch"; sourceTree = "<group>"; };
		71719F9E1E33DC2100824A3D /* Base */ = {isa = PBXFileReference; lastKnownFileType = file.storyboard; name = Base; path = Base.lproj/LaunchScreen.storyboard; sourceTree = "<group>"; };
		873B8AEA1B1F5CCA007FD442 /* Main.storyboard */ = {isa = PBXFileReference; fileEncoding = 4; lastKnownFileType = file.storyboard; name = Main.storyboard; path = Base.lproj/Main.storyboard; sourceTree = "<group>"; };
		9CEDBB25BEC9415365FC889B /* Pods-TopStepComKit-Git_Tests.debug.xcconfig */ = {isa = PBXFileReference; includeInIndex = 1; lastKnownFileType = text.xcconfig; name = "Pods-TopStepComKit-Git_Tests.debug.xcconfig"; path = "Target Support Files/Pods-TopStepComKit-Git_Tests/Pods-TopStepComKit-Git_Tests.debug.xcconfig"; sourceTree = "<group>"; };
		ABEC47D51761E746301ADADD /* Pods-TopStepComKit-Git_Example.debug.xcconfig */ = {isa = PBXFileReference; includeInIndex = 1; lastKnownFileType = text.xcconfig; name = "Pods-TopStepComKit-Git_Example.debug.xcconfig"; path = "Target Support Files/Pods-TopStepComKit-Git_Example/Pods-TopStepComKit-Git_Example.debug.xcconfig"; sourceTree = "<group>"; };
		AF715EB562EA2E6588D07789 /* LICENSE */ = {isa = PBXFileReference; includeInIndex = 1; lastKnownFileType = text; name = LICENSE; path = ../LICENSE; sourceTree = "<group>"; };
		BADC77773B9A196EE1E2DB17 /* Pods_TopStepComKit_Git_Tests.framework */ = {isa = PBXFileReference; explicitFileType = wrapper.framework; includeInIndex = 0; path = Pods_TopStepComKit_Git_Tests.framework; sourceTree = BUILT_PRODUCTS_DIR; };
		ECFB937E6D41382E17406D77 /* Pods-TopStepComKit-Git_Tests.release.xcconfig */ = {isa = PBXFileReference; includeInIndex = 1; lastKnownFileType = text.xcconfig; name = "Pods-TopStepComKit-Git_Tests.release.xcconfig"; path = "Target Support Files/Pods-TopStepComKit-Git_Tests/Pods-TopStepComKit-Git_Tests.release.xcconfig"; sourceTree = "<group>"; };
		FBFBDD4490E275ED7FC0023C /* Pods-TopStepComKit-Git_Example.release.xcconfig */ = {isa = PBXFileReference; includeInIndex = 1; lastKnownFileType = text.xcconfig; name = "Pods-TopStepComKit-Git_Example.release.xcconfig"; path = "Target Support Files/Pods-TopStepComKit-Git_Example/Pods-TopStepComKit-Git_Example.release.xcconfig"; sourceTree = "<group>"; };
/* End PBXFileReference section */

/* Begin PBXFrameworksBuildPhase section */
		6003F587195388D20070C39A /* Frameworks */ = {
			isa = PBXFrameworksBuildPhase;
			buildActionMask = 2147483647;
			files = (
				6003F590195388D20070C39A /* CoreGraphics.framework in Frameworks */,
				6003F592195388D20070C39A /* UIKit.framework in Frameworks */,
				6003F58E195388D20070C39A /* Foundation.framework in Frameworks */,
				69A73A18E896B52108733F9F /* Pods_TopStepComKit_Git_Example.framework in Frameworks */,
			);
			runOnlyForDeploymentPostprocessing = 0;
		};
		6003F5AB195388D20070C39A /* Frameworks */ = {
			isa = PBXFrameworksBuildPhase;
			buildActionMask = 2147483647;
			files = (
				6003F5B0195388D20070C39A /* XCTest.framework in Frameworks */,
				6003F5B2195388D20070C39A /* UIKit.framework in Frameworks */,
				6003F5B1195388D20070C39A /* Foundation.framework in Frameworks */,
				7185FF6EA140085DB4D35B64 /* Pods_TopStepComKit_Git_Tests.framework in Frameworks */,
			);
			runOnlyForDeploymentPostprocessing = 0;
		};
/* End PBXFrameworksBuildPhase section */

/* Begin PBXGroup section */
		5225AB662E054A7D008D9551 /* AppDelegate */ = {
			isa = PBXGroup;
			children = (
				5225AB642E054A7D008D9551 /* TSAppDelegate.h */,
				5225AB652E054A7D008D9551 /* TSAppDelegate.m */,
			);
			path = AppDelegate;
			sourceTree = "<group>";
		};
		5225AB692E054A7D008D9551 /* Model */ = {
			isa = PBXGroup;
			children = (
				5225AB672E054A7D008D9551 /* TSValueModel.h */,
				5225AB682E054A7D008D9551 /* TSValueModel.m */,
			);
			path = Model;
			sourceTree = "<group>";
		};
		5225AB6C2E054A7D008D9551 /* VC */ = {
			isa = PBXGroup;
			children = (
				5225AB6A2E054A7D008D9551 /* TSBaseVC.h */,
				5225AB6B2E054A7D008D9551 /* TSBaseVC.m */,
			);
			path = VC;
			sourceTree = "<group>";
		};
		5225AB6F2E054A7D008D9551 /* View */ = {
			isa = PBXGroup;
			children = (
				5225AB6D2E054A7D008D9551 /* TSTableViewCell.h */,
				5225AB6E2E054A7D008D9551 /* TSTableViewCell.m */,
			);
			path = View;
			sourceTree = "<group>";
		};
		5225AB702E054A7D008D9551 /* BaseVC */ = {
			isa = PBXGroup;
			children = (
				5225AB692E054A7D008D9551 /* Model */,
				5225AB6C2E054A7D008D9551 /* VC */,
				5225AB6F2E054A7D008D9551 /* View */,
			);
			path = BaseVC;
			sourceTree = "<group>";
		};
		5225AB732E054A7D008D9551 /* ActivityMeasure */ = {
			isa = PBXGroup;
			children = (
				5225AB712E054A7D008D9551 /* TSActivityMeasureVC.h */,
				5225AB722E054A7D008D9551 /* TSActivityMeasureVC.m */,
			);
			path = ActivityMeasure;
			sourceTree = "<group>";
		};
		5225AB762E054A7D008D9551 /* AlarmClock */ = {
			isa = PBXGroup;
			children = (
				5225AB742E054A7D008D9551 /* TSAlarmClockVC.h */,
				5225AB752E054A7D008D9551 /* TSAlarmClockVC.m */,
			);
			path = AlarmClock;
			sourceTree = "<group>";
		};
		5225AB792E054A7D008D9551 /* BleConnect */ = {
			isa = PBXGroup;
			children = (
				5225AB772E054A7D008D9551 /* TSBleConnectVC.h */,
				5225AB782E054A7D008D9551 /* TSBleConnectVC.m */,
			);
			path = BleConnect;
			sourceTree = "<group>";
		};
		5225AB7C2E054A7D008D9551 /* BloodOxygen */ = {
			isa = PBXGroup;
			children = (
				5225AB7A2E054A7D008D9551 /* TSBloodOxygenVC.h */,
				5225AB7B2E054A7D008D9551 /* TSBloodOxygenVC.m */,
			);
			path = BloodOxygen;
			sourceTree = "<group>";
		};
		5225AB7F2E054A7D008D9551 /* BloodPressure */ = {
			isa = PBXGroup;
			children = (
				5225AB7D2E054A7D008D9551 /* TSBloodPressureVC.h */,
				5225AB7E2E054A7D008D9551 /* TSBloodPressureVC.m */,
			);
			path = BloodPressure;
			sourceTree = "<group>";
		};
		5225AB822E054A7D008D9551 /* CameraTakePhoto */ = {
			isa = PBXGroup;
			children = (
				5225AB802E054A7D008D9551 /* TSTakePhotoVC.h */,
				5225AB812E054A7D008D9551 /* TSTakePhotoVC.m */,
			);
			path = CameraTakePhoto;
			sourceTree = "<group>";
		};
		5225AB852E054A7D008D9551 /* Contact */ = {
			isa = PBXGroup;
			children = (
				5225AB832E054A7D008D9551 /* TSContactVC.h */,
				5225AB842E054A7D008D9551 /* TSContactVC.m */,
			);
			path = Contact;
			sourceTree = "<group>";
		};
		5225AB882E054A7D008D9551 /* DailyActivity */ = {
			isa = PBXGroup;
			children = (
				5225AB862E054A7D008D9551 /* TSDailyActivityVC.h */,
				5225AB872E054A7D008D9551 /* TSDailyActivityVC.m */,
			);
			path = DailyActivity;
			sourceTree = "<group>";
		};
		5225AB8B2E054A7D008D9551 /* DailyExerciseGoal */ = {
			isa = PBXGroup;
			children = (
				5225AB892E054A7D008D9551 /* TSDailyExerciseGoalVC.h */,
				5225AB8A2E054A7D008D9551 /* TSDailyExerciseGoalVC.m */,
			);
			path = DailyExerciseGoal;
			sourceTree = "<group>";
		};
		5225AB8E2E054A7D008D9551 /* DataSync */ = {
			isa = PBXGroup;
			children = (
				5225AB8C2E054A7D008D9551 /* TSDataSyncVC.h */,
				5225AB8D2E054A7D008D9551 /* TSDataSyncVC.m */,
			);
			path = DataSync;
			sourceTree = "<group>";
		};
		5225AB912E054A7D008D9551 /* Electrocardio */ = {
			isa = PBXGroup;
			children = (
				5225AB8F2E054A7D008D9551 /* TSElectrocardioVC.h */,
				5225AB902E054A7D008D9551 /* TSElectrocardioVC.m */,
			);
			path = Electrocardio;
			sourceTree = "<group>";
		};
		5225AB942E054A7D008D9551 /* FileOTA */ = {
			isa = PBXGroup;
			children = (
				5225AB922E054A7D008D9551 /* TSFileOTAVC.h */,
				5225AB932E054A7D008D9551 /* TSFileOTAVC.m */,
			);
			path = FileOTA;
			sourceTree = "<group>";
		};
		5225AB972E054A7D008D9551 /* Glasses */ = {
			isa = PBXGroup;
			children = (
				5225AB952E054A7D008D9551 /* TSGlassesVC.h */,
				5225AB962E054A7D008D9551 /* TSGlassesVC.m */,
			);
			path = Glasses;
			sourceTree = "<group>";
		};
		5225AB9A2E054A7D008D9551 /* HearRate */ = {
			isa = PBXGroup;
			children = (
				5225AB982E054A7D008D9551 /* TSHearRateVC.h */,
				5225AB992E054A7D008D9551 /* TSHearRateVC.m */,
			);
			path = HearRate;
			sourceTree = "<group>";
		};
		5225AB9D2E054A7D008D9551 /* Languages */ = {
			isa = PBXGroup;
			children = (
				5225AB9B2E054A7D008D9551 /* TSLanguagesVC.h */,
				5225AB9C2E054A7D008D9551 /* TSLanguagesVC.m */,
			);
			path = Languages;
			sourceTree = "<group>";
		};
		5225ABA02E054A7D008D9551 /* Message */ = {
			isa = PBXGroup;
			children = (
				5225AB9E2E054A7D008D9551 /* TSMessageVC.h */,
				5225AB9F2E054A7D008D9551 /* TSMessageVC.m */,
			);
			path = Message;
			sourceTree = "<group>";
		};
		5225ABA32E054A7D008D9551 /* PeripheralDial */ = {
			isa = PBXGroup;
			children = (
				5225ABA12E054A7D008D9551 /* TSPeripheralDialVC.h */,
				5225ABA22E054A7D008D9551 /* TSPeripheralDialVC.m */,
			);
			path = PeripheralDial;
			sourceTree = "<group>";
		};
		5225ABA62E054A7D008D9551 /* PeripheralFind */ = {
			isa = PBXGroup;
			children = (
				5225ABA42E054A7D008D9551 /* TSPeripheralFindVC.h */,
				5225ABA52E054A7D008D9551 /* TSPeripheralFindVC.m */,
			);
			path = PeripheralFind;
			sourceTree = "<group>";
		};
		5225ABA92E054A7D008D9551 /* RemoteControl */ = {
			isa = PBXGroup;
			children = (
				5225ABA72E054A7D008D9551 /* TSRemoteControlVC.h */,
				5225ABA82E054A7D008D9551 /* TSRemoteControlVC.m */,
			);
			path = RemoteControl;
			sourceTree = "<group>";
		};
		5225ABAC2E054A7D008D9551 /* Sleep */ = {
			isa = PBXGroup;
			children = (
				5225ABAA2E054A7D008D9551 /* TSSleepVC.h */,
				5225ABAB2E054A7D008D9551 /* TSSleepVC.m */,
			);
			path = Sleep;
			sourceTree = "<group>";
		};
		5225ABAF2E054A7D008D9551 /* Sport */ = {
			isa = PBXGroup;
			children = (
				5225ABAD2E054A7D008D9551 /* TSSportVC.h */,
				5225ABAE2E054A7D008D9551 /* TSSportVC.m */,
			);
			path = Sport;
			sourceTree = "<group>";
		};
		5225ABB22E054A7D008D9551 /* Stress */ = {
			isa = PBXGroup;
			children = (
				5225ABB02E054A7D008D9551 /* TSStressVC.h */,
				5225ABB12E054A7D008D9551 /* TSStressVC.m */,
			);
			path = Stress;
			sourceTree = "<group>";
		};
		5225ABB52E054A7D008D9551 /* Temperature */ = {
			isa = PBXGroup;
			children = (
				5225ABB32E054A7D008D9551 /* TSTemperatureVC.h */,
				5225ABB42E054A7D008D9551 /* TSTemperatureVC.m */,
			);
			path = Temperature;
			sourceTree = "<group>";
		};
		5225ABB82E054A7D008D9551 /* TSAutoMonitorSetting */ = {
			isa = PBXGroup;
			children = (
				5225ABB62E054A7D008D9551 /* TSAutoMonitorSettingVC.h */,
				5225ABB72E054A7D008D9551 /* TSAutoMonitorSettingVC.m */,
			);
			path = TSAutoMonitorSetting;
			sourceTree = "<group>";
		};
		5225ABBB2E054A7D008D9551 /* TSBattery */ = {
			isa = PBXGroup;
			children = (
				5225ABB92E054A7D008D9551 /* TSBatteryVC.h */,
				5225ABBA2E054A7D008D9551 /* TSBatteryVC.m */,
			);
			path = TSBattery;
			sourceTree = "<group>";
		};
		5225ABBE2E054A7D008D9551 /* TSReminder */ = {
			isa = PBXGroup;
			children = (
				5225ABBC2E054A7D008D9551 /* TSReminderVC.h */,
				5225ABBD2E054A7D008D9551 /* TSReminderVC.m */,
			);
			path = TSReminder;
			sourceTree = "<group>";
		};
		5225ABC12E054A7D008D9551 /* TSSetting */ = {
			isa = PBXGroup;
			children = (
				5225ABBF2E054A7D008D9551 /* TSSettingVC.h */,
				5225ABC02E054A7D008D9551 /* TSSettingVC.m */,
			);
			path = TSSetting;
			sourceTree = "<group>";
		};
		5225ABC42E054A7D008D9551 /* TSTime */ = {
			isa = PBXGroup;
			children = (
				5225ABC22E054A7D008D9551 /* TSTimeVC.h */,
				5225ABC32E054A7D008D9551 /* TSTimeVC.m */,
			);
			path = TSTime;
			sourceTree = "<group>";
		};
		5225ABC72E054A7D008D9551 /* TSUnit */ = {
			isa = PBXGroup;
			children = (
				5225ABC52E054A7D008D9551 /* TSUnitVC.h */,
				5225ABC62E054A7D008D9551 /* TSUnitVC.m */,
			);
			path = TSUnit;
			sourceTree = "<group>";
		};
		5225ABCA2E054A7D008D9551 /* UserInfo */ = {
			isa = PBXGroup;
			children = (
				5225ABC82E054A7D008D9551 /* TSUserInfoVC.h */,
				5225ABC92E054A7D008D9551 /* TSUserInfoVC.m */,
			);
			path = UserInfo;
			sourceTree = "<group>";
		};
		5225ABCD2E054A7D008D9551 /* Weather */ = {
			isa = PBXGroup;
			children = (
				5225ABCB2E054A7D008D9551 /* TSWeatherVC.h */,
				5225ABCC2E054A7D008D9551 /* TSWeatherVC.m */,
			);
			path = Weather;
			sourceTree = "<group>";
		};
		5225ABCE2E054A7D008D9551 /* Functions */ = {
			isa = PBXGroup;
			children = (
				5225AB732E054A7D008D9551 /* ActivityMeasure */,
				5225AB762E054A7D008D9551 /* AlarmClock */,
				5225AB792E054A7D008D9551 /* BleConnect */,
				5225AB7C2E054A7D008D9551 /* BloodOxygen */,
				5225AB7F2E054A7D008D9551 /* BloodPressure */,
				5225AB822E054A7D008D9551 /* CameraTakePhoto */,
				5225AB852E054A7D008D9551 /* Contact */,
				5225AB882E054A7D008D9551 /* DailyActivity */,
				5225AB8B2E054A7D008D9551 /* DailyExerciseGoal */,
				5225AB8E2E054A7D008D9551 /* DataSync */,
				5225AB912E054A7D008D9551 /* Electrocardio */,
				5225AB942E054A7D008D9551 /* FileOTA */,
				5225AB972E054A7D008D9551 /* Glasses */,
				5225AB9A2E054A7D008D9551 /* HearRate */,
				5225AB9D2E054A7D008D9551 /* Languages */,
				5225ABA02E054A7D008D9551 /* Message */,
				5225ABA32E054A7D008D9551 /* PeripheralDial */,
				5225ABA62E054A7D008D9551 /* PeripheralFind */,
				5225ABA92E054A7D008D9551 /* RemoteControl */,
				5225ABAC2E054A7D008D9551 /* Sleep */,
				5225ABAF2E054A7D008D9551 /* Sport */,
				5225ABB22E054A7D008D9551 /* Stress */,
				5225ABB52E054A7D008D9551 /* Temperature */,
				5225ABB82E054A7D008D9551 /* TSAutoMonitorSetting */,
				5225ABBB2E054A7D008D9551 /* TSBattery */,
				5225ABBE2E054A7D008D9551 /* TSReminder */,
				5225ABC12E054A7D008D9551 /* TSSetting */,
				5225ABC42E054A7D008D9551 /* TSTime */,
				5225ABC72E054A7D008D9551 /* TSUnit */,
				5225ABCA2E054A7D008D9551 /* UserInfo */,
				5225ABCD2E054A7D008D9551 /* Weather */,
			);
			path = Functions;
			sourceTree = "<group>";
		};
		5225ABD12E054A7D008D9551 /* Home */ = {
			isa = PBXGroup;
			children = (
				5225ABCF2E054A7D008D9551 /* TSViewController.h */,
				5225ABD02E054A7D008D9551 /* TSViewController.m */,
			);
			path = Home;
			sourceTree = "<group>";
		};
		5225ABD22E054A7D008D9551 /* Source */ = {
			isa = PBXGroup;
			children = (
				5225AB662E054A7D008D9551 /* AppDelegate */,
				5225AB702E054A7D008D9551 /* BaseVC */,
				5225ABCE2E054A7D008D9551 /* Functions */,
				5225ABD12E054A7D008D9551 /* Home */,
			);
			path = Source;
			sourceTree = "<group>";
		};
		6003F581195388D10070C39A = {
			isa = PBXGroup;
			children = (
				60FF7A9C1954A5C5007DD14C /* Podspec Metadata */,
				6003F593195388D20070C39A /* Example for TopStepComKit-Git */,
				6003F5B5195388D20070C39A /* Tests */,
				6003F58C195388D20070C39A /* Frameworks */,
				6003F58B195388D20070C39A /* Products */,
				C8E1020DBA77C560D0FD0821 /* Pods */,
			);
			sourceTree = "<group>";
		};
		6003F58B195388D20070C39A /* Products */ = {
			isa = PBXGroup;
			children = (
				6003F58A195388D20070C39A /* TopStepComKit-Git_Example.app */,
				6003F5AE195388D20070C39A /* TopStepComKit-Git_Tests.xctest */,
			);
			name = Products;
			sourceTree = "<group>";
		};
		6003F58C195388D20070C39A /* Frameworks */ = {
			isa = PBXGroup;
			children = (
				6003F58D195388D20070C39A /* Foundation.framework */,
				6003F58F195388D20070C39A /* CoreGraphics.framework */,
				6003F591195388D20070C39A /* UIKit.framework */,
				6003F5AF195388D20070C39A /* XCTest.framework */,
				530505033F477FD3503518FB /* Pods_TopStepComKit_Git_Example.framework */,
				BADC77773B9A196EE1E2DB17 /* Pods_TopStepComKit_Git_Tests.framework */,
			);
			name = Frameworks;
			sourceTree = "<group>";
		};
		6003F593195388D20070C39A /* Example for TopStepComKit-Git */ = {
			isa = PBXGroup;
			children = (
				5225ABD22E054A7D008D9551 /* Source */,
				873B8AEA1B1F5CCA007FD442 /* Main.storyboard */,
				71719F9D1E33DC2100824A3D /* LaunchScreen.storyboard */,
				6003F5A8195388D20070C39A /* Images.xcassets */,
				6003F594195388D20070C39A /* Supporting Files */,
			);
			name = "Example for TopStepComKit-Git";
			path = "TopStepComKit-Git";
			sourceTree = "<group>";
		};
		6003F594195388D20070C39A /* Supporting Files */ = {
			isa = PBXGroup;
			children = (
				6003F595195388D20070C39A /* TopStepComKit-Git-Info.plist */,
				6003F596195388D20070C39A /* InfoPlist.strings */,
				6003F599195388D20070C39A /* main.m */,
				6003F59B195388D20070C39A /* TopStepComKit-Git-Prefix.pch */,
			);
			name = "Supporting Files";
			sourceTree = "<group>";
		};
		6003F5B5195388D20070C39A /* Tests */ = {
			isa = PBXGroup;
			children = (
				6003F5BB195388D20070C39A /* Tests.m */,
				6003F5B6195388D20070C39A /* Supporting Files */,
			);
			path = Tests;
			sourceTree = "<group>";
		};
		6003F5B6195388D20070C39A /* Supporting Files */ = {
			isa = PBXGroup;
			children = (
				6003F5B7195388D20070C39A /* Tests-Info.plist */,
				6003F5B8195388D20070C39A /* InfoPlist.strings */,
				606FC2411953D9B200FFA9A0 /* Tests-Prefix.pch */,
			);
			name = "Supporting Files";
			sourceTree = "<group>";
		};
		60FF7A9C1954A5C5007DD14C /* Podspec Metadata */ = {
			isa = PBXGroup;
			children = (
				106A857CA600DB4F072C90EA /* TopStepComKit-Git.podspec */,
				13C687AE8F6224B58DCD2BB0 /* README.md */,
				AF715EB562EA2E6588D07789 /* LICENSE */,
			);
			name = "Podspec Metadata";
			sourceTree = "<group>";
		};
		C8E1020DBA77C560D0FD0821 /* Pods */ = {
			isa = PBXGroup;
			children = (
				ABEC47D51761E746301ADADD /* Pods-TopStepComKit-Git_Example.debug.xcconfig */,
				FBFBDD4490E275ED7FC0023C /* Pods-TopStepComKit-Git_Example.release.xcconfig */,
				9CEDBB25BEC9415365FC889B /* Pods-TopStepComKit-Git_Tests.debug.xcconfig */,
				ECFB937E6D41382E17406D77 /* Pods-TopStepComKit-Git_Tests.release.xcconfig */,
			);
			path = Pods;
			sourceTree = "<group>";
		};
/* End PBXGroup section */

/* Begin PBXNativeTarget section */
		6003F589195388D20070C39A /* TopStepComKit-Git_Example */ = {
			isa = PBXNativeTarget;
			buildConfigurationList = 6003F5BF195388D20070C39A /* Build configuration list for PBXNativeTarget "TopStepComKit-Git_Example" */;
			buildPhases = (
				2794A1B93AE48D99064FEF4D /* [CP] Check Pods Manifest.lock */,
				6003F586195388D20070C39A /* Sources */,
				6003F587195388D20070C39A /* Frameworks */,
				6003F588195388D20070C39A /* Resources */,
				E722906A15BDCCDC01C347F3 /* [CP] Embed Pods Frameworks */,
				5224BC1612857A5C34207E92 /* [CP] Copy Pods Resources */,
			);
			buildRules = (
			);
			dependencies = (
			);
			name = "TopStepComKit-Git_Example";
			productName = "TopStepComKit-Git";
			productReference = 6003F58A195388D20070C39A /* TopStepComKit-Git_Example.app */;
			productType = "com.apple.product-type.application";
		};
		6003F5AD195388D20070C39A /* TopStepComKit-Git_Tests */ = {
			isa = PBXNativeTarget;
			buildConfigurationList = 6003F5C2195388D20070C39A /* Build configuration list for PBXNativeTarget "TopStepComKit-Git_Tests" */;
			buildPhases = (
				32E74F8FBF5E67D1E5A6DE40 /* [CP] Check Pods Manifest.lock */,
				6003F5AA195388D20070C39A /* Sources */,
				6003F5AB195388D20070C39A /* Frameworks */,
				6003F5AC195388D20070C39A /* Resources */,
			);
			buildRules = (
			);
			dependencies = (
				6003F5B4195388D20070C39A /* PBXTargetDependency */,
			);
			name = "TopStepComKit-Git_Tests";
			productName = "TopStepComKit-GitTests";
			productReference = 6003F5AE195388D20070C39A /* TopStepComKit-Git_Tests.xctest */;
			productType = "com.apple.product-type.bundle.unit-test";
		};
/* End PBXNativeTarget section */

/* Begin PBXProject section */
		6003F582195388D10070C39A /* Project object */ = {
			isa = PBXProject;
			attributes = {
				CLASSPREFIX = TS;
				LastUpgradeCheck = 0720;
				ORGANIZATIONNAME = "rd@hetangsmart.com";
				TargetAttributes = {
					6003F589195388D20070C39A = {
						DevelopmentTeam = VL86EEGG3N;
					};
					6003F5AD195388D20070C39A = {
						TestTargetID = 6003F589195388D20070C39A;
					};
				};
			};
			buildConfigurationList = 6003F585195388D10070C39A /* Build configuration list for PBXProject "TopStepComKit-Git" */;
			compatibilityVersion = "Xcode 3.2";
			developmentRegion = English;
			hasScannedForEncodings = 0;
			knownRegions = (
				English,
				en,
				Base,
			);
			mainGroup = 6003F581195388D10070C39A;
			productRefGroup = 6003F58B195388D20070C39A /* Products */;
			projectDirPath = "";
			projectRoot = "";
			targets = (
				6003F589195388D20070C39A /* TopStepComKit-Git_Example */,
				6003F5AD195388D20070C39A /* TopStepComKit-Git_Tests */,
			);
		};
/* End PBXProject section */

/* Begin PBXResourcesBuildPhase section */
		6003F588195388D20070C39A /* Resources */ = {
			isa = PBXResourcesBuildPhase;
			buildActionMask = 2147483647;
			files = (
				873B8AEB1B1F5CCA007FD442 /* Main.storyboard in Resources */,
				71719F9F1E33DC2100824A3D /* LaunchScreen.storyboard in Resources */,
				6003F5A9195388D20070C39A /* Images.xcassets in Resources */,
				6003F598195388D20070C39A /* InfoPlist.strings in Resources */,
			);
			runOnlyForDeploymentPostprocessing = 0;
		};
		6003F5AC195388D20070C39A /* Resources */ = {
			isa = PBXResourcesBuildPhase;
			buildActionMask = 2147483647;
			files = (
				6003F5BA195388D20070C39A /* InfoPlist.strings in Resources */,
			);
			runOnlyForDeploymentPostprocessing = 0;
		};
/* End PBXResourcesBuildPhase section */

/* Begin PBXShellScriptBuildPhase section */
		2794A1B93AE48D99064FEF4D /* [CP] Check Pods Manifest.lock */ = {
			isa = PBXShellScriptBuildPhase;
			buildActionMask = 2147483647;
			files = (
			);
			inputFileListPaths = (
			);
			inputPaths = (
				"${PODS_PODFILE_DIR_PATH}/Podfile.lock",
				"${PODS_ROOT}/Manifest.lock",
			);
			name = "[CP] Check Pods Manifest.lock";
			outputFileListPaths = (
			);
			outputPaths = (
				"$(DERIVED_FILE_DIR)/Pods-TopStepComKit-Git_Example-checkManifestLockResult.txt",
			);
			runOnlyForDeploymentPostprocessing = 0;
			shellPath = /bin/sh;
			shellScript = "diff \"${PODS_PODFILE_DIR_PATH}/Podfile.lock\" \"${PODS_ROOT}/Manifest.lock\" > /dev/null\nif [ $? != 0 ] ; then\n    # print error to STDERR\n    echo \"error: The sandbox is not in sync with the Podfile.lock. Run 'pod install' or update your CocoaPods installation.\" >&2\n    exit 1\nfi\n# This output is used by Xcode 'outputs' to avoid re-running this script phase.\necho \"SUCCESS\" > \"${SCRIPT_OUTPUT_FILE_0}\"\n";
			showEnvVarsInLog = 0;
		};
		32E74F8FBF5E67D1E5A6DE40 /* [CP] Check Pods Manifest.lock */ = {
			isa = PBXShellScriptBuildPhase;
			buildActionMask = 2147483647;
			files = (
			);
			inputFileListPaths = (
			);
			inputPaths = (
				"${PODS_PODFILE_DIR_PATH}/Podfile.lock",
				"${PODS_ROOT}/Manifest.lock",
			);
			name = "[CP] Check Pods Manifest.lock";
			outputFileListPaths = (
			);
			outputPaths = (
				"$(DERIVED_FILE_DIR)/Pods-TopStepComKit-Git_Tests-checkManifestLockResult.txt",
			);
			runOnlyForDeploymentPostprocessing = 0;
			shellPath = /bin/sh;
			shellScript = "diff \"${PODS_PODFILE_DIR_PATH}/Podfile.lock\" \"${PODS_ROOT}/Manifest.lock\" > /dev/null\nif [ $? != 0 ] ; then\n    # print error to STDERR\n    echo \"error: The sandbox is not in sync with the Podfile.lock. Run 'pod install' or update your CocoaPods installation.\" >&2\n    exit 1\nfi\n# This output is used by Xcode 'outputs' to avoid re-running this script phase.\necho \"SUCCESS\" > \"${SCRIPT_OUTPUT_FILE_0}\"\n";
			showEnvVarsInLog = 0;
		};
		5224BC1612857A5C34207E92 /* [CP] Copy Pods Resources */ = {
			isa = PBXShellScriptBuildPhase;
			buildActionMask = 2147483647;
			files = (
			);
			inputPaths = (
				"${PODS_ROOT}/Target Support Files/Pods-TopStepComKit-Git_Example/Pods-TopStepComKit-Git_Example-resources.sh",
				"${PODS_ROOT}/../../TopStepComKit-Git/Classes/FitCoreImp/FitCloudDFUKit.bundle",
				"${PODS_ROOT}/../../TopStepComKit-Git/Classes/FitCoreImp/FitCloudKit.bundle",
				"${PODS_ROOT}/../../TopStepComKit-Git/Classes/FitCoreImp/FitCloudNWFKit.bundle",
				"${PODS_ROOT}/../../TopStepComKit-Git/Classes/FitCoreImp/FitCloudWFKit.bundle",
				"${PODS_ROOT}/../../TopStepComKit-Git/Classes/FwCoreImp/WearApi.bundle",
			);
			name = "[CP] Copy Pods Resources";
			outputPaths = (
				"${TARGET_BUILD_DIR}/${UNLOCALIZED_RESOURCES_FOLDER_PATH}/FitCloudDFUKit.bundle",
				"${TARGET_BUILD_DIR}/${UNLOCALIZED_RESOURCES_FOLDER_PATH}/FitCloudKit.bundle",
				"${TARGET_BUILD_DIR}/${UNLOCALIZED_RESOURCES_FOLDER_PATH}/FitCloudNWFKit.bundle",
				"${TARGET_BUILD_DIR}/${UNLOCALIZED_RESOURCES_FOLDER_PATH}/FitCloudWFKit.bundle",
				"${TARGET_BUILD_DIR}/${UNLOCALIZED_RESOURCES_FOLDER_PATH}/WearApi.bundle",
			);
			runOnlyForDeploymentPostprocessing = 0;
			shellPath = /bin/sh;
			shellScript = "\"${PODS_ROOT}/Target Support Files/Pods-TopStepComKit-Git_Example/Pods-TopStepComKit-Git_Example-resources.sh\"\n";
			showEnvVarsInLog = 0;
		};
		E722906A15BDCCDC01C347F3 /* [CP] Embed Pods Frameworks */ = {
			isa = PBXShellScriptBuildPhase;
			buildActionMask = 2147483647;
			files = (
			);
			inputPaths = (
				"${PODS_ROOT}/Target Support Files/Pods-TopStepComKit-Git_Example/Pods-TopStepComKit-Git_Example-frameworks.sh",
				"${BUILT_PRODUCTS_DIR}/BitByteData/BitByteData.framework",
				"${BUILT_PRODUCTS_DIR}/HandyJSON/HandyJSON.framework",
				"${BUILT_PRODUCTS_DIR}/MBProgressHUD/MBProgressHUD.framework",
				"${BUILT_PRODUCTS_DIR}/Masonry/Masonry.framework",
				"${BUILT_PRODUCTS_DIR}/PromiseKit/PromiseKit.framework",
				"${BUILT_PRODUCTS_DIR}/ReactiveObjC/ReactiveObjC.framework",
				"${BUILT_PRODUCTS_DIR}/RxCocoa/RxCocoa.framework",
				"${BUILT_PRODUCTS_DIR}/RxRelay/RxRelay.framework",
				"${BUILT_PRODUCTS_DIR}/RxSwift/RxSwift.framework",
				"${BUILT_PRODUCTS_DIR}/SDWebImage/SDWebImage.framework",
				"${BUILT_PRODUCTS_DIR}/SWCompression/SWCompression.framework",
				"${BUILT_PRODUCTS_DIR}/SwiftyJSON/SwiftyJSON.framework",
				"${BUILT_PRODUCTS_DIR}/TSFoundation/TSFoundation.framework",
				"${PODS_ROOT}/../../TopStepComKit-Git/Classes/SJCoreImp/h264encoder.framework",
				"${PODS_ROOT}/../../TopStepComKit-Git/Classes/SJCoreImp/opus-ios.framework",
				"${PODS_ROOT}/../../TopStepComKit-Git/Classes/SJCoreImp/SJWatchLib.framework",
				"${PODS_ROOT}/../../TopStepComKit-Git/Classes/SJCoreImp/TLOCP.framework",
				"${PODS_ROOT}/../../TopStepComKit-Git/Classes/SJCoreImp/UNIWatchMate.framework",
				"${BUILT_PRODUCTS_DIR}/YYCategories/YYCategories.framework",
				"${BUILT_PRODUCTS_DIR}/ZIPFoundation/ZIPFoundation.framework",
				"${BUILT_PRODUCTS_DIR}/iOSDFULibrary/iOSDFULibrary.framework",
				"${BUILT_PRODUCTS_DIR}/lottie-ios/Lottie.framework",
				"${BUILT_PRODUCTS_DIR}/zipzap/zipzap.framework",
				"${PODS_XCFRAMEWORKS_BUILD_DIR}/TopStepComKit-Git/FitCoreImp/ABParTool.framework/ABParTool",
				"${PODS_XCFRAMEWORKS_BUILD_DIR}/TopStepComKit-Git/FitCoreImp/RTKLEFoundation.framework/RTKLEFoundation",
				"${PODS_XCFRAMEWORKS_BUILD_DIR}/TopStepComKit-Git/FitCoreImp/RTKLocalPlaybackSDK.framework/RTKLocalPlaybackSDK",
				"${PODS_XCFRAMEWORKS_BUILD_DIR}/TopStepComKit-Git/FitCoreImp/RTKOTASDK.framework/RTKOTASDK",
				"${PODS_XCFRAMEWORKS_BUILD_DIR}/TopStepComKit-Git/Foundation/TopStepInterfaceKit.framework/TopStepInterfaceKit",
				"${PODS_XCFRAMEWORKS_BUILD_DIR}/TopStepComKit-Git/Foundation/TopStepToolKit.framework/TopStepToolKit",
				"${PODS_XCFRAMEWORKS_BUILD_DIR}/TopStepComKit-Git/SJCoreImp/TopStepSJWatchKit.framework/TopStepSJWatchKit",
			);
			name = "[CP] Embed Pods Frameworks";
			outputPaths = (
				"${TARGET_BUILD_DIR}/${FRAMEWORKS_FOLDER_PATH}/BitByteData.framework",
				"${TARGET_BUILD_DIR}/${FRAMEWORKS_FOLDER_PATH}/HandyJSON.framework",
				"${TARGET_BUILD_DIR}/${FRAMEWORKS_FOLDER_PATH}/MBProgressHUD.framework",
				"${TARGET_BUILD_DIR}/${FRAMEWORKS_FOLDER_PATH}/Masonry.framework",
				"${TARGET_BUILD_DIR}/${FRAMEWORKS_FOLDER_PATH}/PromiseKit.framework",
				"${TARGET_BUILD_DIR}/${FRAMEWORKS_FOLDER_PATH}/ReactiveObjC.framework",
				"${TARGET_BUILD_DIR}/${FRAMEWORKS_FOLDER_PATH}/RxCocoa.framework",
				"${TARGET_BUILD_DIR}/${FRAMEWORKS_FOLDER_PATH}/RxRelay.framework",
				"${TARGET_BUILD_DIR}/${FRAMEWORKS_FOLDER_PATH}/RxSwift.framework",
				"${TARGET_BUILD_DIR}/${FRAMEWORKS_FOLDER_PATH}/SDWebImage.framework",
				"${TARGET_BUILD_DIR}/${FRAMEWORKS_FOLDER_PATH}/SWCompression.framework",
				"${TARGET_BUILD_DIR}/${FRAMEWORKS_FOLDER_PATH}/SwiftyJSON.framework",
				"${TARGET_BUILD_DIR}/${FRAMEWORKS_FOLDER_PATH}/TSFoundation.framework",
				"${TARGET_BUILD_DIR}/${FRAMEWORKS_FOLDER_PATH}/h264encoder.framework",
				"${TARGET_BUILD_DIR}/${FRAMEWORKS_FOLDER_PATH}/opus-ios.framework",
				"${TARGET_BUILD_DIR}/${FRAMEWORKS_FOLDER_PATH}/SJWatchLib.framework",
				"${TARGET_BUILD_DIR}/${FRAMEWORKS_FOLDER_PATH}/TLOCP.framework",
				"${TARGET_BUILD_DIR}/${FRAMEWORKS_FOLDER_PATH}/UNIWatchMate.framework",
				"${TARGET_BUILD_DIR}/${FRAMEWORKS_FOLDER_PATH}/YYCategories.framework",
				"${TARGET_BUILD_DIR}/${FRAMEWORKS_FOLDER_PATH}/ZIPFoundation.framework",
				"${TARGET_BUILD_DIR}/${FRAMEWORKS_FOLDER_PATH}/iOSDFULibrary.framework",
				"${TARGET_BUILD_DIR}/${FRAMEWORKS_FOLDER_PATH}/Lottie.framework",
				"${TARGET_BUILD_DIR}/${FRAMEWORKS_FOLDER_PATH}/zipzap.framework",
				"${TARGET_BUILD_DIR}/${FRAMEWORKS_FOLDER_PATH}/ABParTool.framework",
				"${TARGET_BUILD_DIR}/${FRAMEWORKS_FOLDER_PATH}/RTKLEFoundation.framework",
				"${TARGET_BUILD_DIR}/${FRAMEWORKS_FOLDER_PATH}/RTKLocalPlaybackSDK.framework",
				"${TARGET_BUILD_DIR}/${FRAMEWORKS_FOLDER_PATH}/RTKOTASDK.framework",
				"${TARGET_BUILD_DIR}/${FRAMEWORKS_FOLDER_PATH}/TopStepInterfaceKit.framework",
				"${TARGET_BUILD_DIR}/${FRAMEWORKS_FOLDER_PATH}/TopStepToolKit.framework",
				"${TARGET_BUILD_DIR}/${FRAMEWORKS_FOLDER_PATH}/TopStepSJWatchKit.framework",
			);
			runOnlyForDeploymentPostprocessing = 0;
			shellPath = /bin/sh;
			shellScript = "\"${PODS_ROOT}/Target Support Files/Pods-TopStepComKit-Git_Example/Pods-TopStepComKit-Git_Example-frameworks.sh\"\n";
			showEnvVarsInLog = 0;
		};
/* End PBXShellScriptBuildPhase section */

/* Begin PBXSourcesBuildPhase section */
		6003F586195388D20070C39A /* Sources */ = {
			isa = PBXSourcesBuildPhase;
			buildActionMask = 2147483647;
			files = (
				6003F59A195388D20070C39A /* main.m in Sources */,
				5225ABD32E054A7D008D9551 /* TSRemoteControlVC.m in Sources */,
				5225ABD42E054A7D008D9551 /* TSViewController.m in Sources */,
				5225ABD52E054A7D008D9551 /* TSDataSyncVC.m in Sources */,
				5225ABD62E054A7D008D9551 /* TSTableViewCell.m in Sources */,
				5225ABD72E054A7D008D9551 /* TSDailyExerciseGoalVC.m in Sources */,
				5225ABD82E054A7D008D9551 /* TSWeatherVC.m in Sources */,
				5225ABD92E054A7D008D9551 /* TSUserInfoVC.m in Sources */,
				5225ABDA2E054A7D008D9551 /* TSAlarmClockVC.m in Sources */,
				5225ABDB2E054A7D008D9551 /* TSTakePhotoVC.m in Sources */,
				5225ABDC2E054A7D008D9551 /* TSReminderVC.m in Sources */,
				5225ABDD2E054A7D008D9551 /* TSTemperatureVC.m in Sources */,
				5225ABDE2E054A7D008D9551 /* TSTimeVC.m in Sources */,
				5225ABDF2E054A7D008D9551 /* TSContactVC.m in Sources */,
				5225ABE02E054A7D008D9551 /* TSBaseVC.m in Sources */,
				5225ABE12E054A7D008D9551 /* TSUnitVC.m in Sources */,
				5225ABE22E054A7D008D9551 /* TSPeripheralDialVC.m in Sources */,
				5225ABE32E054A7D008D9551 /* TSSleepVC.m in Sources */,
				5225ABE42E054A7D008D9551 /* TSGlassesVC.m in Sources */,
				5225ABE52E054A7D008D9551 /* TSMessageVC.m in Sources */,
				5225ABE62E054A7D008D9551 /* TSLanguagesVC.m in Sources */,
				5225ABE72E054A7D008D9551 /* TSPeripheralFindVC.m in Sources */,
				5225ABE82E054A7D008D9551 /* TSSportVC.m in Sources */,
				5225ABE92E054A7D008D9551 /* TSDailyActivityVC.m in Sources */,
				5225ABEA2E054A7D008D9551 /* TSAppDelegate.m in Sources */,
				5225ABEB2E054A7D008D9551 /* TSElectrocardioVC.m in Sources */,
				5225ABEC2E054A7D008D9551 /* TSFileOTAVC.m in Sources */,
				5225ABED2E054A7D008D9551 /* TSBloodPressureVC.m in Sources */,
				5225ABEE2E054A7D008D9551 /* TSBleConnectVC.m in Sources */,
				5225ABEF2E054A7D008D9551 /* TSStressVC.m in Sources */,
				5225ABF02E054A7D008D9551 /* TSBatteryVC.m in Sources */,
				5225ABF12E054A7D008D9551 /* TSValueModel.m in Sources */,
				5225ABF22E054A7D008D9551 /* TSHearRateVC.m in Sources */,
				5225ABF32E054A7D008D9551 /* TSAutoMonitorSettingVC.m in Sources */,
				5225ABF42E054A7D008D9551 /* TSBloodOxygenVC.m in Sources */,
				5225ABF52E054A7D008D9551 /* TSActivityMeasureVC.m in Sources */,
				5225ABF62E054A7D008D9551 /* TSSettingVC.m in Sources */,
			);
			runOnlyForDeploymentPostprocessing = 0;
		};
		6003F5AA195388D20070C39A /* Sources */ = {
			isa = PBXSourcesBuildPhase;
			buildActionMask = 2147483647;
			files = (
				6003F5BC195388D20070C39A /* Tests.m in Sources */,
			);
			runOnlyForDeploymentPostprocessing = 0;
		};
/* End PBXSourcesBuildPhase section */

/* Begin PBXTargetDependency section */
		6003F5B4195388D20070C39A /* PBXTargetDependency */ = {
			isa = PBXTargetDependency;
			target = 6003F589195388D20070C39A /* TopStepComKit-Git_Example */;
			targetProxy = 6003F5B3195388D20070C39A /* PBXContainerItemProxy */;
		};
/* End PBXTargetDependency section */

/* Begin PBXVariantGroup section */
		6003F596195388D20070C39A /* InfoPlist.strings */ = {
			isa = PBXVariantGroup;
			children = (
				6003F597195388D20070C39A /* en */,
			);
			name = InfoPlist.strings;
			sourceTree = "<group>";
		};
		6003F5B8195388D20070C39A /* InfoPlist.strings */ = {
			isa = PBXVariantGroup;
			children = (
				6003F5B9195388D20070C39A /* en */,
			);
			name = InfoPlist.strings;
			sourceTree = "<group>";
		};
		71719F9D1E33DC2100824A3D /* LaunchScreen.storyboard */ = {
			isa = PBXVariantGroup;
			children = (
				71719F9E1E33DC2100824A3D /* Base */,
			);
			name = LaunchScreen.storyboard;
			sourceTree = "<group>";
		};
/* End PBXVariantGroup section */

/* Begin XCBuildConfiguration section */
		6003F5BD195388D20070C39A /* Debug */ = {
			isa = XCBuildConfiguration;
			buildSettings = {
				ALWAYS_SEARCH_USER_PATHS = NO;
				CLANG_CXX_LANGUAGE_STANDARD = "gnu++0x";
				CLANG_CXX_LIBRARY = "libc++";
				CLANG_ENABLE_MODULES = YES;
				CLANG_ENABLE_OBJC_ARC = YES;
				CLANG_WARN_BOOL_CONVERSION = YES;
				CLANG_WARN_CONSTANT_CONVERSION = YES;
				CLANG_WARN_DIRECT_OBJC_ISA_USAGE = YES_ERROR;
				CLANG_WARN_EMPTY_BODY = YES;
				CLANG_WARN_ENUM_CONVERSION = YES;
				CLANG_WARN_INT_CONVERSION = YES;
				CLANG_WARN_OBJC_ROOT_CLASS = YES_ERROR;
				CLANG_WARN__DUPLICATE_METHOD_MATCH = YES;
				"CODE_SIGN_IDENTITY[sdk=iphoneos*]" = "iPhone Developer";
				COPY_PHASE_STRIP = NO;
				ENABLE_TESTABILITY = YES;
				GCC_C_LANGUAGE_STANDARD = gnu99;
				GCC_DYNAMIC_NO_PIC = NO;
				GCC_OPTIMIZATION_LEVEL = 0;
				GCC_PREPROCESSOR_DEFINITIONS = (
					"DEBUG=1",
					"$(inherited)",
				);
				GCC_SYMBOLS_PRIVATE_EXTERN = NO;
				GCC_WARN_64_TO_32_BIT_CONVERSION = YES;
				GCC_WARN_ABOUT_RETURN_TYPE = YES_ERROR;
				GCC_WARN_UNDECLARED_SELECTOR = YES;
				GCC_WARN_UNINITIALIZED_AUTOS = YES_AGGRESSIVE;
				GCC_WARN_UNUSED_FUNCTION = YES;
				GCC_WARN_UNUSED_VARIABLE = YES;
				IPHONEOS_DEPLOYMENT_TARGET = 9.3;
				ONLY_ACTIVE_ARCH = YES;
				SDKROOT = iphoneos;
				TARGETED_DEVICE_FAMILY = "1,2";
			};
			name = Debug;
		};
		6003F5BE195388D20070C39A /* Release */ = {
			isa = XCBuildConfiguration;
			buildSettings = {
				ALWAYS_SEARCH_USER_PATHS = NO;
				CLANG_CXX_LANGUAGE_STANDARD = "gnu++0x";
				CLANG_CXX_LIBRARY = "libc++";
				CLANG_ENABLE_MODULES = YES;
				CLANG_ENABLE_OBJC_ARC = YES;
				CLANG_WARN_BOOL_CONVERSION = YES;
				CLANG_WARN_CONSTANT_CONVERSION = YES;
				CLANG_WARN_DIRECT_OBJC_ISA_USAGE = YES_ERROR;
				CLANG_WARN_EMPTY_BODY = YES;
				CLANG_WARN_ENUM_CONVERSION = YES;
				CLANG_WARN_INT_CONVERSION = YES;
				CLANG_WARN_OBJC_ROOT_CLASS = YES_ERROR;
				CLANG_WARN__DUPLICATE_METHOD_MATCH = YES;
				"CODE_SIGN_IDENTITY[sdk=iphoneos*]" = "iPhone Developer";
				COPY_PHASE_STRIP = YES;
				ENABLE_NS_ASSERTIONS = NO;
				GCC_C_LANGUAGE_STANDARD = gnu99;
				GCC_WARN_64_TO_32_BIT_CONVERSION = YES;
				GCC_WARN_ABOUT_RETURN_TYPE = YES_ERROR;
				GCC_WARN_UNDECLARED_SELECTOR = YES;
				GCC_WARN_UNINITIALIZED_AUTOS = YES_AGGRESSIVE;
				GCC_WARN_UNUSED_FUNCTION = YES;
				GCC_WARN_UNUSED_VARIABLE = YES;
				IPHONEOS_DEPLOYMENT_TARGET = 9.3;
				SDKROOT = iphoneos;
				TARGETED_DEVICE_FAMILY = "1,2";
				VALIDATE_PRODUCT = YES;
			};
			name = Release;
		};
		6003F5C0195388D20070C39A /* Debug */ = {
			isa = XCBuildConfiguration;
			baseConfigurationReference = ABEC47D51761E746301ADADD /* Pods-TopStepComKit-Git_Example.debug.xcconfig */;
			buildSettings = {
				ASSETCATALOG_COMPILER_APPICON_NAME = AppIcon;
				DEVELOPMENT_TEAM = VL86EEGG3N;
				FRAMEWORK_SEARCH_PATHS = (
					"$(inherited)",
					"\"${PODS_CONFIGURATION_BUILD_DIR}/TopStepComKit-Git\"",
				);
				GCC_PRECOMPILE_PREFIX_HEADER = YES;
				GCC_PREFIX_HEADER = "TopStepComKit-Git/TopStepComKit-Git-Prefix.pch";
				INFOPLIST_FILE = "TopStepComKit-Git/TopStepComKit-Git-Info.plist";
				IPHONEOS_DEPLOYMENT_TARGET = 12.0;
				MODULE_NAME = ExampleApp;
				PRODUCT_BUNDLE_IDENTIFIER = com.jwd.philips.flywear;
				PRODUCT_NAME = "$(TARGET_NAME)";
				SWIFT_VERSION = 4.0;
				WRAPPER_EXTENSION = app;
			};
			name = Debug;
		};
		6003F5C1195388D20070C39A /* Release */ = {
			isa = XCBuildConfiguration;
			baseConfigurationReference = FBFBDD4490E275ED7FC0023C /* Pods-TopStepComKit-Git_Example.release.xcconfig */;
			buildSettings = {
				ASSETCATALOG_COMPILER_APPICON_NAME = AppIcon;
				DEVELOPMENT_TEAM = VL86EEGG3N;
				GCC_PRECOMPILE_PREFIX_HEADER = YES;
				GCC_PREFIX_HEADER = "TopStepComKit-Git/TopStepComKit-Git-Prefix.pch";
				INFOPLIST_FILE = "TopStepComKit-Git/TopStepComKit-Git-Info.plist";
				IPHONEOS_DEPLOYMENT_TARGET = 12.0;
				MODULE_NAME = ExampleApp;
				PRODUCT_BUNDLE_IDENTIFIER = com.jwd.philips.flywear;
				PRODUCT_NAME = "$(TARGET_NAME)";
				SWIFT_VERSION = 4.0;
				WRAPPER_EXTENSION = app;
			};
			name = Release;
		};
		6003F5C3195388D20070C39A /* Debug */ = {
			isa = XCBuildConfiguration;
			baseConfigurationReference = 9CEDBB25BEC9415365FC889B /* Pods-TopStepComKit-Git_Tests.debug.xcconfig */;
			buildSettings = {
				BUNDLE_LOADER = "$(TEST_HOST)";
				FRAMEWORK_SEARCH_PATHS = (
					"$(PLATFORM_DIR)/Developer/Library/Frameworks",
					"$(inherited)",
					"$(DEVELOPER_FRAMEWORKS_DIR)",
				);
				GCC_PRECOMPILE_PREFIX_HEADER = YES;
				GCC_PREFIX_HEADER = "Tests/Tests-Prefix.pch";
				GCC_PREPROCESSOR_DEFINITIONS = (
					"DEBUG=1",
					"$(inherited)",
				);
				INFOPLIST_FILE = "Tests/Tests-Info.plist";
				PRODUCT_BUNDLE_IDENTIFIER = "org.cocoapods.demo.${PRODUCT_NAME:rfc1034identifier}";
				PRODUCT_NAME = "$(TARGET_NAME)";
				SWIFT_VERSION = 4.0;
				TEST_HOST = "$(BUILT_PRODUCTS_DIR)/TopStepComKit-Git_Example.app/TopStepComKit-Git_Example";
				WRAPPER_EXTENSION = xctest;
			};
			name = Debug;
		};
		6003F5C4195388D20070C39A /* Release */ = {
			isa = XCBuildConfiguration;
			baseConfigurationReference = ECFB937E6D41382E17406D77 /* Pods-TopStepComKit-Git_Tests.release.xcconfig */;
			buildSettings = {
				BUNDLE_LOADER = "$(TEST_HOST)";
				FRAMEWORK_SEARCH_PATHS = (
					"$(PLATFORM_DIR)/Developer/Library/Frameworks",
					"$(inherited)",
					"$(DEVELOPER_FRAMEWORKS_DIR)",
				);
				GCC_PRECOMPILE_PREFIX_HEADER = YES;
				GCC_PREFIX_HEADER = "Tests/Tests-Prefix.pch";
				INFOPLIST_FILE = "Tests/Tests-Info.plist";
				PRODUCT_BUNDLE_IDENTIFIER = "org.cocoapods.demo.${PRODUCT_NAME:rfc1034identifier}";
				PRODUCT_NAME = "$(TARGET_NAME)";
				SWIFT_VERSION = 4.0;
				TEST_HOST = "$(BUILT_PRODUCTS_DIR)/TopStepComKit-Git_Example.app/TopStepComKit-Git_Example";
				WRAPPER_EXTENSION = xctest;
			};
			name = Release;
		};
/* End XCBuildConfiguration section */

/* Begin XCConfigurationList section */
		6003F585195388D10070C39A /* Build configuration list for PBXProject "TopStepComKit-Git" */ = {
			isa = XCConfigurationList;
			buildConfigurations = (
				6003F5BD195388D20070C39A /* Debug */,
				6003F5BE195388D20070C39A /* Release */,
			);
			defaultConfigurationIsVisible = 0;
			defaultConfigurationName = Release;
		};
		6003F5BF195388D20070C39A /* Build configuration list for PBXNativeTarget "TopStepComKit-Git_Example" */ = {
			isa = XCConfigurationList;
			buildConfigurations = (
				6003F5C0195388D20070C39A /* Debug */,
				6003F5C1195388D20070C39A /* Release */,
			);
			defaultConfigurationIsVisible = 0;
			defaultConfigurationName = Release;
		};
		6003F5C2195388D20070C39A /* Build configuration list for PBXNativeTarget "TopStepComKit-Git_Tests" */ = {
			isa = XCConfigurationList;
			buildConfigurations = (
				6003F5C3195388D20070C39A /* Debug */,
				6003F5C4195388D20070C39A /* Release */,
			);
			defaultConfigurationIsVisible = 0;
			defaultConfigurationName = Release;
		};
/* End XCConfigurationList section */
	};
	rootObject = 6003F582195388D10070C39A /* Project object */;
}
